// !$*UTF8*$!
{
	archiveVersion = 1;
	classes = {
	};
	objectVersion = 46;
	objects = {

/* Begin PBXBuildFile section */
		039997F31EAF7EC700BFDC50 /* AppDelegate.swift in Sources */ = {isa = PBXBuildFile; fileRef = 039997F21EAF7EC700BFDC50 /* AppDelegate.swift */; };
		039997F51EAF7EC700BFDC50 /* ViewController.swift in Sources */ = {isa = PBXBuildFile; fileRef = 039997F41EAF7EC700BFDC50 /* ViewController.swift */; };
		039997F81EAF7EC700BFDC50 /* Main.storyboard in Resources */ = {isa = PBXBuildFile; fileRef = 039997F61EAF7EC700BFDC50 /* Main.storyboard */; };
		039997FA1EAF7EC700BFDC50 /* Assets.xcassets in Resources */ = {isa = PBXBuildFile; fileRef = 039997F91EAF7EC700BFDC50 /* Assets.xcassets */; };
		039998051EAF7EC700BFDC50 /* tvOSCocoaPodsTests.swift in Sources */ = {isa = PBXBuildFile; fileRef = 039998041EAF7EC700BFDC50 /* tvOSCocoaPodsTests.swift */; };
		039998101EAF7EC700BFDC50 /* tvOSCocoaPodsUITests.swift in Sources */ = {isa = PBXBuildFile; fileRef = 0399980F1EAF7EC700BFDC50 /* tvOSCocoaPodsUITests.swift */; };
		16365DEC3DD65F988ACB74A4 /* Pods_tvOSCocoaPods.framework in Frameworks */ = {isa = PBXBuildFile; fileRef = F4977516C51499383BC965E5 /* Pods_tvOSCocoaPods.framework */; };
		90ECFE48378699B8C03039DD /* Pods_tvOSCocoaPods_tvOSCocoaPodsUITests.framework in Frameworks */ = {isa = PBXBuildFile; fileRef = 41B1D37630600D0A7D62AC5C /* Pods_tvOSCocoaPods_tvOSCocoaPodsUITests.framework */; };
		B7A318600CEFFEF90D2E509C /* Pods_tvOSCocoaPods_tvOSCocoaPodsTests.framework in Frameworks */ = {isa = PBXBuildFile; fileRef = DE762047E52402E901173633 /* Pods_tvOSCocoaPods_tvOSCocoaPodsTests.framework */; };
/* End PBXBuildFile section */

/* Begin PBXContainerItemProxy section */
		039998011EAF7EC700BFDC50 /* PBXContainerItemProxy */ = {
			isa = PBXContainerItemProxy;
			containerPortal = 039997E71EAF7EC700BFDC50 /* Project object */;
			proxyType = 1;
			remoteGlobalIDString = 039997EE1EAF7EC700BFDC50;
			remoteInfo = tvOSCocoaPods;
		};
		0399980C1EAF7EC700BFDC50 /* PBXContainerItemProxy */ = {
			isa = PBXContainerItemProxy;
			containerPortal = 039997E71EAF7EC700BFDC50 /* Project object */;
			proxyType = 1;
			remoteGlobalIDString = 039997EE1EAF7EC700BFDC50;
			remoteInfo = tvOSCocoaPods;
		};
/* End PBXContainerItemProxy section */

/* Begin PBXFileReference section */
		039997EF1EAF7EC700BFDC50 /* tvOSCocoaPods.app */ = {isa = PBXFileReference; explicitFileType = wrapper.application; includeInIndex = 0; path = tvOSCocoaPods.app; sourceTree = BUILT_PRODUCTS_DIR; };
		039997F21EAF7EC700BFDC50 /* AppDelegate.swift */ = {isa = PBXFileReference; lastKnownFileType = sourcecode.swift; path = AppDelegate.swift; sourceTree = "<group>"; };
		039997F41EAF7EC700BFDC50 /* ViewController.swift */ = {isa = PBXFileReference; lastKnownFileType = sourcecode.swift; path = ViewController.swift; sourceTree = "<group>"; };
		039997F71EAF7EC700BFDC50 /* Base */ = {isa = PBXFileReference; lastKnownFileType = file.storyboard; name = Base; path = Base.lproj/Main.storyboard; sourceTree = "<group>"; };
		039997F91EAF7EC700BFDC50 /* Assets.xcassets */ = {isa = PBXFileReference; lastKnownFileType = folder.assetcatalog; path = Assets.xcassets; sourceTree = "<group>"; };
		039997FB1EAF7EC700BFDC50 /* Info.plist */ = {isa = PBXFileReference; lastKnownFileType = text.plist.xml; path = Info.plist; sourceTree = "<group>"; };
		039998001EAF7EC700BFDC50 /* tvOSCocoaPodsTests.xctest */ = {isa = PBXFileReference; explicitFileType = wrapper.cfbundle; includeInIndex = 0; path = tvOSCocoaPodsTests.xctest; sourceTree = BUILT_PRODUCTS_DIR; };
		039998041EAF7EC700BFDC50 /* tvOSCocoaPodsTests.swift */ = {isa = PBXFileReference; lastKnownFileType = sourcecode.swift; path = tvOSCocoaPodsTests.swift; sourceTree = "<group>"; };
		039998061EAF7EC700BFDC50 /* Info.plist */ = {isa = PBXFileReference; lastKnownFileType = text.plist.xml; path = Info.plist; sourceTree = "<group>"; };
		0399980B1EAF7EC700BFDC50 /* tvOSCocoaPodsUITests.xctest */ = {isa = PBXFileReference; explicitFileType = wrapper.cfbundle; includeInIndex = 0; path = tvOSCocoaPodsUITests.xctest; sourceTree = BUILT_PRODUCTS_DIR; };
		0399980F1EAF7EC700BFDC50 /* tvOSCocoaPodsUITests.swift */ = {isa = PBXFileReference; lastKnownFileType = sourcecode.swift; path = tvOSCocoaPodsUITests.swift; sourceTree = "<group>"; };
		039998111EAF7EC700BFDC50 /* Info.plist */ = {isa = PBXFileReference; lastKnownFileType = text.plist.xml; path = Info.plist; sourceTree = "<group>"; };
		07C0A34063C8E24DDB608D89 /* Pods-tvOSCocoaPods-tvOSCocoaPodsTests.debug.xcconfig */ = {isa = PBXFileReference; includeInIndex = 1; lastKnownFileType = text.xcconfig; name = "Pods-tvOSCocoaPods-tvOSCocoaPodsTests.debug.xcconfig"; path = "Pods/Target Support Files/Pods-tvOSCocoaPods-tvOSCocoaPodsTests/Pods-tvOSCocoaPods-tvOSCocoaPodsTests.debug.xcconfig"; sourceTree = "<group>"; };
		24F88499280E5DF72DB13AA9 /* Pods-tvOSCocoaPods.debug.xcconfig */ = {isa = PBXFileReference; includeInIndex = 1; lastKnownFileType = text.xcconfig; name = "Pods-tvOSCocoaPods.debug.xcconfig"; path = "Pods/Target Support Files/Pods-tvOSCocoaPods/Pods-tvOSCocoaPods.debug.xcconfig"; sourceTree = "<group>"; };
		411D6DC6242C7D92589FE960 /* Pods-tvOSCocoaPods-tvOSCocoaPodsUITests.debug.xcconfig */ = {isa = PBXFileReference; includeInIndex = 1; lastKnownFileType = text.xcconfig; name = "Pods-tvOSCocoaPods-tvOSCocoaPodsUITests.debug.xcconfig"; path = "Pods/Target Support Files/Pods-tvOSCocoaPods-tvOSCocoaPodsUITests/Pods-tvOSCocoaPods-tvOSCocoaPodsUITests.debug.xcconfig"; sourceTree = "<group>"; };
		41B1D37630600D0A7D62AC5C /* Pods_tvOSCocoaPods_tvOSCocoaPodsUITests.framework */ = {isa = PBXFileReference; explicitFileType = wrapper.framework; includeInIndex = 0; path = Pods_tvOSCocoaPods_tvOSCocoaPodsUITests.framework; sourceTree = BUILT_PRODUCTS_DIR; };
		5C4CA3908F80E84305C3AB56 /* Pods-tvOSCocoaPods-tvOSCocoaPodsUITests.release.xcconfig */ = {isa = PBXFileReference; includeInIndex = 1; lastKnownFileType = text.xcconfig; name = "Pods-tvOSCocoaPods-tvOSCocoaPodsUITests.release.xcconfig"; path = "Pods/Target Support Files/Pods-tvOSCocoaPods-tvOSCocoaPodsUITests/Pods-tvOSCocoaPods-tvOSCocoaPodsUITests.release.xcconfig"; sourceTree = "<group>"; };
		A729D9A6951EEB1E28B2580F /* Pods-tvOSCocoaPods-tvOSCocoaPodsTests.release.xcconfig */ = {isa = PBXFileReference; includeInIndex = 1; lastKnownFileType = text.xcconfig; name = "Pods-tvOSCocoaPods-tvOSCocoaPodsTests.release.xcconfig"; path = "Pods/Target Support Files/Pods-tvOSCocoaPods-tvOSCocoaPodsTests/Pods-tvOSCocoaPods-tvOSCocoaPodsTests.release.xcconfig"; sourceTree = "<group>"; };
		DE762047E52402E901173633 /* Pods_tvOSCocoaPods_tvOSCocoaPodsTests.framework */ = {isa = PBXFileReference; explicitFileType = wrapper.framework; includeInIndex = 0; path = Pods_tvOSCocoaPods_tvOSCocoaPodsTests.framework; sourceTree = BUILT_PRODUCTS_DIR; };
		E5341A9FD87434B94E6BA510 /* Pods-tvOSCocoaPods.release.xcconfig */ = {isa = PBXFileReference; includeInIndex = 1; lastKnownFileType = text.xcconfig; name = "Pods-tvOSCocoaPods.release.xcconfig"; path = "Pods/Target Support Files/Pods-tvOSCocoaPods/Pods-tvOSCocoaPods.release.xcconfig"; sourceTree = "<group>"; };
		F4977516C51499383BC965E5 /* Pods_tvOSCocoaPods.framework */ = {isa = PBXFileReference; explicitFileType = wrapper.framework; includeInIndex = 0; path = Pods_tvOSCocoaPods.framework; sourceTree = BUILT_PRODUCTS_DIR; };
/* End PBXFileReference section */

/* Begin PBXFrameworksBuildPhase section */
		039997EC1EAF7EC700BFDC50 /* Frameworks */ = {
			isa = PBXFrameworksBuildPhase;
			buildActionMask = 2147483647;
			files = (
				16365DEC3DD65F988ACB74A4 /* Pods_tvOSCocoaPods.framework in Frameworks */,
			);
			runOnlyForDeploymentPostprocessing = 0;
		};
		039997FD1EAF7EC700BFDC50 /* Frameworks */ = {
			isa = PBXFrameworksBuildPhase;
			buildActionMask = 2147483647;
			files = (
				B7A318600CEFFEF90D2E509C /* Pods_tvOSCocoaPods_tvOSCocoaPodsTests.framework in Frameworks */,
			);
			runOnlyForDeploymentPostprocessing = 0;
		};
		039998081EAF7EC700BFDC50 /* Frameworks */ = {
			isa = PBXFrameworksBuildPhase;
			buildActionMask = 2147483647;
			files = (
				90ECFE48378699B8C03039DD /* Pods_tvOSCocoaPods_tvOSCocoaPodsUITests.framework in Frameworks */,
			);
			runOnlyForDeploymentPostprocessing = 0;
		};
/* End PBXFrameworksBuildPhase section */

/* Begin PBXGroup section */
		039997E61EAF7EC700BFDC50 = {
			isa = PBXGroup;
			children = (
				039997F11EAF7EC700BFDC50 /* tvOSCocoaPods */,
				039998031EAF7EC700BFDC50 /* tvOSCocoaPodsTests */,
				0399980E1EAF7EC700BFDC50 /* tvOSCocoaPodsUITests */,
				039997F01EAF7EC700BFDC50 /* Products */,
				D69661512BE9481D80EFC55B /* Pods */,
				BBABAA6BD79BFC2D6FAB74C5 /* Frameworks */,
			);
			sourceTree = "<group>";
		};
		039997F01EAF7EC700BFDC50 /* Products */ = {
			isa = PBXGroup;
			children = (
				039997EF1EAF7EC700BFDC50 /* tvOSCocoaPods.app */,
				039998001EAF7EC700BFDC50 /* tvOSCocoaPodsTests.xctest */,
				0399980B1EAF7EC700BFDC50 /* tvOSCocoaPodsUITests.xctest */,
			);
			name = Products;
			sourceTree = "<group>";
		};
		039997F11EAF7EC700BFDC50 /* tvOSCocoaPods */ = {
			isa = PBXGroup;
			children = (
				039997F21EAF7EC700BFDC50 /* AppDelegate.swift */,
				039997F41EAF7EC700BFDC50 /* ViewController.swift */,
				039997F61EAF7EC700BFDC50 /* Main.storyboard */,
				039997F91EAF7EC700BFDC50 /* Assets.xcassets */,
				039997FB1EAF7EC700BFDC50 /* Info.plist */,
			);
			path = tvOSCocoaPods;
			sourceTree = "<group>";
		};
		039998031EAF7EC700BFDC50 /* tvOSCocoaPodsTests */ = {
			isa = PBXGroup;
			children = (
				039998041EAF7EC700BFDC50 /* tvOSCocoaPodsTests.swift */,
				039998061EAF7EC700BFDC50 /* Info.plist */,
			);
			path = tvOSCocoaPodsTests;
			sourceTree = "<group>";
		};
		0399980E1EAF7EC700BFDC50 /* tvOSCocoaPodsUITests */ = {
			isa = PBXGroup;
			children = (
				0399980F1EAF7EC700BFDC50 /* tvOSCocoaPodsUITests.swift */,
				039998111EAF7EC700BFDC50 /* Info.plist */,
			);
			path = tvOSCocoaPodsUITests;
			sourceTree = "<group>";
		};
		BBABAA6BD79BFC2D6FAB74C5 /* Frameworks */ = {
			isa = PBXGroup;
			children = (
				F4977516C51499383BC965E5 /* Pods_tvOSCocoaPods.framework */,
				DE762047E52402E901173633 /* Pods_tvOSCocoaPods_tvOSCocoaPodsTests.framework */,
				41B1D37630600D0A7D62AC5C /* Pods_tvOSCocoaPods_tvOSCocoaPodsUITests.framework */,
			);
			name = Frameworks;
			sourceTree = "<group>";
		};
		D69661512BE9481D80EFC55B /* Pods */ = {
			isa = PBXGroup;
			children = (
				24F88499280E5DF72DB13AA9 /* Pods-tvOSCocoaPods.debug.xcconfig */,
				E5341A9FD87434B94E6BA510 /* Pods-tvOSCocoaPods.release.xcconfig */,
				07C0A34063C8E24DDB608D89 /* Pods-tvOSCocoaPods-tvOSCocoaPodsTests.debug.xcconfig */,
				A729D9A6951EEB1E28B2580F /* Pods-tvOSCocoaPods-tvOSCocoaPodsTests.release.xcconfig */,
				411D6DC6242C7D92589FE960 /* Pods-tvOSCocoaPods-tvOSCocoaPodsUITests.debug.xcconfig */,
				5C4CA3908F80E84305C3AB56 /* Pods-tvOSCocoaPods-tvOSCocoaPodsUITests.release.xcconfig */,
			);
			name = Pods;
			sourceTree = "<group>";
		};
/* End PBXGroup section */

/* Begin PBXNativeTarget section */
		039997EE1EAF7EC700BFDC50 /* tvOSCocoaPods */ = {
			isa = PBXNativeTarget;
			buildConfigurationList = 039998141EAF7EC700BFDC50 /* Build configuration list for PBXNativeTarget "tvOSCocoaPods" */;
			buildPhases = (
				43005D9A514F71C387DDEA01 /* [CP] Check Pods Manifest.lock */,
				039997EB1EAF7EC700BFDC50 /* Sources */,
				039997EC1EAF7EC700BFDC50 /* Frameworks */,
				039997ED1EAF7EC700BFDC50 /* Resources */,
				33D2AA3EEF528C5DA7660DD8 /* [CP] Embed Pods Frameworks */,
				C20E39EC4A66DDBE200CDD4B /* [CP] Copy Pods Resources */,
			);
			buildRules = (
			);
			dependencies = (
			);
			name = tvOSCocoaPods;
			productName = tvOSCocoaPods;
			productReference = 039997EF1EAF7EC700BFDC50 /* tvOSCocoaPods.app */;
			productType = "com.apple.product-type.application";
		};
		039997FF1EAF7EC700BFDC50 /* tvOSCocoaPodsTests */ = {
			isa = PBXNativeTarget;
			buildConfigurationList = 039998171EAF7EC700BFDC50 /* Build configuration list for PBXNativeTarget "tvOSCocoaPodsTests" */;
			buildPhases = (
				C5D60504F83D0E28E2D02DED /* [CP] Check Pods Manifest.lock */,
				039997FC1EAF7EC700BFDC50 /* Sources */,
				039997FD1EAF7EC700BFDC50 /* Frameworks */,
				039997FE1EAF7EC700BFDC50 /* Resources */,
				96A29B769EF11675ECFA4479 /* [CP] Embed Pods Frameworks */,
				53B40379B348E747B2C26906 /* [CP] Copy Pods Resources */,
			);
			buildRules = (
			);
			dependencies = (
				039998021EAF7EC700BFDC50 /* PBXTargetDependency */,
			);
			name = tvOSCocoaPodsTests;
			productName = tvOSCocoaPodsTests;
			productReference = 039998001EAF7EC700BFDC50 /* tvOSCocoaPodsTests.xctest */;
			productType = "com.apple.product-type.bundle.unit-test";
		};
		0399980A1EAF7EC700BFDC50 /* tvOSCocoaPodsUITests */ = {
			isa = PBXNativeTarget;
			buildConfigurationList = 0399981A1EAF7EC700BFDC50 /* Build configuration list for PBXNativeTarget "tvOSCocoaPodsUITests" */;
			buildPhases = (
				10D836AD56D93CDDD3FC6666 /* [CP] Check Pods Manifest.lock */,
				039998071EAF7EC700BFDC50 /* Sources */,
				039998081EAF7EC700BFDC50 /* Frameworks */,
				039998091EAF7EC700BFDC50 /* Resources */,
				80DF1BB4D8814803B9D39B6A /* [CP] Embed Pods Frameworks */,
				0DCBC3A00C5CD8F9292B2494 /* [CP] Copy Pods Resources */,
			);
			buildRules = (
			);
			dependencies = (
				0399980D1EAF7EC700BFDC50 /* PBXTargetDependency */,
			);
			name = tvOSCocoaPodsUITests;
			productName = tvOSCocoaPodsUITests;
			productReference = 0399980B1EAF7EC700BFDC50 /* tvOSCocoaPodsUITests.xctest */;
			productType = "com.apple.product-type.bundle.ui-testing";
		};
/* End PBXNativeTarget section */

/* Begin PBXProject section */
		039997E71EAF7EC700BFDC50 /* Project object */ = {
			isa = PBXProject;
			attributes = {
				LastSwiftUpdateCheck = 0830;
				LastUpgradeCheck = 0830;
				ORGANIZATIONNAME = Sentry;
				TargetAttributes = {
					039997EE1EAF7EC700BFDC50 = {
						CreatedOnToolsVersion = 8.3.1;
						ProvisioningStyle = Automatic;
					};
					039997FF1EAF7EC700BFDC50 = {
						CreatedOnToolsVersion = 8.3.1;
						ProvisioningStyle = Automatic;
						TestTargetID = 039997EE1EAF7EC700BFDC50;
					};
					0399980A1EAF7EC700BFDC50 = {
						CreatedOnToolsVersion = 8.3.1;
						ProvisioningStyle = Automatic;
						TestTargetID = 039997EE1EAF7EC700BFDC50;
					};
				};
			};
			buildConfigurationList = 039997EA1EAF7EC700BFDC50 /* Build configuration list for PBXProject "tvOSCocoaPods" */;
			compatibilityVersion = "Xcode 3.2";
			developmentRegion = English;
			hasScannedForEncodings = 0;
			knownRegions = (
				en,
				Base,
			);
			mainGroup = 039997E61EAF7EC700BFDC50;
			productRefGroup = 039997F01EAF7EC700BFDC50 /* Products */;
			projectDirPath = "";
			projectRoot = "";
			targets = (
				039997EE1EAF7EC700BFDC50 /* tvOSCocoaPods */,
				039997FF1EAF7EC700BFDC50 /* tvOSCocoaPodsTests */,
				0399980A1EAF7EC700BFDC50 /* tvOSCocoaPodsUITests */,
			);
		};
/* End PBXProject section */

/* Begin PBXResourcesBuildPhase section */
		039997ED1EAF7EC700BFDC50 /* Resources */ = {
			isa = PBXResourcesBuildPhase;
			buildActionMask = 2147483647;
			files = (
				039997FA1EAF7EC700BFDC50 /* Assets.xcassets in Resources */,
				039997F81EAF7EC700BFDC50 /* Main.storyboard in Resources */,
			);
			runOnlyForDeploymentPostprocessing = 0;
		};
		039997FE1EAF7EC700BFDC50 /* Resources */ = {
			isa = PBXResourcesBuildPhase;
			buildActionMask = 2147483647;
			files = (
			);
			runOnlyForDeploymentPostprocessing = 0;
		};
		039998091EAF7EC700BFDC50 /* Resources */ = {
			isa = PBXResourcesBuildPhase;
			buildActionMask = 2147483647;
			files = (
			);
			runOnlyForDeploymentPostprocessing = 0;
		};
/* End PBXResourcesBuildPhase section */

/* Begin PBXShellScriptBuildPhase section */
		0DCBC3A00C5CD8F9292B2494 /* [CP] Copy Pods Resources */ = {
			isa = PBXShellScriptBuildPhase;
			buildActionMask = 2147483647;
			files = (
			);
			inputPaths = (
			);
			name = "[CP] Copy Pods Resources";
			outputPaths = (
			);
			runOnlyForDeploymentPostprocessing = 0;
			shellPath = /bin/sh;
			shellScript = "\"${SRCROOT}/Pods/Target Support Files/Pods-tvOSCocoaPods-tvOSCocoaPodsUITests/Pods-tvOSCocoaPods-tvOSCocoaPodsUITests-resources.sh\"\n";
			showEnvVarsInLog = 0;
		};
		10D836AD56D93CDDD3FC6666 /* [CP] Check Pods Manifest.lock */ = {
			isa = PBXShellScriptBuildPhase;
			buildActionMask = 2147483647;
			files = (
			);
			inputPaths = (
			);
			name = "[CP] Check Pods Manifest.lock";
			outputPaths = (
			);
			runOnlyForDeploymentPostprocessing = 0;
			shellPath = /bin/sh;
			shellScript = "diff \"${PODS_PODFILE_DIR_PATH}/Podfile.lock\" \"${PODS_ROOT}/Manifest.lock\" > /dev/null\nif [ $? != 0 ] ; then\n    # print error to STDERR\n    echo \"error: The sandbox is not in sync with the Podfile.lock. Run 'pod install' or update your CocoaPods installation.\" >&2\n    exit 1\nfi\n";
			showEnvVarsInLog = 0;
		};
		33D2AA3EEF528C5DA7660DD8 /* [CP] Embed Pods Frameworks */ = {
			isa = PBXShellScriptBuildPhase;
			buildActionMask = 2147483647;
			files = (
			);
			inputPaths = (
			);
			name = "[CP] Embed Pods Frameworks";
			outputPaths = (
			);
			runOnlyForDeploymentPostprocessing = 0;
			shellPath = /bin/sh;
			shellScript = "\"${SRCROOT}/Pods/Target Support Files/Pods-tvOSCocoaPods/Pods-tvOSCocoaPods-frameworks.sh\"\n";
			showEnvVarsInLog = 0;
		};
		43005D9A514F71C387DDEA01 /* [CP] Check Pods Manifest.lock */ = {
			isa = PBXShellScriptBuildPhase;
			buildActionMask = 2147483647;
			files = (
			);
			inputPaths = (
			);
			name = "[CP] Check Pods Manifest.lock";
			outputPaths = (
			);
			runOnlyForDeploymentPostprocessing = 0;
			shellPath = /bin/sh;
			shellScript = "diff \"${PODS_PODFILE_DIR_PATH}/Podfile.lock\" \"${PODS_ROOT}/Manifest.lock\" > /dev/null\nif [ $? != 0 ] ; then\n    # print error to STDERR\n    echo \"error: The sandbox is not in sync with the Podfile.lock. Run 'pod install' or update your CocoaPods installation.\" >&2\n    exit 1\nfi\n";
			showEnvVarsInLog = 0;
		};
		53B40379B348E747B2C26906 /* [CP] Copy Pods Resources */ = {
			isa = PBXShellScriptBuildPhase;
			buildActionMask = 2147483647;
			files = (
			);
			inputPaths = (
			);
			name = "[CP] Copy Pods Resources";
			outputPaths = (
			);
			runOnlyForDeploymentPostprocessing = 0;
			shellPath = /bin/sh;
			shellScript = "\"${SRCROOT}/Pods/Target Support Files/Pods-tvOSCocoaPods-tvOSCocoaPodsTests/Pods-tvOSCocoaPods-tvOSCocoaPodsTests-resources.sh\"\n";
			showEnvVarsInLog = 0;
		};
		80DF1BB4D8814803B9D39B6A /* [CP] Embed Pods Frameworks */ = {
			isa = PBXShellScriptBuildPhase;
			buildActionMask = 2147483647;
			files = (
			);
			inputPaths = (
			);
			name = "[CP] Embed Pods Frameworks";
			outputPaths = (
			);
			runOnlyForDeploymentPostprocessing = 0;
			shellPath = /bin/sh;
			shellScript = "\"${SRCROOT}/Pods/Target Support Files/Pods-tvOSCocoaPods-tvOSCocoaPodsUITests/Pods-tvOSCocoaPods-tvOSCocoaPodsUITests-frameworks.sh\"\n";
			showEnvVarsInLog = 0;
		};
		96A29B769EF11675ECFA4479 /* [CP] Embed Pods Frameworks */ = {
			isa = PBXShellScriptBuildPhase;
			buildActionMask = 2147483647;
			files = (
			);
			inputPaths = (
			);
			name = "[CP] Embed Pods Frameworks";
			outputPaths = (
			);
			runOnlyForDeploymentPostprocessing = 0;
			shellPath = /bin/sh;
			shellScript = "\"${SRCROOT}/Pods/Target Support Files/Pods-tvOSCocoaPods-tvOSCocoaPodsTests/Pods-tvOSCocoaPods-tvOSCocoaPodsTests-frameworks.sh\"\n";
			showEnvVarsInLog = 0;
		};
		C20E39EC4A66DDBE200CDD4B /* [CP] Copy Pods Resources */ = {
			isa = PBXShellScriptBuildPhase;
			buildActionMask = 2147483647;
			files = (
			);
			inputPaths = (
			);
			name = "[CP] Copy Pods Resources";
			outputPaths = (
			);
			runOnlyForDeploymentPostprocessing = 0;
			shellPath = /bin/sh;
			shellScript = "\"${SRCROOT}/Pods/Target Support Files/Pods-tvOSCocoaPods/Pods-tvOSCocoaPods-resources.sh\"\n";
			showEnvVarsInLog = 0;
		};
		C5D60504F83D0E28E2D02DED /* [CP] Check Pods Manifest.lock */ = {
			isa = PBXShellScriptBuildPhase;
			buildActionMask = 2147483647;
			files = (
			);
			inputPaths = (
			);
			name = "[CP] Check Pods Manifest.lock";
			outputPaths = (
			);
			runOnlyForDeploymentPostprocessing = 0;
			shellPath = /bin/sh;
			shellScript = "diff \"${PODS_PODFILE_DIR_PATH}/Podfile.lock\" \"${PODS_ROOT}/Manifest.lock\" > /dev/null\nif [ $? != 0 ] ; then\n    # print error to STDERR\n    echo \"error: The sandbox is not in sync with the Podfile.lock. Run 'pod install' or update your CocoaPods installation.\" >&2\n    exit 1\nfi\n";
			showEnvVarsInLog = 0;
		};
/* End PBXShellScriptBuildPhase section */

/* Begin PBXSourcesBuildPhase section */
		039997EB1EAF7EC700BFDC50 /* Sources */ = {
			isa = PBXSourcesBuildPhase;
			buildActionMask = 2147483647;
			files = (
				039997F51EAF7EC700BFDC50 /* ViewController.swift in Sources */,
				039997F31EAF7EC700BFDC50 /* AppDelegate.swift in Sources */,
			);
			runOnlyForDeploymentPostprocessing = 0;
		};
		039997FC1EAF7EC700BFDC50 /* Sources */ = {
			isa = PBXSourcesBuildPhase;
			buildActionMask = 2147483647;
			files = (
				039998051EAF7EC700BFDC50 /* tvOSCocoaPodsTests.swift in Sources */,
			);
			runOnlyForDeploymentPostprocessing = 0;
		};
		039998071EAF7EC700BFDC50 /* Sources */ = {
			isa = PBXSourcesBuildPhase;
			buildActionMask = 2147483647;
			files = (
				039998101EAF7EC700BFDC50 /* tvOSCocoaPodsUITests.swift in Sources */,
			);
			runOnlyForDeploymentPostprocessing = 0;
		};
/* End PBXSourcesBuildPhase section */

/* Begin PBXTargetDependency section */
		039998021EAF7EC700BFDC50 /* PBXTargetDependency */ = {
			isa = PBXTargetDependency;
			target = 039997EE1EAF7EC700BFDC50 /* tvOSCocoaPods */;
			targetProxy = 039998011EAF7EC700BFDC50 /* PBXContainerItemProxy */;
		};
		0399980D1EAF7EC700BFDC50 /* PBXTargetDependency */ = {
			isa = PBXTargetDependency;
			target = 039997EE1EAF7EC700BFDC50 /* tvOSCocoaPods */;
			targetProxy = 0399980C1EAF7EC700BFDC50 /* PBXContainerItemProxy */;
		};
/* End PBXTargetDependency section */

/* Begin PBXVariantGroup section */
		039997F61EAF7EC700BFDC50 /* Main.storyboard */ = {
			isa = PBXVariantGroup;
			children = (
				039997F71EAF7EC700BFDC50 /* Base */,
			);
			name = Main.storyboard;
			sourceTree = "<group>";
		};
/* End PBXVariantGroup section */

/* Begin XCBuildConfiguration section */
		039998121EAF7EC700BFDC50 /* Debug */ = {
			isa = XCBuildConfiguration;
			buildSettings = {
				ALWAYS_SEARCH_USER_PATHS = NO;
				CLANG_ANALYZER_NONNULL = YES;
				CLANG_ANALYZER_NUMBER_OBJECT_CONVERSION = YES_AGGRESSIVE;
				CLANG_CXX_LANGUAGE_STANDARD = "gnu++0x";
				CLANG_CXX_LIBRARY = "libc++";
				CLANG_ENABLE_MODULES = YES;
				CLANG_ENABLE_OBJC_ARC = YES;
				CLANG_WARN_BOOL_CONVERSION = YES;
				CLANG_WARN_CONSTANT_CONVERSION = YES;
				CLANG_WARN_DIRECT_OBJC_ISA_USAGE = YES_ERROR;
				CLANG_WARN_DOCUMENTATION_COMMENTS = YES;
				CLANG_WARN_EMPTY_BODY = YES;
				CLANG_WARN_ENUM_CONVERSION = YES;
				CLANG_WARN_INFINITE_RECURSION = YES;
				CLANG_WARN_INT_CONVERSION = YES;
				CLANG_WARN_OBJC_ROOT_CLASS = YES_ERROR;
				CLANG_WARN_SUSPICIOUS_MOVE = YES;
				CLANG_WARN_UNREACHABLE_CODE = YES;
				CLANG_WARN__DUPLICATE_METHOD_MATCH = YES;
				COPY_PHASE_STRIP = NO;
				DEBUG_INFORMATION_FORMAT = dwarf;
				ENABLE_STRICT_OBJC_MSGSEND = YES;
				ENABLE_TESTABILITY = YES;
				GCC_C_LANGUAGE_STANDARD = gnu99;
				GCC_DYNAMIC_NO_PIC = NO;
				GCC_NO_COMMON_BLOCKS = YES;
				GCC_OPTIMIZATION_LEVEL = 0;
				GCC_PREPROCESSOR_DEFINITIONS = (
					"DEBUG=1",
					"$(inherited)",
				);
				GCC_WARN_64_TO_32_BIT_CONVERSION = YES;
				GCC_WARN_ABOUT_RETURN_TYPE = YES_ERROR;
				GCC_WARN_UNDECLARED_SELECTOR = YES;
				GCC_WARN_UNINITIALIZED_AUTOS = YES_AGGRESSIVE;
				GCC_WARN_UNUSED_FUNCTION = YES;
				GCC_WARN_UNUSED_VARIABLE = YES;
				MTL_ENABLE_DEBUG_INFO = YES;
				ONLY_ACTIVE_ARCH = YES;
				SDKROOT = appletvos;
				SWIFT_ACTIVE_COMPILATION_CONDITIONS = DEBUG;
				SWIFT_OPTIMIZATION_LEVEL = "-Onone";
				TARGETED_DEVICE_FAMILY = 3;
				TVOS_DEPLOYMENT_TARGET = 10.2;
			};
			name = Debug;
		};
		039998131EAF7EC700BFDC50 /* Release */ = {
			isa = XCBuildConfiguration;
			buildSettings = {
				ALWAYS_SEARCH_USER_PATHS = NO;
				CLANG_ANALYZER_NONNULL = YES;
				CLANG_ANALYZER_NUMBER_OBJECT_CONVERSION = YES_AGGRESSIVE;
				CLANG_CXX_LANGUAGE_STANDARD = "gnu++0x";
				CLANG_CXX_LIBRARY = "libc++";
				CLANG_ENABLE_MODULES = YES;
				CLANG_ENABLE_OBJC_ARC = YES;
				CLANG_WARN_BOOL_CONVERSION = YES;
				CLANG_WARN_CONSTANT_CONVERSION = YES;
				CLANG_WARN_DIRECT_OBJC_ISA_USAGE = YES_ERROR;
				CLANG_WARN_DOCUMENTATION_COMMENTS = YES;
				CLANG_WARN_EMPTY_BODY = YES;
				CLANG_WARN_ENUM_CONVERSION = YES;
				CLANG_WARN_INFINITE_RECURSION = YES;
				CLANG_WARN_INT_CONVERSION = YES;
				CLANG_WARN_OBJC_ROOT_CLASS = YES_ERROR;
				CLANG_WARN_SUSPICIOUS_MOVE = YES;
				CLANG_WARN_UNREACHABLE_CODE = YES;
				CLANG_WARN__DUPLICATE_METHOD_MATCH = YES;
				COPY_PHASE_STRIP = NO;
				DEBUG_INFORMATION_FORMAT = "dwarf-with-dsym";
				ENABLE_NS_ASSERTIONS = NO;
				ENABLE_STRICT_OBJC_MSGSEND = YES;
				GCC_C_LANGUAGE_STANDARD = gnu99;
				GCC_NO_COMMON_BLOCKS = YES;
				GCC_WARN_64_TO_32_BIT_CONVERSION = YES;
				GCC_WARN_ABOUT_RETURN_TYPE = YES_ERROR;
				GCC_WARN_UNDECLARED_SELECTOR = YES;
				GCC_WARN_UNINITIALIZED_AUTOS = YES_AGGRESSIVE;
				GCC_WARN_UNUSED_FUNCTION = YES;
				GCC_WARN_UNUSED_VARIABLE = YES;
				MTL_ENABLE_DEBUG_INFO = NO;
				SDKROOT = appletvos;
				SWIFT_OPTIMIZATION_LEVEL = "-Owholemodule";
				TARGETED_DEVICE_FAMILY = 3;
				TVOS_DEPLOYMENT_TARGET = 10.2;
				VALIDATE_PRODUCT = YES;
			};
			name = Release;
		};
		039998151EAF7EC700BFDC50 /* Debug */ = {
			isa = XCBuildConfiguration;
			baseConfigurationReference = 24F88499280E5DF72DB13AA9 /* Pods-tvOSCocoaPods.debug.xcconfig */;
			buildSettings = {
				ASSETCATALOG_COMPILER_APPICON_NAME = "App Icon & Top Shelf Image";
				ASSETCATALOG_COMPILER_LAUNCHIMAGE_NAME = LaunchImage;
				INFOPLIST_FILE = tvOSCocoaPods/Info.plist;
				LD_RUNPATH_SEARCH_PATHS = "$(inherited) @executable_path/Frameworks";
				PRODUCT_BUNDLE_IDENTIFIER = io.sentry.tvOSCocoaPods;
				PRODUCT_NAME = "$(TARGET_NAME)";
				SWIFT_VERSION = 3.0;
			};
			name = Debug;
		};
		039998161EAF7EC700BFDC50 /* Release */ = {
			isa = XCBuildConfiguration;
			baseConfigurationReference = E5341A9FD87434B94E6BA510 /* Pods-tvOSCocoaPods.release.xcconfig */;
			buildSettings = {
				ASSETCATALOG_COMPILER_APPICON_NAME = "App Icon & Top Shelf Image";
				ASSETCATALOG_COMPILER_LAUNCHIMAGE_NAME = LaunchImage;
				INFOPLIST_FILE = tvOSCocoaPods/Info.plist;
				LD_RUNPATH_SEARCH_PATHS = "$(inherited) @executable_path/Frameworks";
				PRODUCT_BUNDLE_IDENTIFIER = io.sentry.tvOSCocoaPods;
				PRODUCT_NAME = "$(TARGET_NAME)";
				SWIFT_VERSION = 3.0;
			};
			name = Release;
		};
		039998181EAF7EC700BFDC50 /* Debug */ = {
			isa = XCBuildConfiguration;
			baseConfigurationReference = 07C0A34063C8E24DDB608D89 /* Pods-tvOSCocoaPods-tvOSCocoaPodsTests.debug.xcconfig */;
			buildSettings = {
				ALWAYS_EMBED_SWIFT_STANDARD_LIBRARIES = YES;
				BUNDLE_LOADER = "$(TEST_HOST)";
				INFOPLIST_FILE = tvOSCocoaPodsTests/Info.plist;
				LD_RUNPATH_SEARCH_PATHS = "$(inherited) @executable_path/Frameworks @loader_path/Frameworks";
				PRODUCT_BUNDLE_IDENTIFIER = io.sentry.tvOSCocoaPodsTests;
				PRODUCT_NAME = "$(TARGET_NAME)";
				SWIFT_VERSION = 3.0;
				TEST_HOST = "$(BUILT_PRODUCTS_DIR)/tvOSCocoaPods.app/tvOSCocoaPods";
			};
			name = Debug;
		};
		039998191EAF7EC700BFDC50 /* Release */ = {
			isa = XCBuildConfiguration;
			baseConfigurationReference = A729D9A6951EEB1E28B2580F /* Pods-tvOSCocoaPods-tvOSCocoaPodsTests.release.xcconfig */;
			buildSettings = {
				ALWAYS_EMBED_SWIFT_STANDARD_LIBRARIES = YES;
				BUNDLE_LOADER = "$(TEST_HOST)";
				INFOPLIST_FILE = tvOSCocoaPodsTests/Info.plist;
				LD_RUNPATH_SEARCH_PATHS = "$(inherited) @executable_path/Frameworks @loader_path/Frameworks";
				PRODUCT_BUNDLE_IDENTIFIER = io.sentry.tvOSCocoaPodsTests;
				PRODUCT_NAME = "$(TARGET_NAME)";
				SWIFT_VERSION = 3.0;
				TEST_HOST = "$(BUILT_PRODUCTS_DIR)/tvOSCocoaPods.app/tvOSCocoaPods";
			};
			name = Release;
		};
		0399981B1EAF7EC700BFDC50 /* Debug */ = {
			isa = XCBuildConfiguration;
			baseConfigurationReference = 411D6DC6242C7D92589FE960 /* Pods-tvOSCocoaPods-tvOSCocoaPodsUITests.debug.xcconfig */;
			buildSettings = {
				ALWAYS_EMBED_SWIFT_STANDARD_LIBRARIES = YES;
				INFOPLIST_FILE = tvOSCocoaPodsUITests/Info.plist;
				LD_RUNPATH_SEARCH_PATHS = "$(inherited) @executable_path/Frameworks @loader_path/Frameworks";
				PRODUCT_BUNDLE_IDENTIFIER = io.sentry.tvOSCocoaPodsUITests;
				PRODUCT_NAME = "$(TARGET_NAME)";
				SWIFT_VERSION = 3.0;
				TEST_TARGET_NAME = tvOSCocoaPods;
			};
			name = Debug;
		};
		0399981C1EAF7EC700BFDC50 /* Release */ = {
			isa = XCBuildConfiguration;
			baseConfigurationReference = 5C4CA3908F80E84305C3AB56 /* Pods-tvOSCocoaPods-tvOSCocoaPodsUITests.release.xcconfig */;
			buildSettings = {
				ALWAYS_EMBED_SWIFT_STANDARD_LIBRARIES = YES;
				INFOPLIST_FILE = tvOSCocoaPodsUITests/Info.plist;
				LD_RUNPATH_SEARCH_PATHS = "$(inherited) @executable_path/Frameworks @loader_path/Frameworks";
				PRODUCT_BUNDLE_IDENTIFIER = io.sentry.tvOSCocoaPodsUITests;
				PRODUCT_NAME = "$(TARGET_NAME)";
				SWIFT_VERSION = 3.0;
				TEST_TARGET_NAME = tvOSCocoaPods;
			};
			name = Release;
		};
/* End XCBuildConfiguration section */

/* Begin XCConfigurationList section */
		039997EA1EAF7EC700BFDC50 /* Build configuration list for PBXProject "tvOSCocoaPods" */ = {
			isa = XCConfigurationList;
			buildConfigurations = (
				039998121EAF7EC700BFDC50 /* Debug */,
				039998131EAF7EC700BFDC50 /* Release */,
			);
			defaultConfigurationIsVisible = 0;
			defaultConfigurationName = Release;
		};
		039998141EAF7EC700BFDC50 /* Build configuration list for PBXNativeTarget "tvOSCocoaPods" */ = {
			isa = XCConfigurationList;
			buildConfigurations = (
				039998151EAF7EC700BFDC50 /* Debug */,
				039998161EAF7EC700BFDC50 /* Release */,
			);
			defaultConfigurationIsVisible = 0;
		};
		039998171EAF7EC700BFDC50 /* Build configuration list for PBXNativeTarget "tvOSCocoaPodsTests" */ = {
			isa = XCConfigurationList;
			buildConfigurations = (
				039998181EAF7EC700BFDC50 /* Debug */,
				039998191EAF7EC700BFDC50 /* Release */,
			);
			defaultConfigurationIsVisible = 0;
		};
		0399981A1EAF7EC700BFDC50 /* Build configuration list for PBXNativeTarget "tvOSCocoaPodsUITests" */ = {
			isa = XCConfigurationList;
			buildConfigurations = (
				0399981B1EAF7EC700BFDC50 /* Debug */,
				0399981C1EAF7EC700BFDC50 /* Release */,
			);
			defaultConfigurationIsVisible = 0;
		};
/* End XCConfigurationList section */
	};
	rootObject = 039997E71EAF7EC700BFDC50 /* Project object */;
}
