// !$*UTF8*$!
{
	archiveVersion = 1;
	classes = {
	};
	objectVersion = 77;
	objects = {

/* Begin PBXBuildFile section */
		0A43A051E4D3E408F86C8DF3 /* LaunchScreen.storyboard in Resources */ = {isa = PBXBuildFile; fileRef = 7EF2F52D8AD5EEC889FBB127 /* LaunchScreen.storyboard */; };
		53620F45467DD665B2BABE9B /* ViewController.m in Sources */ = {isa = PBXBuildFile; fileRef = D4930E07450744C9CADB3E27 /* ViewController.m */; };
		65604628BE1CA316432B5ED2 /* Main.storyboard in Resources */ = {isa = PBXBuildFile; fileRef = E80B02855E0BE4478B771BA6 /* Main.storyboard */; };
		98B9389DE3470C9BCD72984D /* main.m in Sources */ = {isa = PBXBuildFile; fileRef = FE4A4BC98583FFD0782FB62E /* main.m */; };
		9EB4A94F02789398A8EA28D4 /* AppDelegate.m in Sources */ = {isa = PBXBuildFile; fileRef = 85E9E19A73E6F1338FD38EA3 /* AppDelegate.m */; };
		CA5E6B15601DF597E57FA2C4 /* SampleAssets.xcassets in Resources */ = {isa = PBXBuildFile; fileRef = 9D3AB57CEC6BF8A63C446A2C /* SampleAssets.xcassets */; };
		CF32C78F748D0A68207E2337 /* SentryObjC-Static in Frameworks */ = {isa = PBXBuildFile; productRef = 8F89128AEF4301E1A97509A6 /* SentryObjC-Static */; };
/* End PBXBuildFile section */

/* Begin PBXFileReference section */
		0239ED41B865C470D6932351 /* Info.plist */ = {isa = PBXFileReference; lastKnownFileType = text.plist; path = Info.plist; sourceTree = "<group>"; };
		09DB4383AB0E813F6A7E7EBE /* Deployment.xcconfig */ = {isa = PBXFileReference; lastKnownFileType = text.xcconfig; path = Deployment.xcconfig; sourceTree = "<group>"; };
		0A6C01FAE7EB92062D3FF810 /* AppDelegate.h */ = {isa = PBXFileReference; lastKnownFileType = sourcecode.c.h; path = AppDelegate.h; sourceTree = "<group>"; };
		0F1D6E83C0040E6A5B4B6FD8 /* ClangWarnings.xcconfig */ = {isa = PBXFileReference; lastKnownFileType = text.xcconfig; path = ClangWarnings.xcconfig; sourceTree = "<group>"; };
		2067B8B47E0550824686CA86 /* ClangPreprocessing.xcconfig */ = {isa = PBXFileReference; lastKnownFileType = text.xcconfig; path = ClangPreprocessing.xcconfig; sourceTree = "<group>"; };
		2E1B815CE7951E2F9C0E12B9 /* Architectures.xcconfig */ = {isa = PBXFileReference; lastKnownFileType = text.xcconfig; path = Architectures.xcconfig; sourceTree = "<group>"; };
		315FE9369D0DE455E570E510 /* ViewController.h */ = {isa = PBXFileReference; lastKnownFileType = sourcecode.c.h; path = ViewController.h; sourceTree = "<group>"; };
		3955CB213D00411223642D2C /* ClangModules.xcconfig */ = {isa = PBXFileReference; lastKnownFileType = text.xcconfig; path = ClangModules.xcconfig; sourceTree = "<group>"; };
		40DE3E398BC6617EB07091B6 /* CodeGeneration.xcconfig */ = {isa = PBXFileReference; lastKnownFileType = text.xcconfig; path = CodeGeneration.xcconfig; sourceTree = "<group>"; };
		41A334F08D9C89B2DBB58403 /* iOS-ObjectiveC-Static.xcconfig */ = {isa = PBXFileReference; lastKnownFileType = text.xcconfig; path = "iOS-ObjectiveC-Static.xcconfig"; sourceTree = "<group>"; };
		49BE92244F6630B69DC7C7EF /* Packaging.xcconfig */ = {isa = PBXFileReference; lastKnownFileType = text.xcconfig; path = Packaging.xcconfig; sourceTree = "<group>"; };
		6F0A71EF863C53231981CFFD /* Base */ = {isa = PBXFileReference; lastKnownFileType = file.storyboard; name = Base; path = Base.lproj/LaunchScreen.storyboard; sourceTree = "<group>"; };
		7B5677CD309D0D244726C079 /* ClangLanguage.xcconfig */ = {isa = PBXFileReference; lastKnownFileType = text.xcconfig; path = ClangLanguage.xcconfig; sourceTree = "<group>"; };
		7C20404A2AC87C0731FD63B7 /* ClangWarningsCpp.xcconfig */ = {isa = PBXFileReference; lastKnownFileType = text.xcconfig; path = ClangWarningsCpp.xcconfig; sourceTree = "<group>"; };
		7C5DD8CB20255815E8123EC2 /* ClangObjCLanguage.xcconfig */ = {isa = PBXFileReference; lastKnownFileType = text.xcconfig; path = ClangObjCLanguage.xcconfig; sourceTree = "<group>"; };
		85E9E19A73E6F1338FD38EA3 /* AppDelegate.m */ = {isa = PBXFileReference; lastKnownFileType = sourcecode.c.objc; path = AppDelegate.m; sourceTree = "<group>"; };
		8D4C7AC8EE0E43A704BC8E9D /* Signing.xcconfig */ = {isa = PBXFileReference; lastKnownFileType = text.xcconfig; path = Signing.xcconfig; sourceTree = "<group>"; };
		977B7335C8B17354908AABB5 /* iOS-ObjectiveC-Static.yml */ = {isa = PBXFileReference; lastKnownFileType = text.yaml; name = "iOS-ObjectiveC-Static.yml"; path = "../../iOS-ObjectiveC-Static.yml"; sourceTree = "<group>"; };
		98243C67775FED598836BB6F /* iOS-ObjectiveC-Static.entitlements */ = {isa = PBXFileReference; lastKnownFileType = text.plist.entitlements; path = "iOS-ObjectiveC-Static.entitlements"; sourceTree = "<group>"; };
		989D107E412E831AF52231BE /* ClangWarningsObjC.xcconfig */ = {isa = PBXFileReference; lastKnownFileType = text.xcconfig; path = ClangWarningsObjC.xcconfig; sourceTree = "<group>"; };
		9C4E4A4AC7E51FC67F298EBD /* SearchPaths.xcconfig */ = {isa = PBXFileReference; lastKnownFileType = text.xcconfig; path = SearchPaths.xcconfig; sourceTree = "<group>"; };
		9D3AB57CEC6BF8A63C446A2C /* SampleAssets.xcassets */ = {isa = PBXFileReference; lastKnownFileType = folder.assetcatalog; name = SampleAssets.xcassets; path = ../../../Shared/SampleAssets.xcassets; sourceTree = "<group>"; };
		9F17E3EE9E0574AA89072202 /* Linking.xcconfig */ = {isa = PBXFileReference; lastKnownFileType = text.xcconfig; path = Linking.xcconfig; sourceTree = "<group>"; };
		A2308EAE5988570226F27C2F /* BuildOptions.xcconfig */ = {isa = PBXFileReference; lastKnownFileType = text.xcconfig; path = BuildOptions.xcconfig; sourceTree = "<group>"; };
		A488096BA4FAC484E7AB623A /* iOS-ObjectiveC-Static.app */ = {isa = PBXFileReference; includeInIndex = 0; lastKnownFileType = wrapper.application; path = "iOS-ObjectiveC-Static.app"; sourceTree = BUILT_PRODUCTS_DIR; };
		C98416C067C7E516EEF9C0E4 /* Base */ = {isa = PBXFileReference; lastKnownFileType = file.storyboard; name = Base; path = Base.lproj/Main.storyboard; sourceTree = "<group>"; };
		D4930E07450744C9CADB3E27 /* ViewController.m */ = {isa = PBXFileReference; lastKnownFileType = sourcecode.c.objc; path = ViewController.m; sourceTree = "<group>"; };
		D537AD92E942F54A775099C2 /* Localization.xcconfig */ = {isa = PBXFileReference; lastKnownFileType = text.xcconfig; path = Localization.xcconfig; sourceTree = "<group>"; };
		D83F8C57F0D766A33637079A /* ClangCppLanguage.xcconfig */ = {isa = PBXFileReference; lastKnownFileType = text.xcconfig; path = ClangCppLanguage.xcconfig; sourceTree = "<group>"; };
		DB6E6BD4F8E10D75F1BC802F /* AssetCatalog.xcconfig */ = {isa = PBXFileReference; lastKnownFileType = text.xcconfig; path = AssetCatalog.xcconfig; sourceTree = "<group>"; };
		E33919D0D2DF8045E2EC1496 /* sentry-cocoa */ = {isa = PBXFileReference; lastKnownFileType = folder; name = "sentry-cocoa"; path = ../..; sourceTree = SOURCE_ROOT; };
		E471243649C9B0BD0A3ECE55 /* ClangAnalyzer.xcconfig */ = {isa = PBXFileReference; lastKnownFileType = text.xcconfig; path = ClangAnalyzer.xcconfig; sourceTree = "<group>"; };
		E9D390316EC722B6688C2D74 /* Swift.xcconfig */ = {isa = PBXFileReference; lastKnownFileType = text.xcconfig; path = Swift.xcconfig; sourceTree = "<group>"; };
		FA513B87963F26B832670BC2 /* Metal.xcconfig */ = {isa = PBXFileReference; lastKnownFileType = text.xcconfig; path = Metal.xcconfig; sourceTree = "<group>"; };
		FE4A4BC98583FFD0782FB62E /* main.m */ = {isa = PBXFileReference; lastKnownFileType = sourcecode.c.objc; path = main.m; sourceTree = "<group>"; };
		FE880FA9023FCF6AD605EAEB /* _Common.xcconfig */ = {isa = PBXFileReference; lastKnownFileType = text.xcconfig; path = _Common.xcconfig; sourceTree = "<group>"; };
/* End PBXFileReference section */

/* Begin PBXFrameworksBuildPhase section */
		5509488C0E3FD2962C6BF16D /* Frameworks */ = {
			isa = PBXFrameworksBuildPhase;
			buildActionMask = 2147483647;
			files = (
				CF32C78F748D0A68207E2337 /* SentryObjC-Static in Frameworks */,
			);
			runOnlyForDeploymentPostprocessing = 0;
		};
/* End PBXFrameworksBuildPhase section */

/* Begin PBXGroup section */
		2538B3D37012C65EF4ABCDD4 /* Sources */ = {
			isa = PBXGroup;
			children = (
				0A6C01FAE7EB92062D3FF810 /* AppDelegate.h */,
				85E9E19A73E6F1338FD38EA3 /* AppDelegate.m */,
				FE4A4BC98583FFD0782FB62E /* main.m */,
				315FE9369D0DE455E570E510 /* ViewController.h */,
				D4930E07450744C9CADB3E27 /* ViewController.m */,
			);
			name = Sources;
			path = Sources;
			sourceTree = "<group>";
		};
		40C778C8E07596CD94879ADA /* Config */ = {
			isa = PBXGroup;
			children = (
				FE880FA9023FCF6AD605EAEB /* _Common.xcconfig */,
				2E1B815CE7951E2F9C0E12B9 /* Architectures.xcconfig */,
				DB6E6BD4F8E10D75F1BC802F /* AssetCatalog.xcconfig */,
				A2308EAE5988570226F27C2F /* BuildOptions.xcconfig */,
				E471243649C9B0BD0A3ECE55 /* ClangAnalyzer.xcconfig */,
				D83F8C57F0D766A33637079A /* ClangCppLanguage.xcconfig */,
				7B5677CD309D0D244726C079 /* ClangLanguage.xcconfig */,
				3955CB213D00411223642D2C /* ClangModules.xcconfig */,
				7C5DD8CB20255815E8123EC2 /* ClangObjCLanguage.xcconfig */,
				2067B8B47E0550824686CA86 /* ClangPreprocessing.xcconfig */,
				0F1D6E83C0040E6A5B4B6FD8 /* ClangWarnings.xcconfig */,
				7C20404A2AC87C0731FD63B7 /* ClangWarningsCpp.xcconfig */,
				989D107E412E831AF52231BE /* ClangWarningsObjC.xcconfig */,
				40DE3E398BC6617EB07091B6 /* CodeGeneration.xcconfig */,
				09DB4383AB0E813F6A7E7EBE /* Deployment.xcconfig */,
				9F17E3EE9E0574AA89072202 /* Linking.xcconfig */,
				D537AD92E942F54A775099C2 /* Localization.xcconfig */,
				FA513B87963F26B832670BC2 /* Metal.xcconfig */,
				49BE92244F6630B69DC7C7EF /* Packaging.xcconfig */,
				9C4E4A4AC7E51FC67F298EBD /* SearchPaths.xcconfig */,
				8D4C7AC8EE0E43A704BC8E9D /* Signing.xcconfig */,
				E9D390316EC722B6688C2D74 /* Swift.xcconfig */,
			);
			name = Config;
			path = ../../../Shared/Config;
			sourceTree = "<group>";
		};
		6AC71FB95AE00F2CB1D95922 /* Packages */ = {
			isa = PBXGroup;
			children = (
				E33919D0D2DF8045E2EC1496 /* sentry-cocoa */,
			);
			name = Packages;
			sourceTree = "<group>";
		};
		7C346D34AEA6A2F1BA3FAF98 = {
			isa = PBXGroup;
			children = (
				B4FD23FEB2C4D448E8C314EE /* App */,
				6AC71FB95AE00F2CB1D95922 /* Packages */,
				B9DDE48AE60EC31C1F669378 /* Products */,
			);
			sourceTree = "<group>";
		};
		B4FD23FEB2C4D448E8C314EE /* App */ = {
			isa = PBXGroup;
			children = (
				F6319C28CF151C5A2C0337EF /* Configurations */,
				CECC93DD8F8E772D7784C199 /* Resources */,
				2538B3D37012C65EF4ABCDD4 /* Sources */,
			);
			path = App;
			sourceTree = "<group>";
		};
		B9DDE48AE60EC31C1F669378 /* Products */ = {
			isa = PBXGroup;
			children = (
				A488096BA4FAC484E7AB623A /* iOS-ObjectiveC-Static.app */,
			);
			name = Products;
			sourceTree = "<group>";
		};
		CECC93DD8F8E772D7784C199 /* Resources */ = {
			isa = PBXGroup;
			children = (
				9D3AB57CEC6BF8A63C446A2C /* SampleAssets.xcassets */,
				7EF2F52D8AD5EEC889FBB127 /* LaunchScreen.storyboard */,
				E80B02855E0BE4478B771BA6 /* Main.storyboard */,
			);
			name = Resources;
			path = Resources;
			sourceTree = "<group>";
		};
		F6319C28CF151C5A2C0337EF /* Configurations */ = {
			isa = PBXGroup;
			children = (
				0239ED41B865C470D6932351 /* Info.plist */,
				98243C67775FED598836BB6F /* iOS-ObjectiveC-Static.entitlements */,
				41A334F08D9C89B2DBB58403 /* iOS-ObjectiveC-Static.xcconfig */,
				977B7335C8B17354908AABB5 /* iOS-ObjectiveC-Static.yml */,
				40C778C8E07596CD94879ADA /* Config */,
			);
			name = Configurations;
			path = Configurations;
			sourceTree = "<group>";
		};
/* End PBXGroup section */

/* Begin PBXNativeTarget section */
		0CEE9C1605BA772E26D9CD5D /* iOS-ObjectiveC-Static */ = {
			isa = PBXNativeTarget;
			buildConfigurationList = 5C1FB9B4F6B44971192E2AB3 /* Build configuration list for PBXNativeTarget "iOS-ObjectiveC-Static" */;
			buildPhases = (
				AC1987CA910EC653A26925A5 /* Sources */,
				93D2EA5C1F41A6688B8CB133 /* Resources */,
				5509488C0E3FD2962C6BF16D /* Frameworks */,
			);
			buildRules = (
			);
			dependencies = (
			);
			name = "iOS-ObjectiveC-Static";
			packageProductDependencies = (
				8F89128AEF4301E1A97509A6 /* SentryObjC-Static */,
			);
			productName = "iOS-ObjectiveC-Static";
			productReference = A488096BA4FAC484E7AB623A /* iOS-ObjectiveC-Static.app */;
			productType = "com.apple.product-type.application";
		};
/* End PBXNativeTarget section */

/* Begin PBXProject section */
		86A1612F64C36A69651C1975 /* Project object */ = {
			isa = PBXProject;
			attributes = {
				BuildIndependentTargetsInParallel = YES;
				LastUpgradeCheck = 1430;
				TargetAttributes = {
					0CEE9C1605BA772E26D9CD5D = {
						DevelopmentTeam = 97JCY7859U;
						ProvisioningStyle = Automatic;
					};
				};
			};
			buildConfigurationList = E0803D8C323C7D0FA0D1314F /* Build configuration list for PBXProject "iOS-ObjectiveC-Static" */;
			developmentRegion = en;
			hasScannedForEncodings = 0;
			knownRegions = (
				Base,
				en,
			);
			mainGroup = 7C346D34AEA6A2F1BA3FAF98;
			minimizedProjectReferenceProxies = 1;
			packageReferences = (
				77A0F66E7EE282F87A5EE16E /* XCLocalSwiftPackageReference "../.." */,
			);
			preferredProjectObjectVersion = 77;
			productRefGroup = B9DDE48AE60EC31C1F669378 /* Products */;
			projectDirPath = "";
			projectRoot = "";
			targets = (
				0CEE9C1605BA772E26D9CD5D /* iOS-ObjectiveC-Static */,
			);
		};
/* End PBXProject section */

/* Begin PBXResourcesBuildPhase section */
		93D2EA5C1F41A6688B8CB133 /* Resources */ = {
			isa = PBXResourcesBuildPhase;
			buildActionMask = 2147483647;
			files = (
				0A43A051E4D3E408F86C8DF3 /* LaunchScreen.storyboard in Resources */,
				65604628BE1CA316432B5ED2 /* Main.storyboard in Resources */,
				CA5E6B15601DF597E57FA2C4 /* SampleAssets.xcassets in Resources */,
			);
			runOnlyForDeploymentPostprocessing = 0;
		};
/* End PBXResourcesBuildPhase section */

/* Begin PBXSourcesBuildPhase section */
		AC1987CA910EC653A26925A5 /* Sources */ = {
			isa = PBXSourcesBuildPhase;
			buildActionMask = 2147483647;
			files = (
				9EB4A94F02789398A8EA28D4 /* AppDelegate.m in Sources */,
				53620F45467DD665B2BABE9B /* ViewController.m in Sources */,
				98B9389DE3470C9BCD72984D /* main.m in Sources */,
			);
			runOnlyForDeploymentPostprocessing = 0;
		};
/* End PBXSourcesBuildPhase section */

/* Begin PBXVariantGroup section */
		7EF2F52D8AD5EEC889FBB127 /* LaunchScreen.storyboard */ = {
			isa = PBXVariantGroup;
			children = (
				6F0A71EF863C53231981CFFD /* Base */,
			);
			name = LaunchScreen.storyboard;
			sourceTree = "<group>";
		};
		E80B02855E0BE4478B771BA6 /* Main.storyboard */ = {
			isa = PBXVariantGroup;
			children = (
				C98416C067C7E516EEF9C0E4 /* Base */,
			);
			name = Main.storyboard;
			sourceTree = "<group>";
		};
/* End PBXVariantGroup section */

/* Begin XCBuildConfiguration section */
		3A13A3FCC09E2F1C4343239F /* Debug */ = {
			isa = XCBuildConfiguration;
			baseConfigurationReference = 41A334F08D9C89B2DBB58403 /* iOS-ObjectiveC-Static.xcconfig */;
			buildSettings = {
				"" = 15.0;
				INFOPLIST_FILE = App/Configurations/Info.plist;
			};
			name = Debug;
		};
		59052381A6089DA44DCF9450 /* Debug */ = {
			isa = XCBuildConfiguration;
			buildSettings = {
				ALWAYS_SEARCH_USER_PATHS = NO;
				CLANG_ANALYZER_NONNULL = YES;
				CLANG_ANALYZER_NUMBER_OBJECT_CONVERSION = YES_AGGRESSIVE;
				CLANG_CXX_LANGUAGE_STANDARD = "gnu++14";
				CLANG_CXX_LIBRARY = "libc++";
				CLANG_ENABLE_MODULES = YES;
				CLANG_ENABLE_OBJC_ARC = YES;
				CLANG_ENABLE_OBJC_WEAK = YES;
				CLANG_WARN_BLOCK_CAPTURE_AUTORELEASING = YES;
				CLANG_WARN_BOOL_CONVERSION = YES;
				CLANG_WARN_COMMA = YES;
				CLANG_WARN_CONSTANT_CONVERSION = YES;
				CLANG_WARN_DEPRECATED_OBJC_IMPLEMENTATIONS = YES;
				CLANG_WARN_DIRECT_OBJC_ISA_USAGE = YES_ERROR;
				CLANG_WARN_DOCUMENTATION_COMMENTS = YES;
				CLANG_WARN_EMPTY_BODY = YES;
				CLANG_WARN_ENUM_CONVERSION = YES;
				CLANG_WARN_INFINITE_RECURSION = YES;
				CLANG_WARN_INT_CONVERSION = YES;
				CLANG_WARN_NON_LITERAL_NULL_CONVERSION = YES;
				CLANG_WARN_OBJC_IMPLICIT_RETAIN_SELF = YES;
				CLANG_WARN_OBJC_LITERAL_CONVERSION = YES;
				CLANG_WARN_OBJC_ROOT_CLASS = YES_ERROR;
				CLANG_WARN_QUOTED_INCLUDE_IN_FRAMEWORK_HEADER = YES;
				CLANG_WARN_RANGE_LOOP_ANALYSIS = YES;
				CLANG_WARN_STRICT_PROTOTYPES = YES;
				CLANG_WARN_SUSPICIOUS_MOVE = YES;
				CLANG_WARN_UNGUARDED_AVAILABILITY = YES_AGGRESSIVE;
				CLANG_WARN_UNREACHABLE_CODE = YES;
				CLANG_WARN__DUPLICATE_METHOD_MATCH = YES;
				COPY_PHASE_STRIP = NO;
				DEBUG_INFORMATION_FORMAT = dwarf;
				ENABLE_STRICT_OBJC_MSGSEND = YES;
				ENABLE_TESTABILITY = YES;
				GCC_C_LANGUAGE_STANDARD = gnu11;
				GCC_DYNAMIC_NO_PIC = NO;
				GCC_NO_COMMON_BLOCKS = YES;
				GCC_OPTIMIZATION_LEVEL = 0;
				GCC_PREPROCESSOR_DEFINITIONS = (
					"$(inherited)",
					"DEBUG=1",
				);
				GCC_WARN_64_TO_32_BIT_CONVERSION = YES;
				GCC_WARN_ABOUT_RETURN_TYPE = YES_ERROR;
				GCC_WARN_UNDECLARED_SELECTOR = YES;
				GCC_WARN_UNINITIALIZED_AUTOS = YES_AGGRESSIVE;
				GCC_WARN_UNUSED_FUNCTION = YES;
				GCC_WARN_UNUSED_VARIABLE = YES;
				MTL_ENABLE_DEBUG_INFO = INCLUDE_SOURCE;
				MTL_FAST_MATH = YES;
				ONLY_ACTIVE_ARCH = YES;
				PRODUCT_NAME = "$(TARGET_NAME)";
				SDKROOT = auto;
				SWIFT_ACTIVE_COMPILATION_CONDITIONS = DEBUG;
				SWIFT_OPTIMIZATION_LEVEL = "-Onone";
				SWIFT_VERSION = 5.0;
			};
			name = Debug;
		};
		B0487176A789ED08F28AB3A2 /* Release */ = {
			isa = XCBuildConfiguration;
			baseConfigurationReference = 41A334F08D9C89B2DBB58403 /* iOS-ObjectiveC-Static.xcconfig */;
			buildSettings = {
				"" = 15.0;
				INFOPLIST_FILE = App/Configurations/Info.plist;
			};
			name = Release;
		};
		ECB6ECB4F3078ABA2485209C /* Release */ = {
			isa = XCBuildConfiguration;
			buildSettings = {
				ALWAYS_SEARCH_USER_PATHS = NO;
				CLANG_ANALYZER_NONNULL = YES;
				CLANG_ANALYZER_NUMBER_OBJECT_CONVERSION = YES_AGGRESSIVE;
				CLANG_CXX_LANGUAGE_STANDARD = "gnu++14";
				CLANG_CXX_LIBRARY = "libc++";
				CLANG_ENABLE_MODULES = YES;
				CLANG_ENABLE_OBJC_ARC = YES;
				CLANG_ENABLE_OBJC_WEAK = YES;
				CLANG_WARN_BLOCK_CAPTURE_AUTORELEASING = YES;
				CLANG_WARN_BOOL_CONVERSION = YES;
				CLANG_WARN_COMMA = YES;
				CLANG_WARN_CONSTANT_CONVERSION = YES;
				CLANG_WARN_DEPRECATED_OBJC_IMPLEMENTATIONS = YES;
				CLANG_WARN_DIRECT_OBJC_ISA_USAGE = YES_ERROR;
				CLANG_WARN_DOCUMENTATION_COMMENTS = YES;
				CLANG_WARN_EMPTY_BODY = YES;
				CLANG_WARN_ENUM_CONVERSION = YES;
				CLANG_WARN_INFINITE_RECURSION = YES;
				CLANG_WARN_INT_CONVERSION = YES;
				CLANG_WARN_NON_LITERAL_NULL_CONVERSION = YES;
				CLANG_WARN_OBJC_IMPLICIT_RETAIN_SELF = YES;
				CLANG_WARN_OBJC_LITERAL_CONVERSION = YES;
				CLANG_WARN_OBJC_ROOT_CLASS = YES_ERROR;
				CLANG_WARN_QUOTED_INCLUDE_IN_FRAMEWORK_HEADER = YES;
				CLANG_WARN_RANGE_LOOP_ANALYSIS = YES;
				CLANG_WARN_STRICT_PROTOTYPES = YES;
				CLANG_WARN_SUSPICIOUS_MOVE = YES;
				CLANG_WARN_UNGUARDED_AVAILABILITY = YES_AGGRESSIVE;
				CLANG_WARN_UNREACHABLE_CODE = YES;
				CLANG_WARN__DUPLICATE_METHOD_MATCH = YES;
				COPY_PHASE_STRIP = NO;
				DEBUG_INFORMATION_FORMAT = "dwarf-with-dsym";
				ENABLE_NS_ASSERTIONS = NO;
				ENABLE_STRICT_OBJC_MSGSEND = YES;
				GCC_C_LANGUAGE_STANDARD = gnu11;
				GCC_NO_COMMON_BLOCKS = YES;
				GCC_WARN_64_TO_32_BIT_CONVERSION = YES;
				GCC_WARN_ABOUT_RETURN_TYPE = YES_ERROR;
				GCC_WARN_UNDECLARED_SELECTOR = YES;
				GCC_WARN_UNINITIALIZED_AUTOS = YES_AGGRESSIVE;
				GCC_WARN_UNUSED_FUNCTION = YES;
				GCC_WARN_UNUSED_VARIABLE = YES;
				MTL_ENABLE_DEBUG_INFO = NO;
				MTL_FAST_MATH = YES;
				PRODUCT_NAME = "$(TARGET_NAME)";
				SDKROOT = auto;
				SWIFT_COMPILATION_MODE = wholemodule;
				SWIFT_OPTIMIZATION_LEVEL = "-O";
				SWIFT_VERSION = 5.0;
			};
			name = Release;
		};
/* End XCBuildConfiguration section */

/* Begin XCConfigurationList section */
		5C1FB9B4F6B44971192E2AB3 /* Build configuration list for PBXNativeTarget "iOS-ObjectiveC-Static" */ = {
			isa = XCConfigurationList;
			buildConfigurations = (
				3A13A3FCC09E2F1C4343239F /* Debug */,
				B0487176A789ED08F28AB3A2 /* Release */,
			);
			defaultConfigurationIsVisible = 0;
			defaultConfigurationName = Debug;
		};
		E0803D8C323C7D0FA0D1314F /* Build configuration list for PBXProject "iOS-ObjectiveC-Static" */ = {
			isa = XCConfigurationList;
			buildConfigurations = (
				59052381A6089DA44DCF9450 /* Debug */,
				ECB6ECB4F3078ABA2485209C /* Release */,
			);
			defaultConfigurationIsVisible = 0;
			defaultConfigurationName = Debug;
		};
/* End XCConfigurationList section */

/* Begin XCLocalSwiftPackageReference section */
		77A0F66E7EE282F87A5EE16E /* XCLocalSwiftPackageReference "../.." */ = {
			isa = XCLocalSwiftPackageReference;
			relativePath = ../..;
		};
/* End XCLocalSwiftPackageReference section */

/* Begin XCSwiftPackageProductDependency section */
		8F89128AEF4301E1A97509A6 /* SentryObjC-Static */ = {
			isa = XCSwiftPackageProductDependency;
			productName = "SentryObjC-Static";
		};
/* End XCSwiftPackageProductDependency section */
	};
	rootObject = 86A1612F64C36A69651C1975 /* Project object */;
}
