PODS:
  - KSCrash (1.5.9):
    - KSCrash/Installations (= 1.5.9)
  - KSCrash/Installations (1.5.9):
    - KSCrash/Recording
    - KSCrash/Reporting
  - KSCrash/no-arc (1.5.9)
  - KSCrash/Recording (1.5.9):
    - KSCrash/no-arc
  - KSCrash/Reporting (1.5.9):
    - KSCrash/Recording
    - KSCrash/Reporting/Filters (= 1.5.9)
    - KSCrash/Reporting/MessageUI (= 1.5.9)
    - KSCrash/Reporting/Sinks (= 1.5.9)
    - KSCrash/Reporting/Tools (= 1.5.9)
  - KSCrash/Reporting/Filters (1.5.9):
    - KSCrash/Recording
    - KSCrash/Reporting/Filters/Alert (= 1.5.9)
    - KSCrash/Reporting/Filters/AppleFmt (= 1.5.9)
    - KSCrash/Reporting/Filters/Base (= 1.5.9)
    - KSCrash/Reporting/Filters/Basic (= 1.5.9)
    - KSCrash/Reporting/Filters/GZip (= 1.5.9)
    - KSCrash/Reporting/Filters/JSON (= 1.5.9)
    - KSCrash/Reporting/Filters/Sets (= 1.5.9)
    - KSCrash/Reporting/Filters/Stringify (= 1.5.9)
    - KSCrash/Reporting/Filters/Tools (= 1.5.9)
  - KSCrash/Reporting/Filters/Alert (1.5.9):
    - KSCrash/Recording
    - KSCrash/Reporting/Filters/Base
  - KSCrash/Reporting/Filters/AppleFmt (1.5.9):
    - KSCrash/Recording
    - KSCrash/Reporting/Filters/Base
  - KSCrash/Reporting/Filters/Base (1.5.9):
    - KSCrash/Recording
  - KSCrash/Reporting/Filters/Basic (1.5.9):
    - KSCrash/Recording
    - KSCrash/Reporting/Filters/Base
  - KSCrash/Reporting/Filters/GZip (1.5.9):
    - KSCrash/Recording
    - KSCrash/Reporting/Filters/Base
  - KSCrash/Reporting/Filters/JSON (1.5.9):
    - KSCrash/Recording
    - KSCrash/Reporting/Filters/Base
  - KSCrash/Reporting/Filters/Sets (1.5.9):
    - KSCrash/Recording
    - KSCrash/Reporting/Filters/AppleFmt
    - KSCrash/Reporting/Filters/Base
    - KSCrash/Reporting/Filters/Basic
    - KSCrash/Reporting/Filters/GZip
    - KSCrash/Reporting/Filters/JSON
    - KSCrash/Reporting/Filters/Stringify
  - KSCrash/Reporting/Filters/Stringify (1.5.9):
    - KSCrash/Recording
    - KSCrash/Reporting/Filters/Base
  - KSCrash/Reporting/Filters/Tools (1.5.9):
    - KSCrash/Recording
  - KSCrash/Reporting/MessageUI (1.5.9):
    - KSCrash/Recording
  - KSCrash/Reporting/Sinks (1.5.9):
    - KSCrash/Recording
    - KSCrash/Reporting/Filters
    - KSCrash/Reporting/Tools
  - KSCrash/Reporting/Tools (1.5.9):
    - KSCrash/Recording
  - SentrySwift (0.2.2):
    - KSCrash (~> 1.5)

DEPENDENCIES:
  - KSCrash (from `../../../../KSCrash`)
  - SentrySwift (from `../../`)

EXTERNAL SOURCES:
  KSCrash:
    :path: "../../../../KSCrash"
  SentrySwift:
    :path: "../../"

SPEC CHECKSUMS:
  KSCrash: 8715751ee4bad83c7f0dffa0497e24aac1ba6069
  SentrySwift: ad0a3a7588936ba4f4dac26b9d549ee840ff29ab

PODFILE CHECKSUM: ccca22967986beda00532d4f9b9873c54d33e8e6

COCOAPODS: 1.0.1
