// !$*UTF8*$!
{
	archiveVersion = 1;
	classes = {
	};
	objectVersion = 50;
	objects = {

/* Begin PBXBuildFile section */
		630853532440C60F00DDE4CE /* Sentry.framework in Frameworks */ = {isa = PBXBuildFile; fileRef = 630853322440C44F00DDE4CE /* Sentry.framework */; };
		630853542440C60F00DDE4CE /* Sentry.framework in Embed Frameworks */ = {isa = PBXBuildFile; fileRef = 630853322440C44F00DDE4CE /* Sentry.framework */; settings = {ATTRIBUTES = (CodeSignOnCopy, RemoveHeadersOnCopy, ); }; };
		637AFDAA243B02760034958B /* AppDelegate.swift in Sources */ = {isa = PBXBuildFile; fileRef = 637AFDA9243B02760034958B /* AppDelegate.swift */; };
		637AFDAC243B02760034958B /* SceneDelegate.swift in Sources */ = {isa = PBXBuildFile; fileRef = 637AFDAB243B02760034958B /* SceneDelegate.swift */; };
		637AFDAE243B02760034958B /* ViewController.swift in Sources */ = {isa = PBXBuildFile; fileRef = 637AFDAD243B02760034958B /* ViewController.swift */; };
		637AFDB1243B02760034958B /* Main.storyboard in Resources */ = {isa = PBXBuildFile; fileRef = 637AFDAF243B02760034958B /* Main.storyboard */; };
		637AFDB3243B02770034958B /* Assets.xcassets in Resources */ = {isa = PBXBuildFile; fileRef = 637AFDB2243B02770034958B /* Assets.xcassets */; };
		637AFDB6243B02770034958B /* LaunchScreen.storyboard in Resources */ = {isa = PBXBuildFile; fileRef = 637AFDB4243B02770034958B /* LaunchScreen.storyboard */; };
		7B3427F825876A5200056519 /* Tongariro.jpg in Resources */ = {isa = PBXBuildFile; fileRef = 7B3427F725876A5200056519 /* Tongariro.jpg */; };
		7B371C35268B08F300207D8D /* DSNStorage.swift in Sources */ = {isa = PBXBuildFile; fileRef = 7B371C34268B08F300207D8D /* DSNStorage.swift */; };
		7B4AC44025D16AA00070736A /* RandomErrors.swift in Sources */ = {isa = PBXBuildFile; fileRef = 7B4AC43F25D16AA00070736A /* RandomErrors.swift */; };
		7B64386B26A6C544000D0F65 /* LaunchUITests.swift in Sources */ = {isa = PBXBuildFile; fileRef = 7B64386A26A6C544000D0F65 /* LaunchUITests.swift */; };
		7BFC8B0626D4D24B000D3504 /* LoremIpsum.txt in Resources */ = {isa = PBXBuildFile; fileRef = 7BFC8B0526D4D24B000D3504 /* LoremIpsum.txt */; };
		7BFC8B0926D4D2C1000D3504 /* LoremIpsumViewController.swift in Sources */ = {isa = PBXBuildFile; fileRef = 7BFC8B0826D4D2C1000D3504 /* LoremIpsumViewController.swift */; };
		8E8C57AF25EF16E6001CEEFA /* TraceTestViewController.swift in Sources */ = {isa = PBXBuildFile; fileRef = 8E8C57AE25EF16E6001CEEFA /* TraceTestViewController.swift */; };
		D890CD3C26CEE2FA001246CF /* NibViewController.xib in Resources */ = {isa = PBXBuildFile; fileRef = D890CD3B26CEE2FA001246CF /* NibViewController.xib */; };
		D890CD3F26CEE31B001246CF /* NibViewController.swift in Sources */ = {isa = PBXBuildFile; fileRef = D890CD3E26CEE31B001246CF /* NibViewController.swift */; };
/* End PBXBuildFile section */

/* Begin PBXContainerItemProxy section */
		630853312440C44F00DDE4CE /* PBXContainerItemProxy */ = {
			isa = PBXContainerItemProxy;
			containerPortal = 6308532C2440C44F00DDE4CE /* Sentry.xcodeproj */;
			proxyType = 2;
			remoteGlobalIDString = 63AA759B1EB8AEF500D153DE;
			remoteInfo = Sentry;
		};
		630853332440C44F00DDE4CE /* PBXContainerItemProxy */ = {
			isa = PBXContainerItemProxy;
			containerPortal = 6308532C2440C44F00DDE4CE /* Sentry.xcodeproj */;
			proxyType = 2;
			remoteGlobalIDString = 63AA76651EB8CB2F00D153DE;
			remoteInfo = SentryTests;
		};
		630853512440C60800DDE4CE /* PBXContainerItemProxy */ = {
			isa = PBXContainerItemProxy;
			containerPortal = 6308532C2440C44F00DDE4CE /* Sentry.xcodeproj */;
			proxyType = 1;
			remoteGlobalIDString = 63AA759A1EB8AEF500D153DE;
			remoteInfo = Sentry;
		};
		7B64386D26A6C544000D0F65 /* PBXContainerItemProxy */ = {
			isa = PBXContainerItemProxy;
			containerPortal = 637AFD9E243B02760034958B /* Project object */;
			proxyType = 1;
			remoteGlobalIDString = 637AFDA5243B02760034958B;
			remoteInfo = "iOS-Swift";
		};
/* End PBXContainerItemProxy section */

/* Begin PBXCopyFilesBuildPhase section */
		630853552440C60F00DDE4CE /* Embed Frameworks */ = {
			isa = PBXCopyFilesBuildPhase;
			buildActionMask = 2147483647;
			dstPath = "";
			dstSubfolderSpec = 10;
			files = (
				630853542440C60F00DDE4CE /* Sentry.framework in Embed Frameworks */,
			);
			name = "Embed Frameworks";
			runOnlyForDeploymentPostprocessing = 0;
		};
/* End PBXCopyFilesBuildPhase section */

/* Begin PBXFileReference section */
		6308532C2440C44F00DDE4CE /* Sentry.xcodeproj */ = {isa = PBXFileReference; lastKnownFileType = "wrapper.pb-project"; name = Sentry.xcodeproj; path = ../../Sentry.xcodeproj; sourceTree = "<group>"; };
		634C7EC224406A4200AFDE9F /* Sentry.framework */ = {isa = PBXFileReference; explicitFileType = wrapper.framework; path = Sentry.framework; sourceTree = BUILT_PRODUCTS_DIR; };
		637AFDA6243B02760034958B /* iOS-Swift.app */ = {isa = PBXFileReference; explicitFileType = wrapper.application; includeInIndex = 0; path = "iOS-Swift.app"; sourceTree = BUILT_PRODUCTS_DIR; };
		637AFDA9243B02760034958B /* AppDelegate.swift */ = {isa = PBXFileReference; lastKnownFileType = sourcecode.swift; path = AppDelegate.swift; sourceTree = "<group>"; };
		637AFDAB243B02760034958B /* SceneDelegate.swift */ = {isa = PBXFileReference; lastKnownFileType = sourcecode.swift; path = SceneDelegate.swift; sourceTree = "<group>"; };
		637AFDAD243B02760034958B /* ViewController.swift */ = {isa = PBXFileReference; lastKnownFileType = sourcecode.swift; path = ViewController.swift; sourceTree = "<group>"; };
		637AFDB0243B02760034958B /* Base */ = {isa = PBXFileReference; lastKnownFileType = file.storyboard; name = Base; path = Base.lproj/Main.storyboard; sourceTree = "<group>"; };
		637AFDB2243B02770034958B /* Assets.xcassets */ = {isa = PBXFileReference; lastKnownFileType = folder.assetcatalog; path = Assets.xcassets; sourceTree = "<group>"; };
		637AFDB5243B02770034958B /* Base */ = {isa = PBXFileReference; lastKnownFileType = file.storyboard; name = Base; path = Base.lproj/LaunchScreen.storyboard; sourceTree = "<group>"; };
		637AFDB7243B02770034958B /* Info.plist */ = {isa = PBXFileReference; lastKnownFileType = text.plist.xml; path = Info.plist; sourceTree = "<group>"; };
		63F93AA9245AC91600A500DB /* iOS-Swift.entitlements */ = {isa = PBXFileReference; lastKnownFileType = text.plist.entitlements; path = "iOS-Swift.entitlements"; sourceTree = "<group>"; };
		7B3427F725876A5200056519 /* Tongariro.jpg */ = {isa = PBXFileReference; lastKnownFileType = image.jpeg; path = Tongariro.jpg; sourceTree = "<group>"; };
		7B371C34268B08F300207D8D /* DSNStorage.swift */ = {isa = PBXFileReference; lastKnownFileType = sourcecode.swift; path = DSNStorage.swift; sourceTree = "<group>"; };
		7B4AC43F25D16AA00070736A /* RandomErrors.swift */ = {isa = PBXFileReference; lastKnownFileType = sourcecode.swift; path = RandomErrors.swift; sourceTree = "<group>"; };
		7B64386826A6C544000D0F65 /* iOS-SwiftUITests.xctest */ = {isa = PBXFileReference; explicitFileType = wrapper.cfbundle; includeInIndex = 0; path = "iOS-SwiftUITests.xctest"; sourceTree = BUILT_PRODUCTS_DIR; };
		7B64386A26A6C544000D0F65 /* LaunchUITests.swift */ = {isa = PBXFileReference; lastKnownFileType = sourcecode.swift; path = LaunchUITests.swift; sourceTree = "<group>"; };
		7B64386C26A6C544000D0F65 /* Info.plist */ = {isa = PBXFileReference; lastKnownFileType = text.plist.xml; path = Info.plist; sourceTree = "<group>"; };
		7BFC8B0526D4D24B000D3504 /* LoremIpsum.txt */ = {isa = PBXFileReference; lastKnownFileType = text; path = LoremIpsum.txt; sourceTree = "<group>"; };
		7BFC8B0826D4D2C1000D3504 /* LoremIpsumViewController.swift */ = {isa = PBXFileReference; lastKnownFileType = sourcecode.swift; path = LoremIpsumViewController.swift; sourceTree = "<group>"; };
		8E8C57AE25EF16E6001CEEFA /* TraceTestViewController.swift */ = {isa = PBXFileReference; lastKnownFileType = sourcecode.swift; path = TraceTestViewController.swift; sourceTree = "<group>"; };
		D890CD3B26CEE2FA001246CF /* NibViewController.xib */ = {isa = PBXFileReference; lastKnownFileType = file.xib; path = NibViewController.xib; sourceTree = "<group>"; };
		D890CD3E26CEE31B001246CF /* NibViewController.swift */ = {isa = PBXFileReference; lastKnownFileType = sourcecode.swift; path = NibViewController.swift; sourceTree = "<group>"; };
/* End PBXFileReference section */

/* Begin PBXFrameworksBuildPhase section */
		637AFDA3243B02760034958B /* Frameworks */ = {
			isa = PBXFrameworksBuildPhase;
			buildActionMask = 2147483647;
			files = (
				630853532440C60F00DDE4CE /* Sentry.framework in Frameworks */,
			);
			runOnlyForDeploymentPostprocessing = 0;
		};
		7B64386526A6C544000D0F65 /* Frameworks */ = {
			isa = PBXFrameworksBuildPhase;
			buildActionMask = 2147483647;
			files = (
			);
			runOnlyForDeploymentPostprocessing = 0;
		};
/* End PBXFrameworksBuildPhase section */

/* Begin PBXGroup section */
		6308532D2440C44F00DDE4CE /* Products */ = {
			isa = PBXGroup;
			children = (
				630853322440C44F00DDE4CE /* Sentry.framework */,
				630853342440C44F00DDE4CE /* SentryTests.xctest */,
			);
			name = Products;
			sourceTree = "<group>";
		};
		634C7EC124406A4200AFDE9F /* Frameworks */ = {
			isa = PBXGroup;
			children = (
				634C7EC224406A4200AFDE9F /* Sentry.framework */,
			);
			name = Frameworks;
			sourceTree = "<group>";
		};
		637AFD9D243B02760034958B = {
			isa = PBXGroup;
			children = (
				6308532C2440C44F00DDE4CE /* Sentry.xcodeproj */,
				637AFDA8243B02760034958B /* iOS-Swift */,
				7B64386926A6C544000D0F65 /* iOS-SwiftUITests */,
				637AFDA7243B02760034958B /* Products */,
				634C7EC124406A4200AFDE9F /* Frameworks */,
			);
			sourceTree = "<group>";
		};
		637AFDA7243B02760034958B /* Products */ = {
			isa = PBXGroup;
			children = (
				637AFDA6243B02760034958B /* iOS-Swift.app */,
				7B64386826A6C544000D0F65 /* iOS-SwiftUITests.xctest */,
			);
			name = Products;
			sourceTree = "<group>";
		};
		637AFDA8243B02760034958B /* iOS-Swift */ = {
			isa = PBXGroup;
			children = (
				63F93AA9245AC91600A500DB /* iOS-Swift.entitlements */,
				637AFDA9243B02760034958B /* AppDelegate.swift */,
				637AFDAB243B02760034958B /* SceneDelegate.swift */,
				637AFDAD243B02760034958B /* ViewController.swift */,
				7BFC8B0826D4D2C1000D3504 /* LoremIpsumViewController.swift */,
				7B4AC43F25D16AA00070736A /* RandomErrors.swift */,
				7B371C34268B08F300207D8D /* DSNStorage.swift */,
				637AFDAF243B02760034958B /* Main.storyboard */,
				637AFDB2243B02770034958B /* Assets.xcassets */,
				7B3427F725876A5200056519 /* Tongariro.jpg */,
				7BFC8B0526D4D24B000D3504 /* LoremIpsum.txt */,
				637AFDB4243B02770034958B /* LaunchScreen.storyboard */,
				637AFDB7243B02770034958B /* Info.plist */,
				8E8C57AE25EF16E6001CEEFA /* TraceTestViewController.swift */,
				D890CD3B26CEE2FA001246CF /* NibViewController.xib */,
				D890CD3E26CEE31B001246CF /* NibViewController.swift */,
			);
			path = "iOS-Swift";
			sourceTree = "<group>";
		};
		7B64386926A6C544000D0F65 /* iOS-SwiftUITests */ = {
			isa = PBXGroup;
			children = (
				7B64386A26A6C544000D0F65 /* LaunchUITests.swift */,
				7B64386C26A6C544000D0F65 /* Info.plist */,
			);
			path = "iOS-SwiftUITests";
			sourceTree = "<group>";
		};
/* End PBXGroup section */

/* Begin PBXNativeTarget section */
		637AFDA5243B02760034958B /* iOS-Swift */ = {
			isa = PBXNativeTarget;
			buildConfigurationList = 637AFDBA243B02770034958B /* Build configuration list for PBXNativeTarget "iOS-Swift" */;
			buildPhases = (
				637AFDA2243B02760034958B /* Sources */,
				637AFDA3243B02760034958B /* Frameworks */,
				637AFDA4243B02760034958B /* Resources */,
				630853552440C60F00DDE4CE /* Embed Frameworks */,
			);
			buildRules = (
			);
			dependencies = (
				630853522440C60800DDE4CE /* PBXTargetDependency */,
			);
			name = "iOS-Swift";
			productName = "iOS-Swift";
			productReference = 637AFDA6243B02760034958B /* iOS-Swift.app */;
			productType = "com.apple.product-type.application";
		};
		7B64386726A6C544000D0F65 /* iOS-SwiftUITests */ = {
			isa = PBXNativeTarget;
			buildConfigurationList = 7B64387226A6C544000D0F65 /* Build configuration list for PBXNativeTarget "iOS-SwiftUITests" */;
			buildPhases = (
				7B64386426A6C544000D0F65 /* Sources */,
				7B64386526A6C544000D0F65 /* Frameworks */,
				7B64386626A6C544000D0F65 /* Resources */,
			);
			buildRules = (
			);
			dependencies = (
				7B64386E26A6C544000D0F65 /* PBXTargetDependency */,
			);
			name = "iOS-SwiftUITests";
			productName = "iOS-SwiftUITests";
			productReference = 7B64386826A6C544000D0F65 /* iOS-SwiftUITests.xctest */;
			productType = "com.apple.product-type.bundle.ui-testing";
		};
/* End PBXNativeTarget section */

/* Begin PBXProject section */
		637AFD9E243B02760034958B /* Project object */ = {
			isa = PBXProject;
			attributes = {
				LastSwiftUpdateCheck = 1250;
				LastUpgradeCheck = 1200;
				ORGANIZATIONNAME = Sentry;
				TargetAttributes = {
					637AFDA5243B02760034958B = {
						CreatedOnToolsVersion = 11.4;
					};
					7B64386726A6C544000D0F65 = {
						CreatedOnToolsVersion = 12.5.1;
						TestTargetID = 637AFDA5243B02760034958B;
					};
				};
			};
			buildConfigurationList = 637AFDA1243B02760034958B /* Build configuration list for PBXProject "iOS-Swift" */;
			compatibilityVersion = "Xcode 9.3";
			developmentRegion = en;
			hasScannedForEncodings = 0;
			knownRegions = (
				en,
				Base,
			);
			mainGroup = 637AFD9D243B02760034958B;
			productRefGroup = 637AFDA7243B02760034958B /* Products */;
			projectDirPath = "";
			projectReferences = (
				{
					ProductGroup = 6308532D2440C44F00DDE4CE /* Products */;
					ProjectRef = 6308532C2440C44F00DDE4CE /* Sentry.xcodeproj */;
				},
			);
			projectRoot = "";
			targets = (
				637AFDA5243B02760034958B /* iOS-Swift */,
				7B64386726A6C544000D0F65 /* iOS-SwiftUITests */,
			);
		};
/* End PBXProject section */

/* Begin PBXReferenceProxy section */
		630853322440C44F00DDE4CE /* Sentry.framework */ = {
			isa = PBXReferenceProxy;
			fileType = wrapper.framework;
			path = Sentry.framework;
			remoteRef = 630853312440C44F00DDE4CE /* PBXContainerItemProxy */;
			sourceTree = BUILT_PRODUCTS_DIR;
		};
		630853342440C44F00DDE4CE /* SentryTests.xctest */ = {
			isa = PBXReferenceProxy;
			fileType = wrapper.cfbundle;
			path = SentryTests.xctest;
			remoteRef = 630853332440C44F00DDE4CE /* PBXContainerItemProxy */;
			sourceTree = BUILT_PRODUCTS_DIR;
		};
/* End PBXReferenceProxy section */

/* Begin PBXResourcesBuildPhase section */
		637AFDA4243B02760034958B /* Resources */ = {
			isa = PBXResourcesBuildPhase;
			buildActionMask = 2147483647;
			files = (
				D890CD3C26CEE2FA001246CF /* NibViewController.xib in Resources */,
				7BFC8B0626D4D24B000D3504 /* LoremIpsum.txt in Resources */,
				637AFDB6243B02770034958B /* LaunchScreen.storyboard in Resources */,
				7B3427F825876A5200056519 /* Tongariro.jpg in Resources */,
				637AFDB3243B02770034958B /* Assets.xcassets in Resources */,
				637AFDB1243B02760034958B /* Main.storyboard in Resources */,
			);
			runOnlyForDeploymentPostprocessing = 0;
		};
		7B64386626A6C544000D0F65 /* Resources */ = {
			isa = PBXResourcesBuildPhase;
			buildActionMask = 2147483647;
			files = (
			);
			runOnlyForDeploymentPostprocessing = 0;
		};
/* End PBXResourcesBuildPhase section */

/* Begin PBXSourcesBuildPhase section */
		637AFDA2243B02760034958B /* Sources */ = {
			isa = PBXSourcesBuildPhase;
			buildActionMask = 2147483647;
			files = (
				D890CD3F26CEE31B001246CF /* NibViewController.swift in Sources */,
				637AFDAE243B02760034958B /* ViewController.swift in Sources */,
				637AFDAA243B02760034958B /* AppDelegate.swift in Sources */,
				8E8C57AF25EF16E6001CEEFA /* TraceTestViewController.swift in Sources */,
				637AFDAC243B02760034958B /* SceneDelegate.swift in Sources */,
				7BFC8B0926D4D2C1000D3504 /* LoremIpsumViewController.swift in Sources */,
				7B371C35268B08F300207D8D /* DSNStorage.swift in Sources */,
				7B4AC44025D16AA00070736A /* RandomErrors.swift in Sources */,
			);
			runOnlyForDeploymentPostprocessing = 0;
		};
		7B64386426A6C544000D0F65 /* Sources */ = {
			isa = PBXSourcesBuildPhase;
			buildActionMask = 2147483647;
			files = (
				7B64386B26A6C544000D0F65 /* LaunchUITests.swift in Sources */,
			);
			runOnlyForDeploymentPostprocessing = 0;
		};
/* End PBXSourcesBuildPhase section */

/* Begin PBXTargetDependency section */
		630853522440C60800DDE4CE /* PBXTargetDependency */ = {
			isa = PBXTargetDependency;
			name = Sentry;
			targetProxy = 630853512440C60800DDE4CE /* PBXContainerItemProxy */;
		};
		7B64386E26A6C544000D0F65 /* PBXTargetDependency */ = {
			isa = PBXTargetDependency;
			target = 637AFDA5243B02760034958B /* iOS-Swift */;
			targetProxy = 7B64386D26A6C544000D0F65 /* PBXContainerItemProxy */;
		};
/* End PBXTargetDependency section */

/* Begin PBXVariantGroup section */
		637AFDAF243B02760034958B /* Main.storyboard */ = {
			isa = PBXVariantGroup;
			children = (
				637AFDB0243B02760034958B /* Base */,
			);
			name = Main.storyboard;
			sourceTree = "<group>";
		};
		637AFDB4243B02770034958B /* LaunchScreen.storyboard */ = {
			isa = PBXVariantGroup;
			children = (
				637AFDB5243B02770034958B /* Base */,
			);
			name = LaunchScreen.storyboard;
			sourceTree = "<group>";
		};
/* End PBXVariantGroup section */

/* Begin XCBuildConfiguration section */
		637AFDB8243B02770034958B /* Debug */ = {
			isa = XCBuildConfiguration;
			buildSettings = {
				ALWAYS_SEARCH_USER_PATHS = NO;
				CLANG_ANALYZER_NONNULL = YES;
				CLANG_ANALYZER_NUMBER_OBJECT_CONVERSION = YES_AGGRESSIVE;
				CLANG_CXX_LANGUAGE_STANDARD = "gnu++14";
				CLANG_CXX_LIBRARY = "libc++";
				CLANG_ENABLE_MODULES = YES;
				CLANG_ENABLE_OBJC_ARC = YES;
				CLANG_ENABLE_OBJC_WEAK = YES;
				CLANG_WARN_BLOCK_CAPTURE_AUTORELEASING = YES;
				CLANG_WARN_BOOL_CONVERSION = YES;
				CLANG_WARN_COMMA = YES;
				CLANG_WARN_CONSTANT_CONVERSION = YES;
				CLANG_WARN_DEPRECATED_OBJC_IMPLEMENTATIONS = YES;
				CLANG_WARN_DIRECT_OBJC_ISA_USAGE = YES_ERROR;
				CLANG_WARN_DOCUMENTATION_COMMENTS = YES;
				CLANG_WARN_EMPTY_BODY = YES;
				CLANG_WARN_ENUM_CONVERSION = YES;
				CLANG_WARN_INFINITE_RECURSION = YES;
				CLANG_WARN_INT_CONVERSION = YES;
				CLANG_WARN_NON_LITERAL_NULL_CONVERSION = YES;
				CLANG_WARN_OBJC_IMPLICIT_RETAIN_SELF = YES;
				CLANG_WARN_OBJC_LITERAL_CONVERSION = YES;
				CLANG_WARN_OBJC_ROOT_CLASS = YES_ERROR;
				CLANG_WARN_QUOTED_INCLUDE_IN_FRAMEWORK_HEADER = YES;
				CLANG_WARN_RANGE_LOOP_ANALYSIS = YES;
				CLANG_WARN_STRICT_PROTOTYPES = YES;
				CLANG_WARN_SUSPICIOUS_MOVE = YES;
				CLANG_WARN_UNGUARDED_AVAILABILITY = YES_AGGRESSIVE;
				CLANG_WARN_UNREACHABLE_CODE = YES;
				CLANG_WARN__DUPLICATE_METHOD_MATCH = YES;
				COPY_PHASE_STRIP = NO;
				DEBUG_INFORMATION_FORMAT = dwarf;
				ENABLE_STRICT_OBJC_MSGSEND = YES;
				ENABLE_TESTABILITY = YES;
				GCC_C_LANGUAGE_STANDARD = gnu11;
				GCC_DYNAMIC_NO_PIC = NO;
				GCC_NO_COMMON_BLOCKS = YES;
				GCC_OPTIMIZATION_LEVEL = 0;
				GCC_PREPROCESSOR_DEFINITIONS = (
					"DEBUG=1",
					"$(inherited)",
				);
				GCC_WARN_64_TO_32_BIT_CONVERSION = YES;
				GCC_WARN_ABOUT_RETURN_TYPE = YES_ERROR;
				GCC_WARN_UNDECLARED_SELECTOR = YES;
				GCC_WARN_UNINITIALIZED_AUTOS = YES_AGGRESSIVE;
				GCC_WARN_UNUSED_FUNCTION = YES;
				GCC_WARN_UNUSED_VARIABLE = YES;
				IPHONEOS_DEPLOYMENT_TARGET = 13.4;
				MTL_ENABLE_DEBUG_INFO = INCLUDE_SOURCE;
				MTL_FAST_MATH = YES;
				ONLY_ACTIVE_ARCH = YES;
				SDKROOT = iphoneos;
				SWIFT_ACTIVE_COMPILATION_CONDITIONS = DEBUG;
				SWIFT_OPTIMIZATION_LEVEL = "-Onone";
			};
			name = Debug;
		};
		637AFDB9243B02770034958B /* Release */ = {
			isa = XCBuildConfiguration;
			buildSettings = {
				ALWAYS_SEARCH_USER_PATHS = NO;
				CLANG_ANALYZER_NONNULL = YES;
				CLANG_ANALYZER_NUMBER_OBJECT_CONVERSION = YES_AGGRESSIVE;
				CLANG_CXX_LANGUAGE_STANDARD = "gnu++14";
				CLANG_CXX_LIBRARY = "libc++";
				CLANG_ENABLE_MODULES = YES;
				CLANG_ENABLE_OBJC_ARC = YES;
				CLANG_ENABLE_OBJC_WEAK = YES;
				CLANG_WARN_BLOCK_CAPTURE_AUTORELEASING = YES;
				CLANG_WARN_BOOL_CONVERSION = YES;
				CLANG_WARN_COMMA = YES;
				CLANG_WARN_CONSTANT_CONVERSION = YES;
				CLANG_WARN_DEPRECATED_OBJC_IMPLEMENTATIONS = YES;
				CLANG_WARN_DIRECT_OBJC_ISA_USAGE = YES_ERROR;
				CLANG_WARN_DOCUMENTATION_COMMENTS = YES;
				CLANG_WARN_EMPTY_BODY = YES;
				CLANG_WARN_ENUM_CONVERSION = YES;
				CLANG_WARN_INFINITE_RECURSION = YES;
				CLANG_WARN_INT_CONVERSION = YES;
				CLANG_WARN_NON_LITERAL_NULL_CONVERSION = YES;
				CLANG_WARN_OBJC_IMPLICIT_RETAIN_SELF = YES;
				CLANG_WARN_OBJC_LITERAL_CONVERSION = YES;
				CLANG_WARN_OBJC_ROOT_CLASS = YES_ERROR;
				CLANG_WARN_QUOTED_INCLUDE_IN_FRAMEWORK_HEADER = YES;
				CLANG_WARN_RANGE_LOOP_ANALYSIS = YES;
				CLANG_WARN_STRICT_PROTOTYPES = YES;
				CLANG_WARN_SUSPICIOUS_MOVE = YES;
				CLANG_WARN_UNGUARDED_AVAILABILITY = YES_AGGRESSIVE;
				CLANG_WARN_UNREACHABLE_CODE = YES;
				CLANG_WARN__DUPLICATE_METHOD_MATCH = YES;
				COPY_PHASE_STRIP = NO;
				DEBUG_INFORMATION_FORMAT = "dwarf-with-dsym";
				ENABLE_NS_ASSERTIONS = NO;
				ENABLE_STRICT_OBJC_MSGSEND = YES;
				GCC_C_LANGUAGE_STANDARD = gnu11;
				GCC_NO_COMMON_BLOCKS = YES;
				GCC_WARN_64_TO_32_BIT_CONVERSION = YES;
				GCC_WARN_ABOUT_RETURN_TYPE = YES_ERROR;
				GCC_WARN_UNDECLARED_SELECTOR = YES;
				GCC_WARN_UNINITIALIZED_AUTOS = YES_AGGRESSIVE;
				GCC_WARN_UNUSED_FUNCTION = YES;
				GCC_WARN_UNUSED_VARIABLE = YES;
				IPHONEOS_DEPLOYMENT_TARGET = 13.4;
				MTL_ENABLE_DEBUG_INFO = NO;
				MTL_FAST_MATH = YES;
				SDKROOT = iphoneos;
				SWIFT_COMPILATION_MODE = wholemodule;
				SWIFT_OPTIMIZATION_LEVEL = "-O";
				VALIDATE_PRODUCT = YES;
			};
			name = Release;
		};
		637AFDBB243B02770034958B /* Debug */ = {
			isa = XCBuildConfiguration;
			buildSettings = {
				ASSETCATALOG_COMPILER_APPICON_NAME = AppIcon;
				CODE_SIGN_ENTITLEMENTS = "iOS-Swift/iOS-Swift.entitlements";
				CODE_SIGN_IDENTITY = "iPhone Distribution";
				CODE_SIGN_STYLE = Manual;
				CURRENT_PROJECT_VERSION = 1;
				DEVELOPMENT_TEAM = "";
				INFOPLIST_FILE = "iOS-Swift/Info.plist";
				LD_RUNPATH_SEARCH_PATHS = (
					"$(inherited)",
					"@executable_path/Frameworks",
				);
				MARKETING_VERSION = 7.2.8;
				PRODUCT_BUNDLE_IDENTIFIER = "io.sentry.sample.iOS-Swift";
				PRODUCT_NAME = "$(TARGET_NAME)";
				PROVISIONING_PROFILE_SPECIFIER = "";
				"PROVISIONING_PROFILE_SPECIFIER[sdk=macosx*]" = "";
				SUPPORTS_MACCATALYST = YES;
				SWIFT_VERSION = 5.0;
				TARGETED_DEVICE_FAMILY = "1,2";
			};
			name = Debug;
		};
		637AFDBC243B02770034958B /* Release */ = {
			isa = XCBuildConfiguration;
			buildSettings = {
				ASSETCATALOG_COMPILER_APPICON_NAME = AppIcon;
				CODE_SIGN_ENTITLEMENTS = "iOS-Swift/iOS-Swift.entitlements";
				CODE_SIGN_IDENTITY = "iPhone Distribution";
				CODE_SIGN_STYLE = Manual;
				CURRENT_PROJECT_VERSION = 1;
				DEVELOPMENT_TEAM = 97JCY7859U;
				INFOPLIST_FILE = "iOS-Swift/Info.plist";
				LD_RUNPATH_SEARCH_PATHS = (
					"$(inherited)",
					"@executable_path/Frameworks",
				);
				MARKETING_VERSION = 7.2.8;
				PRODUCT_BUNDLE_IDENTIFIER = "io.sentry.sample.iOS-Swift";
				PRODUCT_NAME = "$(TARGET_NAME)";
				PROVISIONING_PROFILE_SPECIFIER = "match AppStore io.sentry.sample.iOS-Swift";
				"PROVISIONING_PROFILE_SPECIFIER[sdk=macosx*]" = "";
				SUPPORTS_MACCATALYST = YES;
				SWIFT_VERSION = 5.0;
				TARGETED_DEVICE_FAMILY = "1,2";
			};
			name = Release;
		};
		7B64386F26A6C544000D0F65 /* Debug */ = {
			isa = XCBuildConfiguration;
			buildSettings = {
				CODE_SIGN_STYLE = Automatic;
				DEVELOPMENT_TEAM = 97JCY7859U;
				INFOPLIST_FILE = "iOS-SwiftUITests/Info.plist";
				IPHONEOS_DEPLOYMENT_TARGET = 14.5;
				LD_RUNPATH_SEARCH_PATHS = (
					"$(inherited)",
					"@executable_path/Frameworks",
					"@loader_path/Frameworks",
				);
				PRODUCT_BUNDLE_IDENTIFIER = "io.sentry.iOS-SwiftUITests";
				PRODUCT_NAME = "$(TARGET_NAME)";
				SWIFT_VERSION = 5.0;
				TARGETED_DEVICE_FAMILY = "1,2";
				TEST_TARGET_NAME = "iOS-Swift";
			};
			name = Debug;
		};
		7B64387026A6C544000D0F65 /* Release */ = {
			isa = XCBuildConfiguration;
			buildSettings = {
				CODE_SIGN_STYLE = Automatic;
				DEVELOPMENT_TEAM = 97JCY7859U;
				INFOPLIST_FILE = "iOS-SwiftUITests/Info.plist";
				IPHONEOS_DEPLOYMENT_TARGET = 14.5;
				LD_RUNPATH_SEARCH_PATHS = (
					"$(inherited)",
					"@executable_path/Frameworks",
					"@loader_path/Frameworks",
				);
				PRODUCT_BUNDLE_IDENTIFIER = "io.sentry.iOS-SwiftUITests";
				PRODUCT_NAME = "$(TARGET_NAME)";
				SWIFT_VERSION = 5.0;
				TARGETED_DEVICE_FAMILY = "1,2";
				TEST_TARGET_NAME = "iOS-Swift";
			};
			name = Release;
		};
/* End XCBuildConfiguration section */

/* Begin XCConfigurationList section */
		637AFDA1243B02760034958B /* Build configuration list for PBXProject "iOS-Swift" */ = {
			isa = XCConfigurationList;
			buildConfigurations = (
				637AFDB8243B02770034958B /* Debug */,
				637AFDB9243B02770034958B /* Release */,
			);
			defaultConfigurationIsVisible = 0;
			defaultConfigurationName = Release;
		};
		637AFDBA243B02770034958B /* Build configuration list for PBXNativeTarget "iOS-Swift" */ = {
			isa = XCConfigurationList;
			buildConfigurations = (
				637AFDBB243B02770034958B /* Debug */,
				637AFDBC243B02770034958B /* Release */,
			);
			defaultConfigurationIsVisible = 0;
			defaultConfigurationName = Release;
		};
		7B64387226A6C544000D0F65 /* Build configuration list for PBXNativeTarget "iOS-SwiftUITests" */ = {
			isa = XCConfigurationList;
			buildConfigurations = (
				7B64386F26A6C544000D0F65 /* Debug */,
				7B64387026A6C544000D0F65 /* Release */,
			);
			defaultConfigurationIsVisible = 0;
			defaultConfigurationName = Release;
		};
/* End XCConfigurationList section */
	};
	rootObject = 637AFD9E243B02760034958B /* Project object */;
}
