// !$*UTF8*$!
{
	archiveVersion = 1;
	classes = {
	};
	objectVersion = 50;
	objects = {

/* Begin PBXBuildFile section */
		7B34280025876DF000056519 /* Tongariro.jpg in Resources */ = {isa = PBXBuildFile; fileRef = 7B3427FF25876DF000056519 /* Tongariro.jpg */; };
		7B64388926A6C71A000D0F65 /* LaunchUITests.swift in Sources */ = {isa = PBXBuildFile; fileRef = 7B64388826A6C71A000D0F65 /* LaunchUITests.swift */; };
		7BA61D66247FA32600C130A8 /* AppDelegate.swift in Sources */ = {isa = PBXBuildFile; fileRef = 7BA61D65247FA32600C130A8 /* AppDelegate.swift */; };
		7BA61D68247FA32600C130A8 /* ContentView.swift in Sources */ = {isa = PBXBuildFile; fileRef = 7BA61D67247FA32600C130A8 /* ContentView.swift */; };
		7BA61D6A247FA32600C130A8 /* Assets.xcassets in Resources */ = {isa = PBXBuildFile; fileRef = 7BA61D69247FA32600C130A8 /* Assets.xcassets */; };
		7BA61D70247FA32600C130A8 /* LaunchScreen.storyboard in Resources */ = {isa = PBXBuildFile; fileRef = 7BA61D6E247FA32600C130A8 /* LaunchScreen.storyboard */; };
		7BA61D7A247FA35500C130A8 /* Sentry.framework in Embed Frameworks */ = {isa = PBXBuildFile; fileRef = 7BA61D78247FA35500C130A8 /* Sentry.framework */; settings = {ATTRIBUTES = (CodeSignOnCopy, RemoveHeadersOnCopy, ); }; };
		8466D4E328DE64F100932CE7 /* SentryDeviceTests.mm in Sources */ = {isa = PBXBuildFile; fileRef = 8466D4E228DE64F100932CE7 /* SentryDeviceTests.mm */; };
		8466D4E428DE64F100932CE7 /* SentryDevice.mm in Sources */ = {isa = PBXBuildFile; fileRef = 8466D4E128DE64F000932CE7 /* SentryDevice.mm */; };
		84D4FEBF28ECD8A800EDAAFE /* Sentry.framework in Frameworks */ = {isa = PBXBuildFile; fileRef = 84D4FEBC28ECD8A100EDAAFE /* Sentry.framework */; };
		84D4FEC028ECD8AF00EDAAFE /* Sentry.framework in Frameworks */ = {isa = PBXBuildFile; fileRef = 84D4FEBC28ECD8A100EDAAFE /* Sentry.framework */; };
		84F7EE822B0E9EAD007206E9 /* SentryBaseObject.m in Sources */ = {isa = PBXBuildFile; fileRef = 84F7EE732B0E9EAD007206E9 /* SentryBaseObject.m */; };
		D822A4232760D15000E7B241 /* AppDelegate.swift in Sources */ = {isa = PBXBuildFile; fileRef = D822A4222760D15000E7B241 /* AppDelegate.swift */; };
		D822A4252760D15000E7B241 /* ViewController.swift in Sources */ = {isa = PBXBuildFile; fileRef = D822A4242760D15000E7B241 /* ViewController.swift */; };
		D822A4282760D15000E7B241 /* Main.storyboard in Resources */ = {isa = PBXBuildFile; fileRef = D822A4262760D15000E7B241 /* Main.storyboard */; };
		D822A42A2760D15100E7B241 /* Assets.xcassets in Resources */ = {isa = PBXBuildFile; fileRef = D822A4292760D15100E7B241 /* Assets.xcassets */; };
		D822A42D2760D15100E7B241 /* LaunchScreen.storyboard in Resources */ = {isa = PBXBuildFile; fileRef = D822A42B2760D15100E7B241 /* LaunchScreen.storyboard */; };
		D822A4332760D7E100E7B241 /* Sentry.framework in Embed Frameworks */ = {isa = PBXBuildFile; fileRef = D822A4312760D7E100E7B241 /* Sentry.framework */; settings = {ATTRIBUTES = (CodeSignOnCopy, RemoveHeadersOnCopy, ); }; };
		D822A4362760DB1900E7B241 /* ActionCell.swift in Sources */ = {isa = PBXBuildFile; fileRef = D822A4352760DB1900E7B241 /* ActionCell.swift */; };
		D822A4392760E90B00E7B241 /* TableViewController.swift in Sources */ = {isa = PBXBuildFile; fileRef = D822A4382760E90B00E7B241 /* TableViewController.swift */; };
		D822A43B2760EA1000E7B241 /* NibViewController.xib in Resources */ = {isa = PBXBuildFile; fileRef = D822A43A2760EA1000E7B241 /* NibViewController.xib */; };
		D822A43D2760EA2200E7B241 /* NibViewController.swift in Sources */ = {isa = PBXBuildFile; fileRef = D822A43C2760EA2200E7B241 /* NibViewController.swift */; };
		D822A43F2760EB9700E7B241 /* SplitViewController.swift in Sources */ = {isa = PBXBuildFile; fileRef = D822A43E2760EB9700E7B241 /* SplitViewController.swift */; };
		D822A4472760ED7100E7B241 /* LaunchUITests.swift in Sources */ = {isa = PBXBuildFile; fileRef = D822A4462760ED7100E7B241 /* LaunchUITests.swift */; };
/* End PBXBuildFile section */

/* Begin PBXContainerItemProxy section */
		7B64388B26A6C71A000D0F65 /* PBXContainerItemProxy */ = {
			isa = PBXContainerItemProxy;
			containerPortal = 7BA61D5A247FA32600C130A8 /* Project object */;
			proxyType = 1;
			remoteGlobalIDString = 7BA61D61247FA32600C130A8;
			remoteInfo = "tvOS-Swift";
		};
		84D4FEBB28ECD8A100EDAAFE /* PBXContainerItemProxy */ = {
			isa = PBXContainerItemProxy;
			containerPortal = 84D4FEB628ECD8A100EDAAFE /* Sentry.xcodeproj */;
			proxyType = 2;
			remoteGlobalIDString = 63AA759B1EB8AEF500D153DE;
			remoteInfo = Sentry;
		};
		84D4FEBD28ECD8A100EDAAFE /* PBXContainerItemProxy */ = {
			isa = PBXContainerItemProxy;
			containerPortal = 84D4FEB628ECD8A100EDAAFE /* Sentry.xcodeproj */;
			proxyType = 2;
			remoteGlobalIDString = 63AA76651EB8CB2F00D153DE;
			remoteInfo = SentryTests;
		};
		84F7EE7A2B0E9EAD007206E9 /* PBXContainerItemProxy */ = {
			isa = PBXContainerItemProxy;
			containerPortal = 84D4FEB628ECD8A100EDAAFE /* Sentry.xcodeproj */;
			proxyType = 2;
			remoteGlobalIDString = D81A3488291D0AC0005A27A9;
			remoteInfo = SentryPrivate;
		};
		84F7EE7C2B0E9EAD007206E9 /* PBXContainerItemProxy */ = {
			isa = PBXContainerItemProxy;
			containerPortal = 84D4FEB628ECD8A100EDAAFE /* Sentry.xcodeproj */;
			proxyType = 2;
			remoteGlobalIDString = D8199DAA29376E9B0074249E;
			remoteInfo = SentrySwiftUI;
		};
		84F7EE7E2B0E9EAD007206E9 /* PBXContainerItemProxy */ = {
			isa = PBXContainerItemProxy;
			containerPortal = 84D4FEB628ECD8A100EDAAFE /* Sentry.xcodeproj */;
			proxyType = 2;
			remoteGlobalIDString = 8431EFD929B27B1100D8DC56;
			remoteInfo = SentryProfilerTests;
		};
		84F7EE802B0E9EAD007206E9 /* PBXContainerItemProxy */ = {
			isa = PBXContainerItemProxy;
			containerPortal = 84D4FEB628ECD8A100EDAAFE /* Sentry.xcodeproj */;
			proxyType = 2;
			remoteGlobalIDString = 8431F00A29B284F200D8DC56;
			remoteInfo = SentryTestUtils;
		};
		D822A44A2760ED7100E7B241 /* PBXContainerItemProxy */ = {
			isa = PBXContainerItemProxy;
			containerPortal = 7BA61D5A247FA32600C130A8 /* Project object */;
			proxyType = 1;
			remoteGlobalIDString = D822A41F2760D15000E7B241;
			remoteInfo = "tvOS-SBSwift";
		};
/* End PBXContainerItemProxy section */

/* Begin PBXCopyFilesBuildPhase section */
		7BA61D7B247FA35500C130A8 /* Embed Frameworks */ = {
			isa = PBXCopyFilesBuildPhase;
			buildActionMask = 2147483647;
			dstPath = "";
			dstSubfolderSpec = 10;
			files = (
				7BA61D7A247FA35500C130A8 /* Sentry.framework in Embed Frameworks */,
			);
			name = "Embed Frameworks";
			runOnlyForDeploymentPostprocessing = 0;
		};
		D822A4342760D7E100E7B241 /* Embed Frameworks */ = {
			isa = PBXCopyFilesBuildPhase;
			buildActionMask = 2147483647;
			dstPath = "";
			dstSubfolderSpec = 10;
			files = (
				D822A4332760D7E100E7B241 /* Sentry.framework in Embed Frameworks */,
			);
			name = "Embed Frameworks";
			runOnlyForDeploymentPostprocessing = 0;
		};
/* End PBXCopyFilesBuildPhase section */

/* Begin PBXFileReference section */
		7B3427FF25876DF000056519 /* Tongariro.jpg */ = {isa = PBXFileReference; lastKnownFileType = image.jpeg; path = Tongariro.jpg; sourceTree = "<group>"; };
		7B64388626A6C71A000D0F65 /* tvOS-SwiftUITests.xctest */ = {isa = PBXFileReference; explicitFileType = wrapper.cfbundle; includeInIndex = 0; path = "tvOS-SwiftUITests.xctest"; sourceTree = BUILT_PRODUCTS_DIR; };
		7B64388826A6C71A000D0F65 /* LaunchUITests.swift */ = {isa = PBXFileReference; lastKnownFileType = sourcecode.swift; path = LaunchUITests.swift; sourceTree = "<group>"; };
		7B64388A26A6C71A000D0F65 /* Info.plist */ = {isa = PBXFileReference; lastKnownFileType = text.plist.xml; path = Info.plist; sourceTree = "<group>"; };
		7BA61D62247FA32600C130A8 /* tvOS-Swift.app */ = {isa = PBXFileReference; explicitFileType = wrapper.application; includeInIndex = 0; path = "tvOS-Swift.app"; sourceTree = BUILT_PRODUCTS_DIR; };
		7BA61D65247FA32600C130A8 /* AppDelegate.swift */ = {isa = PBXFileReference; lastKnownFileType = sourcecode.swift; path = AppDelegate.swift; sourceTree = "<group>"; };
		7BA61D67247FA32600C130A8 /* ContentView.swift */ = {isa = PBXFileReference; lastKnownFileType = sourcecode.swift; path = ContentView.swift; sourceTree = "<group>"; };
		7BA61D69247FA32600C130A8 /* Assets.xcassets */ = {isa = PBXFileReference; lastKnownFileType = folder.assetcatalog; path = Assets.xcassets; sourceTree = "<group>"; };
		7BA61D6F247FA32600C130A8 /* Base */ = {isa = PBXFileReference; lastKnownFileType = file.storyboard; name = Base; path = Base.lproj/LaunchScreen.storyboard; sourceTree = "<group>"; };
		7BA61D71247FA32600C130A8 /* Info.plist */ = {isa = PBXFileReference; lastKnownFileType = text.plist.xml; path = Info.plist; sourceTree = "<group>"; };
		7BA61D78247FA35500C130A8 /* Sentry.framework */ = {isa = PBXFileReference; explicitFileType = wrapper.framework; path = Sentry.framework; sourceTree = BUILT_PRODUCTS_DIR; };
		8466D4DF28DE64F000932CE7 /* SentryDevice.h */ = {isa = PBXFileReference; fileEncoding = 4; lastKnownFileType = sourcecode.c.h; name = SentryDevice.h; path = ../../../Sources/Sentry/include/SentryDevice.h; sourceTree = "<group>"; };
		8466D4E128DE64F000932CE7 /* SentryDevice.mm */ = {isa = PBXFileReference; fileEncoding = 4; lastKnownFileType = sourcecode.cpp.objcpp; name = SentryDevice.mm; path = ../../../Sources/Sentry/SentryDevice.mm; sourceTree = "<group>"; };
		8466D4E228DE64F100932CE7 /* SentryDeviceTests.mm */ = {isa = PBXFileReference; fileEncoding = 4; lastKnownFileType = sourcecode.cpp.objcpp; name = SentryDeviceTests.mm; path = ../../../Tests/SentryTests/Helper/SentryDeviceTests.mm; sourceTree = "<group>"; };
		84D4FEB628ECD8A100EDAAFE /* Sentry.xcodeproj */ = {isa = PBXFileReference; lastKnownFileType = "wrapper.pb-project"; name = Sentry.xcodeproj; path = ../../Sentry.xcodeproj; sourceTree = "<group>"; };
		84F7EE732B0E9EAD007206E9 /* SentryBaseObject.m */ = {isa = PBXFileReference; fileEncoding = 4; lastKnownFileType = sourcecode.c.objc; name = SentryBaseObject.m; path = ../../../Sources/Sentry/SentryBaseObject.m; sourceTree = "<group>"; };
		84F7EE852B0E9EEF007206E9 /* SentryBaseObject.h */ = {isa = PBXFileReference; fileEncoding = 4; lastKnownFileType = sourcecode.c.h; name = SentryBaseObject.h; path = ../../../Sources/Sentry/SentryBaseObject.h; sourceTree = "<group>"; };
		D822A4202760D15000E7B241 /* tvOS-SBSwift.app */ = {isa = PBXFileReference; explicitFileType = wrapper.application; includeInIndex = 0; path = "tvOS-SBSwift.app"; sourceTree = BUILT_PRODUCTS_DIR; };
		D822A4222760D15000E7B241 /* AppDelegate.swift */ = {isa = PBXFileReference; lastKnownFileType = sourcecode.swift; path = AppDelegate.swift; sourceTree = "<group>"; };
		D822A4242760D15000E7B241 /* ViewController.swift */ = {isa = PBXFileReference; lastKnownFileType = sourcecode.swift; path = ViewController.swift; sourceTree = "<group>"; };
		D822A4272760D15000E7B241 /* Base */ = {isa = PBXFileReference; lastKnownFileType = file.storyboard; name = Base; path = Base.lproj/Main.storyboard; sourceTree = "<group>"; };
		D822A4292760D15100E7B241 /* Assets.xcassets */ = {isa = PBXFileReference; lastKnownFileType = folder.assetcatalog; path = Assets.xcassets; sourceTree = "<group>"; };
		D822A42C2760D15100E7B241 /* Base */ = {isa = PBXFileReference; lastKnownFileType = file.storyboard; name = Base; path = Base.lproj/LaunchScreen.storyboard; sourceTree = "<group>"; };
		D822A4312760D7E100E7B241 /* Sentry.framework */ = {isa = PBXFileReference; explicitFileType = wrapper.framework; path = Sentry.framework; sourceTree = BUILT_PRODUCTS_DIR; };
		D822A4352760DB1900E7B241 /* ActionCell.swift */ = {isa = PBXFileReference; lastKnownFileType = sourcecode.swift; path = ActionCell.swift; sourceTree = "<group>"; };
		D822A4382760E90B00E7B241 /* TableViewController.swift */ = {isa = PBXFileReference; lastKnownFileType = sourcecode.swift; path = TableViewController.swift; sourceTree = "<group>"; };
		D822A43A2760EA1000E7B241 /* NibViewController.xib */ = {isa = PBXFileReference; lastKnownFileType = file.xib; path = NibViewController.xib; sourceTree = "<group>"; };
		D822A43C2760EA2200E7B241 /* NibViewController.swift */ = {isa = PBXFileReference; lastKnownFileType = sourcecode.swift; path = NibViewController.swift; sourceTree = "<group>"; };
		D822A43E2760EB9700E7B241 /* SplitViewController.swift */ = {isa = PBXFileReference; lastKnownFileType = sourcecode.swift; path = SplitViewController.swift; sourceTree = "<group>"; };
		D822A4442760ED7100E7B241 /* tvOS-SBSwiftUITests.xctest */ = {isa = PBXFileReference; explicitFileType = wrapper.cfbundle; includeInIndex = 0; path = "tvOS-SBSwiftUITests.xctest"; sourceTree = BUILT_PRODUCTS_DIR; };
		D822A4462760ED7100E7B241 /* LaunchUITests.swift */ = {isa = PBXFileReference; lastKnownFileType = sourcecode.swift; path = LaunchUITests.swift; sourceTree = "<group>"; };
/* End PBXFileReference section */

/* Begin PBXFrameworksBuildPhase section */
		7B64388326A6C71A000D0F65 /* Frameworks */ = {
			isa = PBXFrameworksBuildPhase;
			buildActionMask = 2147483647;
			files = (
			);
			runOnlyForDeploymentPostprocessing = 0;
		};
		7BA61D5F247FA32600C130A8 /* Frameworks */ = {
			isa = PBXFrameworksBuildPhase;
			buildActionMask = 2147483647;
			files = (
				84D4FEBF28ECD8A800EDAAFE /* Sentry.framework in Frameworks */,
			);
			runOnlyForDeploymentPostprocessing = 0;
		};
		D822A41D2760D15000E7B241 /* Frameworks */ = {
			isa = PBXFrameworksBuildPhase;
			buildActionMask = 2147483647;
			files = (
				84D4FEC028ECD8AF00EDAAFE /* Sentry.framework in Frameworks */,
			);
			runOnlyForDeploymentPostprocessing = 0;
		};
		D822A4412760ED7100E7B241 /* Frameworks */ = {
			isa = PBXFrameworksBuildPhase;
			buildActionMask = 2147483647;
			files = (
			);
			runOnlyForDeploymentPostprocessing = 0;
		};
/* End PBXFrameworksBuildPhase section */

/* Begin PBXGroup section */
		7B64388726A6C71A000D0F65 /* tvOS-SwiftUITests */ = {
			isa = PBXGroup;
			children = (
				8466D4E228DE64F100932CE7 /* SentryDeviceTests.mm */,
				8466D4DF28DE64F000932CE7 /* SentryDevice.h */,
				8466D4E128DE64F000932CE7 /* SentryDevice.mm */,
				84F7EE852B0E9EEF007206E9 /* SentryBaseObject.h */,
				84F7EE732B0E9EAD007206E9 /* SentryBaseObject.m */,
				7B64388826A6C71A000D0F65 /* LaunchUITests.swift */,
				7B64388A26A6C71A000D0F65 /* Info.plist */,
			);
			path = "tvOS-SwiftUITests";
			sourceTree = "<group>";
		};
		7BA61D59247FA32600C130A8 = {
			isa = PBXGroup;
			children = (
				84D4FEB628ECD8A100EDAAFE /* Sentry.xcodeproj */,
				7BA61D64247FA32600C130A8 /* tvOS-Swift */,
				7B64388726A6C71A000D0F65 /* tvOS-SwiftUITests */,
				D822A4212760D15000E7B241 /* tvOS-SBSwift */,
				D822A4452760ED7100E7B241 /* tvOS-SBSwiftUITests */,
				7BA61D63247FA32600C130A8 /* Products */,
				7BA61D77247FA35500C130A8 /* Frameworks */,
			);
			sourceTree = "<group>";
		};
		7BA61D63247FA32600C130A8 /* Products */ = {
			isa = PBXGroup;
			children = (
				7BA61D62247FA32600C130A8 /* tvOS-Swift.app */,
				7B64388626A6C71A000D0F65 /* tvOS-SwiftUITests.xctest */,
				D822A4202760D15000E7B241 /* tvOS-SBSwift.app */,
				D822A4442760ED7100E7B241 /* tvOS-SBSwiftUITests.xctest */,
			);
			name = Products;
			sourceTree = "<group>";
		};
		7BA61D64247FA32600C130A8 /* tvOS-Swift */ = {
			isa = PBXGroup;
			children = (
				7BA61D65247FA32600C130A8 /* AppDelegate.swift */,
				7BA61D67247FA32600C130A8 /* ContentView.swift */,
				7BA61D69247FA32600C130A8 /* Assets.xcassets */,
				7B3427FF25876DF000056519 /* Tongariro.jpg */,
				7BA61D6E247FA32600C130A8 /* LaunchScreen.storyboard */,
				7BA61D71247FA32600C130A8 /* Info.plist */,
			);
			path = "tvOS-Swift";
			sourceTree = "<group>";
		};
		7BA61D77247FA35500C130A8 /* Frameworks */ = {
			isa = PBXGroup;
			children = (
				D822A4312760D7E100E7B241 /* Sentry.framework */,
				7BA61D78247FA35500C130A8 /* Sentry.framework */,
			);
			name = Frameworks;
			sourceTree = "<group>";
		};
		84D4FEB728ECD8A100EDAAFE /* Products */ = {
			isa = PBXGroup;
			children = (
				84D4FEBC28ECD8A100EDAAFE /* Sentry.framework */,
				84D4FEBE28ECD8A100EDAAFE /* SentryTests.xctest */,
				84F7EE7B2B0E9EAD007206E9 /* SentryPrivate.framework */,
				84F7EE7D2B0E9EAD007206E9 /* SentrySwiftUI.framework */,
				84F7EE7F2B0E9EAD007206E9 /* SentryProfilerTests.xctest */,
				84F7EE812B0E9EAD007206E9 /* libSentryTestUtils.a */,
			);
			name = Products;
			sourceTree = "<group>";
		};
		D822A4212760D15000E7B241 /* tvOS-SBSwift */ = {
			isa = PBXGroup;
			children = (
				D822A4372760E8EF00E7B241 /* Controllers */,
				D822A4222760D15000E7B241 /* AppDelegate.swift */,
				D822A4242760D15000E7B241 /* ViewController.swift */,
				D822A4262760D15000E7B241 /* Main.storyboard */,
				D822A4292760D15100E7B241 /* Assets.xcassets */,
				D822A42B2760D15100E7B241 /* LaunchScreen.storyboard */,
				D822A4352760DB1900E7B241 /* ActionCell.swift */,
			);
			path = "tvOS-SBSwift";
			sourceTree = "<group>";
		};
		D822A4372760E8EF00E7B241 /* Controllers */ = {
			isa = PBXGroup;
			children = (
				D822A4382760E90B00E7B241 /* TableViewController.swift */,
				D822A43A2760EA1000E7B241 /* NibViewController.xib */,
				D822A43C2760EA2200E7B241 /* NibViewController.swift */,
				D822A43E2760EB9700E7B241 /* SplitViewController.swift */,
			);
			path = Controllers;
			sourceTree = "<group>";
		};
		D822A4452760ED7100E7B241 /* tvOS-SBSwiftUITests */ = {
			isa = PBXGroup;
			children = (
				D822A4462760ED7100E7B241 /* LaunchUITests.swift */,
			);
			path = "tvOS-SBSwiftUITests";
			sourceTree = "<group>";
		};
/* End PBXGroup section */

/* Begin PBXNativeTarget section */
		7B64388526A6C71A000D0F65 /* tvOS-SwiftUITests */ = {
			isa = PBXNativeTarget;
			buildConfigurationList = 7B64388F26A6C71A000D0F65 /* Build configuration list for PBXNativeTarget "tvOS-SwiftUITests" */;
			buildPhases = (
				7B64388226A6C71A000D0F65 /* Sources */,
				7B64388326A6C71A000D0F65 /* Frameworks */,
				7B64388426A6C71A000D0F65 /* Resources */,
			);
			buildRules = (
			);
			dependencies = (
				7B64388C26A6C71A000D0F65 /* PBXTargetDependency */,
			);
			name = "tvOS-SwiftUITests";
			productName = "tvOS-SwiftUITests";
			productReference = 7B64388626A6C71A000D0F65 /* tvOS-SwiftUITests.xctest */;
			productType = "com.apple.product-type.bundle.ui-testing";
		};
		7BA61D61247FA32600C130A8 /* tvOS-Swift */ = {
			isa = PBXNativeTarget;
			buildConfigurationList = 7BA61D74247FA32600C130A8 /* Build configuration list for PBXNativeTarget "tvOS-Swift" */;
			buildPhases = (
				7BA61D5E247FA32600C130A8 /* Sources */,
				7BA61D5F247FA32600C130A8 /* Frameworks */,
				7BA61D60247FA32600C130A8 /* Resources */,
				7BA61D7B247FA35500C130A8 /* Embed Frameworks */,
			);
			buildRules = (
			);
			dependencies = (
			);
			name = "tvOS-Swift";
			productName = "tvOS-Swift";
			productReference = 7BA61D62247FA32600C130A8 /* tvOS-Swift.app */;
			productType = "com.apple.product-type.application";
		};
		D822A41F2760D15000E7B241 /* tvOS-SBSwift */ = {
			isa = PBXNativeTarget;
			buildConfigurationList = D822A4302760D15100E7B241 /* Build configuration list for PBXNativeTarget "tvOS-SBSwift" */;
			buildPhases = (
				D822A41C2760D15000E7B241 /* Sources */,
				D822A41D2760D15000E7B241 /* Frameworks */,
				D822A41E2760D15000E7B241 /* Resources */,
				D822A4342760D7E100E7B241 /* Embed Frameworks */,
			);
			buildRules = (
			);
			dependencies = (
			);
			name = "tvOS-SBSwift";
			productName = "tvOS-SBSwift";
			productReference = D822A4202760D15000E7B241 /* tvOS-SBSwift.app */;
			productType = "com.apple.product-type.application";
		};
		D822A4432760ED7100E7B241 /* tvOS-SBSwiftUITests */ = {
			isa = PBXNativeTarget;
			buildConfigurationList = D822A44C2760ED7100E7B241 /* Build configuration list for PBXNativeTarget "tvOS-SBSwiftUITests" */;
			buildPhases = (
				D822A4402760ED7100E7B241 /* Sources */,
				D822A4412760ED7100E7B241 /* Frameworks */,
				D822A4422760ED7100E7B241 /* Resources */,
			);
			buildRules = (
			);
			dependencies = (
				D822A44B2760ED7100E7B241 /* PBXTargetDependency */,
			);
			name = "tvOS-SBSwiftUITests";
			productName = "tvOS-SBSwiftUITests";
			productReference = D822A4442760ED7100E7B241 /* tvOS-SBSwiftUITests.xctest */;
			productType = "com.apple.product-type.bundle.ui-testing";
		};
/* End PBXNativeTarget section */

/* Begin PBXProject section */
		7BA61D5A247FA32600C130A8 /* Project object */ = {
			isa = PBXProject;
			attributes = {
				LastSwiftUpdateCheck = 1310;
				LastUpgradeCheck = 1200;
				ORGANIZATIONNAME = "GetSentry LLC";
				TargetAttributes = {
					7B64388526A6C71A000D0F65 = {
						CreatedOnToolsVersion = 12.5.1;
						TestTargetID = 7BA61D61247FA32600C130A8;
					};
					7BA61D61247FA32600C130A8 = {
						CreatedOnToolsVersion = 11.5;
					};
					D822A41F2760D15000E7B241 = {
						CreatedOnToolsVersion = 13.1;
					};
					D822A4432760ED7100E7B241 = {
						CreatedOnToolsVersion = 13.1;
						TestTargetID = D822A41F2760D15000E7B241;
					};
				};
			};
			buildConfigurationList = 7BA61D5D247FA32600C130A8 /* Build configuration list for PBXProject "tvOS-Swift" */;
			compatibilityVersion = "Xcode 9.3";
			developmentRegion = en;
			hasScannedForEncodings = 0;
			knownRegions = (
				en,
				Base,
			);
			mainGroup = 7BA61D59247FA32600C130A8;
			productRefGroup = 7BA61D63247FA32600C130A8 /* Products */;
			projectDirPath = "";
			projectReferences = (
				{
					ProductGroup = 84D4FEB728ECD8A100EDAAFE /* Products */;
					ProjectRef = 84D4FEB628ECD8A100EDAAFE /* Sentry.xcodeproj */;
				},
			);
			projectRoot = "";
			targets = (
				7BA61D61247FA32600C130A8 /* tvOS-Swift */,
				7B64388526A6C71A000D0F65 /* tvOS-SwiftUITests */,
				D822A41F2760D15000E7B241 /* tvOS-SBSwift */,
				D822A4432760ED7100E7B241 /* tvOS-SBSwiftUITests */,
			);
		};
/* End PBXProject section */

/* Begin PBXReferenceProxy section */
		84D4FEBC28ECD8A100EDAAFE /* Sentry.framework */ = {
			isa = PBXReferenceProxy;
			fileType = wrapper.framework;
			path = Sentry.framework;
			remoteRef = 84D4FEBB28ECD8A100EDAAFE /* PBXContainerItemProxy */;
			sourceTree = BUILT_PRODUCTS_DIR;
		};
		84D4FEBE28ECD8A100EDAAFE /* SentryTests.xctest */ = {
			isa = PBXReferenceProxy;
			fileType = wrapper.cfbundle;
			path = SentryTests.xctest;
			remoteRef = 84D4FEBD28ECD8A100EDAAFE /* PBXContainerItemProxy */;
			sourceTree = BUILT_PRODUCTS_DIR;
		};
		84F7EE7B2B0E9EAD007206E9 /* SentryPrivate.framework */ = {
			isa = PBXReferenceProxy;
			fileType = wrapper.framework;
			path = SentryPrivate.framework;
			remoteRef = 84F7EE7A2B0E9EAD007206E9 /* PBXContainerItemProxy */;
			sourceTree = BUILT_PRODUCTS_DIR;
		};
		84F7EE7D2B0E9EAD007206E9 /* SentrySwiftUI.framework */ = {
			isa = PBXReferenceProxy;
			fileType = wrapper.framework;
			path = SentrySwiftUI.framework;
			remoteRef = 84F7EE7C2B0E9EAD007206E9 /* PBXContainerItemProxy */;
			sourceTree = BUILT_PRODUCTS_DIR;
		};
		84F7EE7F2B0E9EAD007206E9 /* SentryProfilerTests.xctest */ = {
			isa = PBXReferenceProxy;
			fileType = wrapper.cfbundle;
			path = SentryProfilerTests.xctest;
			remoteRef = 84F7EE7E2B0E9EAD007206E9 /* PBXContainerItemProxy */;
			sourceTree = BUILT_PRODUCTS_DIR;
		};
		84F7EE812B0E9EAD007206E9 /* libSentryTestUtils.a */ = {
			isa = PBXReferenceProxy;
			fileType = archive.ar;
			path = libSentryTestUtils.a;
			remoteRef = 84F7EE802B0E9EAD007206E9 /* PBXContainerItemProxy */;
			sourceTree = BUILT_PRODUCTS_DIR;
		};
/* End PBXReferenceProxy section */

/* Begin PBXResourcesBuildPhase section */
		7B64388426A6C71A000D0F65 /* Resources */ = {
			isa = PBXResourcesBuildPhase;
			buildActionMask = 2147483647;
			files = (
			);
			runOnlyForDeploymentPostprocessing = 0;
		};
		7BA61D60247FA32600C130A8 /* Resources */ = {
			isa = PBXResourcesBuildPhase;
			buildActionMask = 2147483647;
			files = (
				7BA61D70247FA32600C130A8 /* LaunchScreen.storyboard in Resources */,
				7B34280025876DF000056519 /* Tongariro.jpg in Resources */,
				7BA61D6A247FA32600C130A8 /* Assets.xcassets in Resources */,
			);
			runOnlyForDeploymentPostprocessing = 0;
		};
		D822A41E2760D15000E7B241 /* Resources */ = {
			isa = PBXResourcesBuildPhase;
			buildActionMask = 2147483647;
			files = (
				D822A42D2760D15100E7B241 /* LaunchScreen.storyboard in Resources */,
				D822A42A2760D15100E7B241 /* Assets.xcassets in Resources */,
				D822A43B2760EA1000E7B241 /* NibViewController.xib in Resources */,
				D822A4282760D15000E7B241 /* Main.storyboard in Resources */,
			);
			runOnlyForDeploymentPostprocessing = 0;
		};
		D822A4422760ED7100E7B241 /* Resources */ = {
			isa = PBXResourcesBuildPhase;
			buildActionMask = 2147483647;
			files = (
			);
			runOnlyForDeploymentPostprocessing = 0;
		};
/* End PBXResourcesBuildPhase section */

/* Begin PBXSourcesBuildPhase section */
		7B64388226A6C71A000D0F65 /* Sources */ = {
			isa = PBXSourcesBuildPhase;
			buildActionMask = 2147483647;
			files = (
				84F7EE822B0E9EAD007206E9 /* SentryBaseObject.m in Sources */,
				8466D4E328DE64F100932CE7 /* SentryDeviceTests.mm in Sources */,
				8466D4E428DE64F100932CE7 /* SentryDevice.mm in Sources */,
				7B64388926A6C71A000D0F65 /* LaunchUITests.swift in Sources */,
			);
			runOnlyForDeploymentPostprocessing = 0;
		};
		7BA61D5E247FA32600C130A8 /* Sources */ = {
			isa = PBXSourcesBuildPhase;
			buildActionMask = 2147483647;
			files = (
				7BA61D68247FA32600C130A8 /* ContentView.swift in Sources */,
				7BA61D66247FA32600C130A8 /* AppDelegate.swift in Sources */,
			);
			runOnlyForDeploymentPostprocessing = 0;
		};
		D822A41C2760D15000E7B241 /* Sources */ = {
			isa = PBXSourcesBuildPhase;
			buildActionMask = 2147483647;
			files = (
				D822A4362760DB1900E7B241 /* ActionCell.swift in Sources */,
				D822A4252760D15000E7B241 /* ViewController.swift in Sources */,
				D822A4232760D15000E7B241 /* AppDelegate.swift in Sources */,
				D822A43D2760EA2200E7B241 /* NibViewController.swift in Sources */,
				D822A4392760E90B00E7B241 /* TableViewController.swift in Sources */,
				D822A43F2760EB9700E7B241 /* SplitViewController.swift in Sources */,
			);
			runOnlyForDeploymentPostprocessing = 0;
		};
		D822A4402760ED7100E7B241 /* Sources */ = {
			isa = PBXSourcesBuildPhase;
			buildActionMask = 2147483647;
			files = (
				D822A4472760ED7100E7B241 /* LaunchUITests.swift in Sources */,
			);
			runOnlyForDeploymentPostprocessing = 0;
		};
/* End PBXSourcesBuildPhase section */

/* Begin PBXTargetDependency section */
		7B64388C26A6C71A000D0F65 /* PBXTargetDependency */ = {
			isa = PBXTargetDependency;
			target = 7BA61D61247FA32600C130A8 /* tvOS-Swift */;
			targetProxy = 7B64388B26A6C71A000D0F65 /* PBXContainerItemProxy */;
		};
		D822A44B2760ED7100E7B241 /* PBXTargetDependency */ = {
			isa = PBXTargetDependency;
			target = D822A41F2760D15000E7B241 /* tvOS-SBSwift */;
			targetProxy = D822A44A2760ED7100E7B241 /* PBXContainerItemProxy */;
		};
/* End PBXTargetDependency section */

/* Begin PBXVariantGroup section */
		7BA61D6E247FA32600C130A8 /* LaunchScreen.storyboard */ = {
			isa = PBXVariantGroup;
			children = (
				7BA61D6F247FA32600C130A8 /* Base */,
			);
			name = LaunchScreen.storyboard;
			sourceTree = "<group>";
		};
		D822A4262760D15000E7B241 /* Main.storyboard */ = {
			isa = PBXVariantGroup;
			children = (
				D822A4272760D15000E7B241 /* Base */,
			);
			name = Main.storyboard;
			sourceTree = "<group>";
		};
		D822A42B2760D15100E7B241 /* LaunchScreen.storyboard */ = {
			isa = PBXVariantGroup;
			children = (
				D822A42C2760D15100E7B241 /* Base */,
			);
			name = LaunchScreen.storyboard;
			sourceTree = "<group>";
		};
/* End PBXVariantGroup section */

/* Begin XCBuildConfiguration section */
		7B64388D26A6C71A000D0F65 /* Debug */ = {
			isa = XCBuildConfiguration;
			buildSettings = {
				CODE_SIGN_STYLE = Automatic;
				DEVELOPMENT_TEAM = 97JCY7859U;
				INFOPLIST_FILE = "tvOS-SwiftUITests/Info.plist";
				LD_RUNPATH_SEARCH_PATHS = (
					"$(inherited)",
					"@executable_path/Frameworks",
					"@loader_path/Frameworks",
				);
				PRODUCT_BUNDLE_IDENTIFIER = "io.sentry.tvOS-SwiftUITests";
				PRODUCT_NAME = "$(TARGET_NAME)";
				SWIFT_VERSION = 5.0;
				TARGETED_DEVICE_FAMILY = 3;
				TEST_TARGET_NAME = "tvOS-Swift";
			};
			name = Debug;
		};
		7B64388E26A6C71A000D0F65 /* Release */ = {
			isa = XCBuildConfiguration;
			buildSettings = {
				CODE_SIGN_STYLE = Automatic;
				DEVELOPMENT_TEAM = 97JCY7859U;
				INFOPLIST_FILE = "tvOS-SwiftUITests/Info.plist";
				LD_RUNPATH_SEARCH_PATHS = (
					"$(inherited)",
					"@executable_path/Frameworks",
					"@loader_path/Frameworks",
				);
				PRODUCT_BUNDLE_IDENTIFIER = "io.sentry.tvOS-SwiftUITests";
				PRODUCT_NAME = "$(TARGET_NAME)";
				SWIFT_VERSION = 5.0;
				TARGETED_DEVICE_FAMILY = 3;
				TEST_TARGET_NAME = "tvOS-Swift";
			};
			name = Release;
		};
		7BA61D72247FA32600C130A8 /* Debug */ = {
			isa = XCBuildConfiguration;
			buildSettings = {
				ALWAYS_SEARCH_USER_PATHS = NO;
				CLANG_ANALYZER_NONNULL = YES;
				CLANG_ANALYZER_NUMBER_OBJECT_CONVERSION = YES_AGGRESSIVE;
				CLANG_CXX_LANGUAGE_STANDARD = "c++14";
				CLANG_CXX_LIBRARY = "libc++";
				CLANG_ENABLE_MODULES = YES;
				CLANG_ENABLE_OBJC_ARC = YES;
				CLANG_ENABLE_OBJC_WEAK = YES;
				CLANG_WARN_BLOCK_CAPTURE_AUTORELEASING = YES;
				CLANG_WARN_BOOL_CONVERSION = YES;
				CLANG_WARN_COMMA = YES;
				CLANG_WARN_CONSTANT_CONVERSION = YES;
				CLANG_WARN_DEPRECATED_OBJC_IMPLEMENTATIONS = YES;
				CLANG_WARN_DIRECT_OBJC_ISA_USAGE = YES_ERROR;
				CLANG_WARN_DOCUMENTATION_COMMENTS = YES;
				CLANG_WARN_EMPTY_BODY = YES;
				CLANG_WARN_ENUM_CONVERSION = YES;
				CLANG_WARN_INFINITE_RECURSION = YES;
				CLANG_WARN_INT_CONVERSION = YES;
				CLANG_WARN_NON_LITERAL_NULL_CONVERSION = YES;
				CLANG_WARN_OBJC_IMPLICIT_RETAIN_SELF = YES;
				CLANG_WARN_OBJC_LITERAL_CONVERSION = YES;
				CLANG_WARN_OBJC_ROOT_CLASS = YES_ERROR;
				CLANG_WARN_QUOTED_INCLUDE_IN_FRAMEWORK_HEADER = YES;
				CLANG_WARN_RANGE_LOOP_ANALYSIS = YES;
				CLANG_WARN_STRICT_PROTOTYPES = YES;
				CLANG_WARN_SUSPICIOUS_MOVE = YES;
				CLANG_WARN_UNGUARDED_AVAILABILITY = YES_AGGRESSIVE;
				CLANG_WARN_UNREACHABLE_CODE = YES;
				CLANG_WARN__DUPLICATE_METHOD_MATCH = YES;
				COPY_PHASE_STRIP = NO;
				DEBUG_INFORMATION_FORMAT = dwarf;
				ENABLE_STRICT_OBJC_MSGSEND = YES;
				ENABLE_TESTABILITY = YES;
				GCC_C_LANGUAGE_STANDARD = gnu11;
				GCC_DYNAMIC_NO_PIC = NO;
				GCC_NO_COMMON_BLOCKS = YES;
				GCC_OPTIMIZATION_LEVEL = 0;
				GCC_PREPROCESSOR_DEFINITIONS = (
					"DEBUG=1",
					"$(inherited)",
				);
				GCC_WARN_64_TO_32_BIT_CONVERSION = YES;
				GCC_WARN_ABOUT_RETURN_TYPE = YES_ERROR;
				GCC_WARN_UNDECLARED_SELECTOR = YES;
				GCC_WARN_UNINITIALIZED_AUTOS = YES_AGGRESSIVE;
				GCC_WARN_UNUSED_FUNCTION = YES;
				GCC_WARN_UNUSED_VARIABLE = YES;
				MTL_ENABLE_DEBUG_INFO = INCLUDE_SOURCE;
				MTL_FAST_MATH = YES;
				ONLY_ACTIVE_ARCH = YES;
				SDKROOT = appletvos;
				SWIFT_ACTIVE_COMPILATION_CONDITIONS = DEBUG;
				SWIFT_OPTIMIZATION_LEVEL = "-Onone";
				TVOS_DEPLOYMENT_TARGET = 13.0;
			};
			name = Debug;
		};
		7BA61D73247FA32600C130A8 /* Release */ = {
			isa = XCBuildConfiguration;
			buildSettings = {
				ALWAYS_SEARCH_USER_PATHS = NO;
				CLANG_ANALYZER_NONNULL = YES;
				CLANG_ANALYZER_NUMBER_OBJECT_CONVERSION = YES_AGGRESSIVE;
				CLANG_CXX_LANGUAGE_STANDARD = "c++14";
				CLANG_CXX_LIBRARY = "libc++";
				CLANG_ENABLE_MODULES = YES;
				CLANG_ENABLE_OBJC_ARC = YES;
				CLANG_ENABLE_OBJC_WEAK = YES;
				CLANG_WARN_BLOCK_CAPTURE_AUTORELEASING = YES;
				CLANG_WARN_BOOL_CONVERSION = YES;
				CLANG_WARN_COMMA = YES;
				CLANG_WARN_CONSTANT_CONVERSION = YES;
				CLANG_WARN_DEPRECATED_OBJC_IMPLEMENTATIONS = YES;
				CLANG_WARN_DIRECT_OBJC_ISA_USAGE = YES_ERROR;
				CLANG_WARN_DOCUMENTATION_COMMENTS = YES;
				CLANG_WARN_EMPTY_BODY = YES;
				CLANG_WARN_ENUM_CONVERSION = YES;
				CLANG_WARN_INFINITE_RECURSION = YES;
				CLANG_WARN_INT_CONVERSION = YES;
				CLANG_WARN_NON_LITERAL_NULL_CONVERSION = YES;
				CLANG_WARN_OBJC_IMPLICIT_RETAIN_SELF = YES;
				CLANG_WARN_OBJC_LITERAL_CONVERSION = YES;
				CLANG_WARN_OBJC_ROOT_CLASS = YES_ERROR;
				CLANG_WARN_QUOTED_INCLUDE_IN_FRAMEWORK_HEADER = YES;
				CLANG_WARN_RANGE_LOOP_ANALYSIS = YES;
				CLANG_WARN_STRICT_PROTOTYPES = YES;
				CLANG_WARN_SUSPICIOUS_MOVE = YES;
				CLANG_WARN_UNGUARDED_AVAILABILITY = YES_AGGRESSIVE;
				CLANG_WARN_UNREACHABLE_CODE = YES;
				CLANG_WARN__DUPLICATE_METHOD_MATCH = YES;
				COPY_PHASE_STRIP = NO;
				DEBUG_INFORMATION_FORMAT = "dwarf-with-dsym";
				ENABLE_NS_ASSERTIONS = NO;
				ENABLE_STRICT_OBJC_MSGSEND = YES;
				GCC_C_LANGUAGE_STANDARD = gnu11;
				GCC_NO_COMMON_BLOCKS = YES;
				GCC_WARN_64_TO_32_BIT_CONVERSION = YES;
				GCC_WARN_ABOUT_RETURN_TYPE = YES_ERROR;
				GCC_WARN_UNDECLARED_SELECTOR = YES;
				GCC_WARN_UNINITIALIZED_AUTOS = YES_AGGRESSIVE;
				GCC_WARN_UNUSED_FUNCTION = YES;
				GCC_WARN_UNUSED_VARIABLE = YES;
				MTL_ENABLE_DEBUG_INFO = NO;
				MTL_FAST_MATH = YES;
				SDKROOT = appletvos;
				SWIFT_COMPILATION_MODE = wholemodule;
				SWIFT_OPTIMIZATION_LEVEL = "-O";
				TVOS_DEPLOYMENT_TARGET = 13.0;
				VALIDATE_PRODUCT = YES;
			};
			name = Release;
		};
		7BA61D75247FA32600C130A8 /* Debug */ = {
			isa = XCBuildConfiguration;
			buildSettings = {
				ASSETCATALOG_COMPILER_APPICON_NAME = "App Icon & Top Shelf Image";
				CODE_SIGN_STYLE = Automatic;
				DEVELOPMENT_ASSET_PATHS = "";
				DEVELOPMENT_TEAM = 97JCY7859U;
				ENABLE_PREVIEWS = YES;
				INFOPLIST_FILE = "tvOS-Swift/Info.plist";
				LD_RUNPATH_SEARCH_PATHS = (
					"$(inherited)",
					"@executable_path/Frameworks",
				);
				PRODUCT_BUNDLE_IDENTIFIER = "io.sentry.tvOS-Swift";
				PRODUCT_NAME = "$(TARGET_NAME)";
				SWIFT_VERSION = 5.0;
				TARGETED_DEVICE_FAMILY = 3;
			};
			name = Debug;
		};
		7BA61D76247FA32600C130A8 /* Release */ = {
			isa = XCBuildConfiguration;
			buildSettings = {
				ASSETCATALOG_COMPILER_APPICON_NAME = "App Icon & Top Shelf Image";
				CODE_SIGN_STYLE = Automatic;
				DEVELOPMENT_ASSET_PATHS = "";
				DEVELOPMENT_TEAM = 97JCY7859U;
				ENABLE_PREVIEWS = YES;
				INFOPLIST_FILE = "tvOS-Swift/Info.plist";
				LD_RUNPATH_SEARCH_PATHS = (
					"$(inherited)",
					"@executable_path/Frameworks",
				);
				PRODUCT_BUNDLE_IDENTIFIER = "io.sentry.tvOS-Swift";
				PRODUCT_NAME = "$(TARGET_NAME)";
				SWIFT_VERSION = 5.0;
				TARGETED_DEVICE_FAMILY = 3;
			};
			name = Release;
		};
		84D4FE8F28ECD1FD00EDAAFE /* Test */ = {
			isa = XCBuildConfiguration;
			buildSettings = {
				ALWAYS_SEARCH_USER_PATHS = NO;
				CLANG_ANALYZER_NONNULL = YES;
				CLANG_ANALYZER_NUMBER_OBJECT_CONVERSION = YES_AGGRESSIVE;
				CLANG_CXX_LANGUAGE_STANDARD = "c++14";
				CLANG_CXX_LIBRARY = "libc++";
				CLANG_ENABLE_MODULES = YES;
				CLANG_ENABLE_OBJC_ARC = YES;
				CLANG_ENABLE_OBJC_WEAK = YES;
				CLANG_WARN_BLOCK_CAPTURE_AUTORELEASING = YES;
				CLANG_WARN_BOOL_CONVERSION = YES;
				CLANG_WARN_COMMA = YES;
				CLANG_WARN_CONSTANT_CONVERSION = YES;
				CLANG_WARN_DEPRECATED_OBJC_IMPLEMENTATIONS = YES;
				CLANG_WARN_DIRECT_OBJC_ISA_USAGE = YES_ERROR;
				CLANG_WARN_DOCUMENTATION_COMMENTS = YES;
				CLANG_WARN_EMPTY_BODY = YES;
				CLANG_WARN_ENUM_CONVERSION = YES;
				CLANG_WARN_INFINITE_RECURSION = YES;
				CLANG_WARN_INT_CONVERSION = YES;
				CLANG_WARN_NON_LITERAL_NULL_CONVERSION = YES;
				CLANG_WARN_OBJC_IMPLICIT_RETAIN_SELF = YES;
				CLANG_WARN_OBJC_LITERAL_CONVERSION = YES;
				CLANG_WARN_OBJC_ROOT_CLASS = YES_ERROR;
				CLANG_WARN_QUOTED_INCLUDE_IN_FRAMEWORK_HEADER = YES;
				CLANG_WARN_RANGE_LOOP_ANALYSIS = YES;
				CLANG_WARN_STRICT_PROTOTYPES = YES;
				CLANG_WARN_SUSPICIOUS_MOVE = YES;
				CLANG_WARN_UNGUARDED_AVAILABILITY = YES_AGGRESSIVE;
				CLANG_WARN_UNREACHABLE_CODE = YES;
				CLANG_WARN__DUPLICATE_METHOD_MATCH = YES;
				COPY_PHASE_STRIP = NO;
				DEBUG_INFORMATION_FORMAT = "dwarf-with-dsym";
				ENABLE_NS_ASSERTIONS = NO;
				ENABLE_STRICT_OBJC_MSGSEND = YES;
				GCC_C_LANGUAGE_STANDARD = gnu11;
				GCC_NO_COMMON_BLOCKS = YES;
				GCC_PREPROCESSOR_DEFINITIONS = "TEST=1";
				GCC_WARN_64_TO_32_BIT_CONVERSION = YES;
				GCC_WARN_ABOUT_RETURN_TYPE = YES_ERROR;
				GCC_WARN_UNDECLARED_SELECTOR = YES;
				GCC_WARN_UNINITIALIZED_AUTOS = YES_AGGRESSIVE;
				GCC_WARN_UNUSED_FUNCTION = YES;
				GCC_WARN_UNUSED_VARIABLE = YES;
				MTL_ENABLE_DEBUG_INFO = NO;
				MTL_FAST_MATH = YES;
				ONLY_ACTIVE_ARCH = YES;
				SDKROOT = appletvos;
				SWIFT_COMPILATION_MODE = wholemodule;
				SWIFT_OPTIMIZATION_LEVEL = "-O";
				TVOS_DEPLOYMENT_TARGET = 13.0;
				VALIDATE_PRODUCT = YES;
			};
			name = Test;
		};
		84D4FE9028ECD1FD00EDAAFE /* Test */ = {
			isa = XCBuildConfiguration;
			buildSettings = {
				ASSETCATALOG_COMPILER_APPICON_NAME = "App Icon & Top Shelf Image";
				CODE_SIGN_STYLE = Automatic;
				DEVELOPMENT_ASSET_PATHS = "";
				DEVELOPMENT_TEAM = 97JCY7859U;
				ENABLE_PREVIEWS = YES;
				INFOPLIST_FILE = "tvOS-Swift/Info.plist";
				LD_RUNPATH_SEARCH_PATHS = (
					"$(inherited)",
					"@executable_path/Frameworks",
				);
				PRODUCT_BUNDLE_IDENTIFIER = "io.sentry.tvOS-Swift";
				PRODUCT_NAME = "$(TARGET_NAME)";
				SWIFT_VERSION = 5.0;
				TARGETED_DEVICE_FAMILY = 3;
			};
			name = Test;
		};
		84D4FE9128ECD1FD00EDAAFE /* Test */ = {
			isa = XCBuildConfiguration;
			buildSettings = {
				CODE_SIGN_STYLE = Automatic;
				DEVELOPMENT_TEAM = 97JCY7859U;
				INFOPLIST_FILE = "tvOS-SwiftUITests/Info.plist";
				LD_RUNPATH_SEARCH_PATHS = (
					"$(inherited)",
					"@executable_path/Frameworks",
					"@loader_path/Frameworks",
				);
				PRODUCT_BUNDLE_IDENTIFIER = "io.sentry.tvOS-SwiftUITests";
				PRODUCT_NAME = "$(TARGET_NAME)";
				SWIFT_VERSION = 5.0;
				TARGETED_DEVICE_FAMILY = 3;
				TEST_TARGET_NAME = "tvOS-Swift";
			};
			name = Test;
		};
		84D4FE9228ECD1FD00EDAAFE /* Test */ = {
			isa = XCBuildConfiguration;
			buildSettings = {
				ASSETCATALOG_COMPILER_APPICON_NAME = "App Icon & Top Shelf Image";
				ASSETCATALOG_COMPILER_GLOBAL_ACCENT_COLOR_NAME = AccentColor;
				CODE_SIGN_STYLE = Automatic;
				CURRENT_PROJECT_VERSION = 1;
				DEVELOPMENT_TEAM = 97JCY7859U;
				GENERATE_INFOPLIST_FILE = YES;
				INFOPLIST_KEY_UILaunchStoryboardName = LaunchScreen;
				INFOPLIST_KEY_UIMainStoryboardFile = Main;
				INFOPLIST_KEY_UIUserInterfaceStyle = Automatic;
				LD_RUNPATH_SEARCH_PATHS = (
					"$(inherited)",
					"@executable_path/Frameworks",
				);
				MARKETING_VERSION = 1.0;
				PRODUCT_BUNDLE_IDENTIFIER = "io.sentry.tvOS-SBSwift";
				PRODUCT_NAME = "$(TARGET_NAME)";
				SWIFT_EMIT_LOC_STRINGS = YES;
				SWIFT_VERSION = 5.0;
				TARGETED_DEVICE_FAMILY = 3;
				TVOS_DEPLOYMENT_TARGET = 15.0;
			};
			name = Test;
		};
		84D4FE9328ECD1FD00EDAAFE /* Test */ = {
			isa = XCBuildConfiguration;
			buildSettings = {
				CODE_SIGN_STYLE = Automatic;
				CURRENT_PROJECT_VERSION = 1;
				DEVELOPMENT_TEAM = 97JCY7859U;
				GENERATE_INFOPLIST_FILE = YES;
				LD_RUNPATH_SEARCH_PATHS = (
					"$(inherited)",
					"@executable_path/Frameworks",
					"@loader_path/Frameworks",
				);
				MARKETING_VERSION = 1.0;
				PRODUCT_BUNDLE_IDENTIFIER = "io.sentry.tvOS-SBSwiftUITests";
				PRODUCT_NAME = "$(TARGET_NAME)";
				SWIFT_EMIT_LOC_STRINGS = NO;
				SWIFT_VERSION = 5.0;
				TARGETED_DEVICE_FAMILY = 3;
				TEST_TARGET_NAME = "tvOS-SBSwift";
				TVOS_DEPLOYMENT_TARGET = 15.0;
			};
			name = Test;
		};
		84D4FE9428ECD20000EDAAFE /* TestCI */ = {
			isa = XCBuildConfiguration;
			buildSettings = {
				ALWAYS_SEARCH_USER_PATHS = NO;
				CLANG_ANALYZER_NONNULL = YES;
				CLANG_ANALYZER_NUMBER_OBJECT_CONVERSION = YES_AGGRESSIVE;
				CLANG_CXX_LANGUAGE_STANDARD = "c++14";
				CLANG_CXX_LIBRARY = "libc++";
				CLANG_ENABLE_MODULES = YES;
				CLANG_ENABLE_OBJC_ARC = YES;
				CLANG_ENABLE_OBJC_WEAK = YES;
				CLANG_WARN_BLOCK_CAPTURE_AUTORELEASING = YES;
				CLANG_WARN_BOOL_CONVERSION = YES;
				CLANG_WARN_COMMA = YES;
				CLANG_WARN_CONSTANT_CONVERSION = YES;
				CLANG_WARN_DEPRECATED_OBJC_IMPLEMENTATIONS = YES;
				CLANG_WARN_DIRECT_OBJC_ISA_USAGE = YES_ERROR;
				CLANG_WARN_DOCUMENTATION_COMMENTS = YES;
				CLANG_WARN_EMPTY_BODY = YES;
				CLANG_WARN_ENUM_CONVERSION = YES;
				CLANG_WARN_INFINITE_RECURSION = YES;
				CLANG_WARN_INT_CONVERSION = YES;
				CLANG_WARN_NON_LITERAL_NULL_CONVERSION = YES;
				CLANG_WARN_OBJC_IMPLICIT_RETAIN_SELF = YES;
				CLANG_WARN_OBJC_LITERAL_CONVERSION = YES;
				CLANG_WARN_OBJC_ROOT_CLASS = YES_ERROR;
				CLANG_WARN_QUOTED_INCLUDE_IN_FRAMEWORK_HEADER = YES;
				CLANG_WARN_RANGE_LOOP_ANALYSIS = YES;
				CLANG_WARN_STRICT_PROTOTYPES = YES;
				CLANG_WARN_SUSPICIOUS_MOVE = YES;
				CLANG_WARN_UNGUARDED_AVAILABILITY = YES_AGGRESSIVE;
				CLANG_WARN_UNREACHABLE_CODE = YES;
				CLANG_WARN__DUPLICATE_METHOD_MATCH = YES;
				COPY_PHASE_STRIP = NO;
				DEBUG_INFORMATION_FORMAT = "dwarf-with-dsym";
				ENABLE_NS_ASSERTIONS = NO;
				ENABLE_STRICT_OBJC_MSGSEND = YES;
				GCC_C_LANGUAGE_STANDARD = gnu11;
				GCC_NO_COMMON_BLOCKS = YES;
				GCC_PREPROCESSOR_DEFINITIONS = "TESTCI=1";
				GCC_WARN_64_TO_32_BIT_CONVERSION = YES;
				GCC_WARN_ABOUT_RETURN_TYPE = YES_ERROR;
				GCC_WARN_UNDECLARED_SELECTOR = YES;
				GCC_WARN_UNINITIALIZED_AUTOS = YES_AGGRESSIVE;
				GCC_WARN_UNUSED_FUNCTION = YES;
				GCC_WARN_UNUSED_VARIABLE = YES;
				MTL_ENABLE_DEBUG_INFO = NO;
				MTL_FAST_MATH = YES;
				ONLY_ACTIVE_ARCH = YES;
				SDKROOT = appletvos;
				SWIFT_COMPILATION_MODE = wholemodule;
				SWIFT_OPTIMIZATION_LEVEL = "-O";
				TVOS_DEPLOYMENT_TARGET = 13.0;
				VALIDATE_PRODUCT = YES;
			};
			name = TestCI;
		};
		84D4FE9528ECD20000EDAAFE /* TestCI */ = {
			isa = XCBuildConfiguration;
			buildSettings = {
				ASSETCATALOG_COMPILER_APPICON_NAME = "App Icon & Top Shelf Image";
				CODE_SIGN_STYLE = Automatic;
				DEVELOPMENT_ASSET_PATHS = "";
				DEVELOPMENT_TEAM = 97JCY7859U;
				ENABLE_PREVIEWS = YES;
				INFOPLIST_FILE = "tvOS-Swift/Info.plist";
				LD_RUNPATH_SEARCH_PATHS = (
					"$(inherited)",
					"@executable_path/Frameworks",
				);
				PRODUCT_BUNDLE_IDENTIFIER = "io.sentry.tvOS-Swift";
				PRODUCT_NAME = "$(TARGET_NAME)";
				SWIFT_VERSION = 5.0;
				TARGETED_DEVICE_FAMILY = 3;
			};
			name = TestCI;
		};
		84D4FE9628ECD20000EDAAFE /* TestCI */ = {
			isa = XCBuildConfiguration;
			buildSettings = {
				CODE_SIGN_STYLE = Automatic;
				DEVELOPMENT_TEAM = 97JCY7859U;
				INFOPLIST_FILE = "tvOS-SwiftUITests/Info.plist";
				LD_RUNPATH_SEARCH_PATHS = (
					"$(inherited)",
					"@executable_path/Frameworks",
					"@loader_path/Frameworks",
				);
				PRODUCT_BUNDLE_IDENTIFIER = "io.sentry.tvOS-SwiftUITests";
				PRODUCT_NAME = "$(TARGET_NAME)";
				SWIFT_VERSION = 5.0;
				TARGETED_DEVICE_FAMILY = 3;
				TEST_TARGET_NAME = "tvOS-Swift";
			};
			name = TestCI;
		};
		84D4FE9728ECD20000EDAAFE /* TestCI */ = {
			isa = XCBuildConfiguration;
			buildSettings = {
				ASSETCATALOG_COMPILER_APPICON_NAME = "App Icon & Top Shelf Image";
				ASSETCATALOG_COMPILER_GLOBAL_ACCENT_COLOR_NAME = AccentColor;
				CODE_SIGN_STYLE = Automatic;
				CURRENT_PROJECT_VERSION = 1;
				DEVELOPMENT_TEAM = 97JCY7859U;
				GENERATE_INFOPLIST_FILE = YES;
				INFOPLIST_KEY_UILaunchStoryboardName = LaunchScreen;
				INFOPLIST_KEY_UIMainStoryboardFile = Main;
				INFOPLIST_KEY_UIUserInterfaceStyle = Automatic;
				LD_RUNPATH_SEARCH_PATHS = (
					"$(inherited)",
					"@executable_path/Frameworks",
				);
				MARKETING_VERSION = 1.0;
				PRODUCT_BUNDLE_IDENTIFIER = "io.sentry.tvOS-SBSwift";
				PRODUCT_NAME = "$(TARGET_NAME)";
				SWIFT_EMIT_LOC_STRINGS = YES;
				SWIFT_VERSION = 5.0;
				TARGETED_DEVICE_FAMILY = 3;
				TVOS_DEPLOYMENT_TARGET = 15.0;
			};
			name = TestCI;
		};
		84D4FE9828ECD20000EDAAFE /* TestCI */ = {
			isa = XCBuildConfiguration;
			buildSettings = {
				CODE_SIGN_STYLE = Automatic;
				CURRENT_PROJECT_VERSION = 1;
				DEVELOPMENT_TEAM = 97JCY7859U;
				GENERATE_INFOPLIST_FILE = YES;
				LD_RUNPATH_SEARCH_PATHS = (
					"$(inherited)",
					"@executable_path/Frameworks",
					"@loader_path/Frameworks",
				);
				MARKETING_VERSION = 1.0;
				PRODUCT_BUNDLE_IDENTIFIER = "io.sentry.tvOS-SBSwiftUITests";
				PRODUCT_NAME = "$(TARGET_NAME)";
				SWIFT_EMIT_LOC_STRINGS = NO;
				SWIFT_VERSION = 5.0;
				TARGETED_DEVICE_FAMILY = 3;
				TEST_TARGET_NAME = "tvOS-SBSwift";
				TVOS_DEPLOYMENT_TARGET = 15.0;
			};
			name = TestCI;
		};
		D822A42E2760D15100E7B241 /* Debug */ = {
			isa = XCBuildConfiguration;
			buildSettings = {
				ASSETCATALOG_COMPILER_APPICON_NAME = "App Icon & Top Shelf Image";
				ASSETCATALOG_COMPILER_GLOBAL_ACCENT_COLOR_NAME = AccentColor;
				CODE_SIGN_STYLE = Automatic;
				CURRENT_PROJECT_VERSION = 1;
				DEVELOPMENT_TEAM = 97JCY7859U;
				GENERATE_INFOPLIST_FILE = YES;
				INFOPLIST_KEY_UILaunchStoryboardName = LaunchScreen;
				INFOPLIST_KEY_UIMainStoryboardFile = Main;
				INFOPLIST_KEY_UIUserInterfaceStyle = Automatic;
				LD_RUNPATH_SEARCH_PATHS = (
					"$(inherited)",
					"@executable_path/Frameworks",
				);
				MARKETING_VERSION = 1.0;
				PRODUCT_BUNDLE_IDENTIFIER = "io.sentry.tvOS-SBSwift";
				PRODUCT_NAME = "$(TARGET_NAME)";
				SWIFT_EMIT_LOC_STRINGS = YES;
				SWIFT_VERSION = 5.0;
				TARGETED_DEVICE_FAMILY = 3;
				TVOS_DEPLOYMENT_TARGET = 15.0;
			};
			name = Debug;
		};
		D822A42F2760D15100E7B241 /* Release */ = {
			isa = XCBuildConfiguration;
			buildSettings = {
				ASSETCATALOG_COMPILER_APPICON_NAME = "App Icon & Top Shelf Image";
				ASSETCATALOG_COMPILER_GLOBAL_ACCENT_COLOR_NAME = AccentColor;
				CODE_SIGN_STYLE = Automatic;
				CURRENT_PROJECT_VERSION = 1;
				DEVELOPMENT_TEAM = 97JCY7859U;
				GENERATE_INFOPLIST_FILE = YES;
				INFOPLIST_KEY_UILaunchStoryboardName = LaunchScreen;
				INFOPLIST_KEY_UIMainStoryboardFile = Main;
				INFOPLIST_KEY_UIUserInterfaceStyle = Automatic;
				LD_RUNPATH_SEARCH_PATHS = (
					"$(inherited)",
					"@executable_path/Frameworks",
				);
				MARKETING_VERSION = 1.0;
				PRODUCT_BUNDLE_IDENTIFIER = "io.sentry.tvOS-SBSwift";
				PRODUCT_NAME = "$(TARGET_NAME)";
				SWIFT_EMIT_LOC_STRINGS = YES;
				SWIFT_VERSION = 5.0;
				TARGETED_DEVICE_FAMILY = 3;
				TVOS_DEPLOYMENT_TARGET = 15.0;
			};
			name = Release;
		};
		D822A44D2760ED7100E7B241 /* Debug */ = {
			isa = XCBuildConfiguration;
			buildSettings = {
				CODE_SIGN_STYLE = Automatic;
				CURRENT_PROJECT_VERSION = 1;
				DEVELOPMENT_TEAM = 97JCY7859U;
				GENERATE_INFOPLIST_FILE = YES;
				LD_RUNPATH_SEARCH_PATHS = (
					"$(inherited)",
					"@executable_path/Frameworks",
					"@loader_path/Frameworks",
				);
				MARKETING_VERSION = 1.0;
				PRODUCT_BUNDLE_IDENTIFIER = "io.sentry.tvOS-SBSwiftUITests";
				PRODUCT_NAME = "$(TARGET_NAME)";
				SWIFT_EMIT_LOC_STRINGS = NO;
				SWIFT_VERSION = 5.0;
				TARGETED_DEVICE_FAMILY = 3;
				TEST_TARGET_NAME = "tvOS-SBSwift";
				TVOS_DEPLOYMENT_TARGET = 15.0;
			};
			name = Debug;
		};
		D822A44E2760ED7100E7B241 /* Release */ = {
			isa = XCBuildConfiguration;
			buildSettings = {
				CODE_SIGN_STYLE = Automatic;
				CURRENT_PROJECT_VERSION = 1;
				DEVELOPMENT_TEAM = 97JCY7859U;
				GENERATE_INFOPLIST_FILE = YES;
				LD_RUNPATH_SEARCH_PATHS = (
					"$(inherited)",
					"@executable_path/Frameworks",
					"@loader_path/Frameworks",
				);
				MARKETING_VERSION = 1.0;
				PRODUCT_BUNDLE_IDENTIFIER = "io.sentry.tvOS-SBSwiftUITests";
				PRODUCT_NAME = "$(TARGET_NAME)";
				SWIFT_EMIT_LOC_STRINGS = NO;
				SWIFT_VERSION = 5.0;
				TARGETED_DEVICE_FAMILY = 3;
				TEST_TARGET_NAME = "tvOS-SBSwift";
				TVOS_DEPLOYMENT_TARGET = 15.0;
			};
			name = Release;
		};
/* End XCBuildConfiguration section */

/* Begin XCConfigurationList section */
		7B64388F26A6C71A000D0F65 /* Build configuration list for PBXNativeTarget "tvOS-SwiftUITests" */ = {
			isa = XCConfigurationList;
			buildConfigurations = (
				7B64388D26A6C71A000D0F65 /* Debug */,
				7B64388E26A6C71A000D0F65 /* Release */,
				84D4FE9628ECD20000EDAAFE /* TestCI */,
				84D4FE9128ECD1FD00EDAAFE /* Test */,
			);
			defaultConfigurationIsVisible = 0;
			defaultConfigurationName = Release;
		};
		7BA61D5D247FA32600C130A8 /* Build configuration list for PBXProject "tvOS-Swift" */ = {
			isa = XCConfigurationList;
			buildConfigurations = (
				7BA61D72247FA32600C130A8 /* Debug */,
				7BA61D73247FA32600C130A8 /* Release */,
				84D4FE9428ECD20000EDAAFE /* TestCI */,
				84D4FE8F28ECD1FD00EDAAFE /* Test */,
			);
			defaultConfigurationIsVisible = 0;
			defaultConfigurationName = Release;
		};
		7BA61D74247FA32600C130A8 /* Build configuration list for PBXNativeTarget "tvOS-Swift" */ = {
			isa = XCConfigurationList;
			buildConfigurations = (
				7BA61D75247FA32600C130A8 /* Debug */,
				7BA61D76247FA32600C130A8 /* Release */,
				84D4FE9528ECD20000EDAAFE /* TestCI */,
				84D4FE9028ECD1FD00EDAAFE /* Test */,
			);
			defaultConfigurationIsVisible = 0;
			defaultConfigurationName = Release;
		};
		D822A4302760D15100E7B241 /* Build configuration list for PBXNativeTarget "tvOS-SBSwift" */ = {
			isa = XCConfigurationList;
			buildConfigurations = (
				D822A42E2760D15100E7B241 /* Debug */,
				D822A42F2760D15100E7B241 /* Release */,
				84D4FE9728ECD20000EDAAFE /* TestCI */,
				84D4FE9228ECD1FD00EDAAFE /* Test */,
			);
			defaultConfigurationIsVisible = 0;
			defaultConfigurationName = Release;
		};
		D822A44C2760ED7100E7B241 /* Build configuration list for PBXNativeTarget "tvOS-SBSwiftUITests" */ = {
			isa = XCConfigurationList;
			buildConfigurations = (
				D822A44D2760ED7100E7B241 /* Debug */,
				D822A44E2760ED7100E7B241 /* Release */,
				84D4FE9828ECD20000EDAAFE /* TestCI */,
				84D4FE9328ECD1FD00EDAAFE /* Test */,
			);
			defaultConfigurationIsVisible = 0;
			defaultConfigurationName = Release;
		};
/* End XCConfigurationList section */
	};
	rootObject = 7BA61D5A247FA32600C130A8 /* Project object */;
}
