// !$*UTF8*$!
{
	archiveVersion = 1;
	classes = {
	};
	objectVersion = 46;
	objects = {

/* Begin PBXAggregateTarget section */
		631E6D2C1EBC5F3500712345 /* OClint */ = {
			isa = PBXAggregateTarget;
			buildConfigurationList = 631E6D2D1EBC5F3500712345 /* Build configuration list for PBXAggregateTarget "OClint" */;
			buildPhases = (
				631E6D301EBC5F3C00712345 /* ShellScript */,
			);
			dependencies = (
			);
			name = OClint;
			productName = OClint;
		};
/* End PBXAggregateTarget section */

/* Begin PBXBuildFile section */
		630435FE1EBCA9D900C4D3FA /* SentryNSURLRequest.h in Headers */ = {isa = PBXBuildFile; fileRef = 630435FC1EBCA9D900C4D3FA /* SentryNSURLRequest.h */; settings = {ATTRIBUTES = (Private, ); }; };
		630435FF1EBCA9D900C4D3FA /* SentryNSURLRequest.m in Sources */ = {isa = PBXBuildFile; fileRef = 630435FD1EBCA9D900C4D3FA /* SentryNSURLRequest.m */; };
		6319A3041EB9F6F500B3B144 /* Sentry.h in Headers */ = {isa = PBXBuildFile; fileRef = 63AA76931EB9C1C200D153DE /* Sentry.h */; settings = {ATTRIBUTES = (Public, ); }; };
		631E6D331EBC679C00712345 /* SentryQueueableRequestManager.h in Headers */ = {isa = PBXBuildFile; fileRef = 631E6D311EBC679C00712345 /* SentryQueueableRequestManager.h */; settings = {ATTRIBUTES = (Private, ); }; };
		631E6D341EBC679C00712345 /* SentryQueueableRequestManager.m in Sources */ = {isa = PBXBuildFile; fileRef = 631E6D321EBC679C00712345 /* SentryQueueableRequestManager.m */; };
		635B3F381EBC6E2500A6176D /* SentryAsynchronousOperation.h in Headers */ = {isa = PBXBuildFile; fileRef = 635B3F361EBC6E2500A6176D /* SentryAsynchronousOperation.h */; settings = {ATTRIBUTES = (Private, ); }; };
		635B3F391EBC6E2500A6176D /* SentryAsynchronousOperation.m in Sources */ = {isa = PBXBuildFile; fileRef = 635B3F371EBC6E2500A6176D /* SentryAsynchronousOperation.m */; };
		638DC9A01EBC6B6400A66E41 /* SentryRequestOperation.h in Headers */ = {isa = PBXBuildFile; fileRef = 638DC99E1EBC6B6400A66E41 /* SentryRequestOperation.h */; settings = {ATTRIBUTES = (Private, ); }; };
		638DC9A11EBC6B6400A66E41 /* SentryRequestOperation.m in Sources */ = {isa = PBXBuildFile; fileRef = 638DC99F1EBC6B6400A66E41 /* SentryRequestOperation.m */; };
		639FCF931EBC746F00778193 /* SentryDsnTests.m in Sources */ = {isa = PBXBuildFile; fileRef = 639FCF921EBC746F00778193 /* SentryDsnTests.m */; };
		639FCF951EBC749B00778193 /* SentryRequestTests.m in Sources */ = {isa = PBXBuildFile; fileRef = 639FCF941EBC749B00778193 /* SentryRequestTests.m */; };
		639FCF981EBC7B9700778193 /* SentryEvent.h in Headers */ = {isa = PBXBuildFile; fileRef = 639FCF961EBC7B9700778193 /* SentryEvent.h */; settings = {ATTRIBUTES = (Public, ); }; };
		639FCF991EBC7B9700778193 /* SentryEvent.m in Sources */ = {isa = PBXBuildFile; fileRef = 639FCF971EBC7B9700778193 /* SentryEvent.m */; };
		639FCF9C1EBC7F9500778193 /* SentryThread.h in Headers */ = {isa = PBXBuildFile; fileRef = 639FCF9A1EBC7F9500778193 /* SentryThread.h */; settings = {ATTRIBUTES = (Public, ); }; };
		639FCF9D1EBC7F9500778193 /* SentryThread.m in Sources */ = {isa = PBXBuildFile; fileRef = 639FCF9B1EBC7F9500778193 /* SentryThread.m */; };
		639FCFA01EBC804600778193 /* SentryException.h in Headers */ = {isa = PBXBuildFile; fileRef = 639FCF9E1EBC804600778193 /* SentryException.h */; settings = {ATTRIBUTES = (Public, ); }; };
		639FCFA11EBC804600778193 /* SentryException.m in Sources */ = {isa = PBXBuildFile; fileRef = 639FCF9F1EBC804600778193 /* SentryException.m */; };
		639FCFA41EBC809A00778193 /* SentryStacktrace.h in Headers */ = {isa = PBXBuildFile; fileRef = 639FCFA21EBC809A00778193 /* SentryStacktrace.h */; settings = {ATTRIBUTES = (Public, ); }; };
		639FCFA51EBC809A00778193 /* SentryStacktrace.m in Sources */ = {isa = PBXBuildFile; fileRef = 639FCFA31EBC809A00778193 /* SentryStacktrace.m */; };
		639FCFA81EBC80CC00778193 /* SentryFrame.h in Headers */ = {isa = PBXBuildFile; fileRef = 639FCFA61EBC80CC00778193 /* SentryFrame.h */; settings = {ATTRIBUTES = (Public, ); }; };
		639FCFA91EBC80CC00778193 /* SentryFrame.m in Sources */ = {isa = PBXBuildFile; fileRef = 639FCFA71EBC80CC00778193 /* SentryFrame.m */; };
		639FCFAC1EBC811400778193 /* SentryUser.h in Headers */ = {isa = PBXBuildFile; fileRef = 639FCFAA1EBC811400778193 /* SentryUser.h */; settings = {ATTRIBUTES = (Public, ); }; };
		639FCFAD1EBC811400778193 /* SentryUser.m in Sources */ = {isa = PBXBuildFile; fileRef = 639FCFAB1EBC811400778193 /* SentryUser.m */; };
		63AA75EF1EB8B3C400D153DE /* SentryClient.m in Sources */ = {isa = PBXBuildFile; fileRef = 63AA75ED1EB8B3C400D153DE /* SentryClient.m */; };
		63AA766A1EB8CB2F00D153DE /* Sentry.framework in Frameworks */ = {isa = PBXBuildFile; fileRef = 63AA759B1EB8AEF500D153DE /* Sentry.framework */; };
		63AA76701EB8CB4B00D153DE /* SentryTests.m in Sources */ = {isa = PBXBuildFile; fileRef = 63AA75951EB8AEDB00D153DE /* SentryTests.m */; };
		63AA767A1EB8D20500D153DE /* SentryLog.m in Sources */ = {isa = PBXBuildFile; fileRef = 63AA76781EB8D20500D153DE /* SentryLog.m */; };
		63AA76971EB9C1C200D153DE /* Sentry.h in Headers */ = {isa = PBXBuildFile; fileRef = 63AA76931EB9C1C200D153DE /* Sentry.h */; settings = {ATTRIBUTES = (Public, ); }; };
		63AA76981EB9C1C200D153DE /* SentryClient.h in Headers */ = {isa = PBXBuildFile; fileRef = 63AA76941EB9C1C200D153DE /* SentryClient.h */; settings = {ATTRIBUTES = (Public, ); }; };
		63AA76991EB9C1C200D153DE /* SentryDefines.h in Headers */ = {isa = PBXBuildFile; fileRef = 63AA76951EB9C1C200D153DE /* SentryDefines.h */; settings = {ATTRIBUTES = (Public, ); }; };
		63AA769A1EB9C1C200D153DE /* SentryLog.h in Headers */ = {isa = PBXBuildFile; fileRef = 63AA76961EB9C1C200D153DE /* SentryLog.h */; settings = {ATTRIBUTES = (Private, ); }; };
		63AA769D1EB9C57A00D153DE /* SentryError.h in Headers */ = {isa = PBXBuildFile; fileRef = 63AA769B1EB9C57A00D153DE /* SentryError.h */; settings = {ATTRIBUTES = (Private, ); }; };
		63AA769E1EB9C57A00D153DE /* SentryError.m in Sources */ = {isa = PBXBuildFile; fileRef = 63AA769C1EB9C57A00D153DE /* SentryError.m */; };
		63AA76A31EB9CBAA00D153DE /* SentryDsn.m in Sources */ = {isa = PBXBuildFile; fileRef = 63AA76A11EB9CBAA00D153DE /* SentryDsn.m */; };
		63AA76A51EB9CBC200D153DE /* SentryDsn.h in Headers */ = {isa = PBXBuildFile; fileRef = 63AA76A41EB9CBC200D153DE /* SentryDsn.h */; settings = {ATTRIBUTES = (Private, ); }; };
		63AA76BF1EB9ED8E00D153DE /* SentrySwift.framework in Frameworks */ = {isa = PBXBuildFile; fileRef = 63AA76B61EB9ED8E00D153DE /* SentrySwift.framework */; };
		63AA76C41EB9ED8E00D153DE /* SentrySwiftTests.swift in Sources */ = {isa = PBXBuildFile; fileRef = 63AA76C31EB9ED8E00D153DE /* SentrySwiftTests.swift */; };
		63AA76CF1EB9F18A00D153DE /* Client.swift in Sources */ = {isa = PBXBuildFile; fileRef = 63AA76CE1EB9F18A00D153DE /* Client.swift */; };
		63AA76D11EB9F30C00D153DE /* Sentry.framework in Frameworks */ = {isa = PBXBuildFile; fileRef = 63AA759B1EB8AEF500D153DE /* Sentry.framework */; };
/* End PBXBuildFile section */

/* Begin PBXContainerItemProxy section */
		63AA766B1EB8CB2F00D153DE /* PBXContainerItemProxy */ = {
			isa = PBXContainerItemProxy;
			containerPortal = 6327C5CA1EB8A783004E799B /* Project object */;
			proxyType = 1;
			remoteGlobalIDString = 63AA759A1EB8AEF500D153DE;
			remoteInfo = "Sentry-iOS";
		};
		63AA76C01EB9ED8E00D153DE /* PBXContainerItemProxy */ = {
			isa = PBXContainerItemProxy;
			containerPortal = 6327C5CA1EB8A783004E799B /* Project object */;
			proxyType = 1;
			remoteGlobalIDString = 63AA76B51EB9ED8E00D153DE;
			remoteInfo = SentrySwift;
		};
		63AA76D21EB9F31300D153DE /* PBXContainerItemProxy */ = {
			isa = PBXContainerItemProxy;
			containerPortal = 6327C5CA1EB8A783004E799B /* Project object */;
			proxyType = 1;
			remoteGlobalIDString = 63AA759A1EB8AEF500D153DE;
			remoteInfo = Sentry;
		};
/* End PBXContainerItemProxy section */

/* Begin PBXFileReference section */
		630435FC1EBCA9D900C4D3FA /* SentryNSURLRequest.h */ = {isa = PBXFileReference; fileEncoding = 4; lastKnownFileType = sourcecode.c.h; name = SentryNSURLRequest.h; path = include/SentryNSURLRequest.h; sourceTree = "<group>"; };
		630435FD1EBCA9D900C4D3FA /* SentryNSURLRequest.m */ = {isa = PBXFileReference; fileEncoding = 4; lastKnownFileType = sourcecode.c.objc; path = SentryNSURLRequest.m; sourceTree = "<group>"; };
		631E6D311EBC679C00712345 /* SentryQueueableRequestManager.h */ = {isa = PBXFileReference; fileEncoding = 4; lastKnownFileType = sourcecode.c.h; name = SentryQueueableRequestManager.h; path = include/SentryQueueableRequestManager.h; sourceTree = "<group>"; };
		631E6D321EBC679C00712345 /* SentryQueueableRequestManager.m */ = {isa = PBXFileReference; fileEncoding = 4; lastKnownFileType = sourcecode.c.objc; path = SentryQueueableRequestManager.m; sourceTree = "<group>"; };
		635B3F361EBC6E2500A6176D /* SentryAsynchronousOperation.h */ = {isa = PBXFileReference; fileEncoding = 4; lastKnownFileType = sourcecode.c.h; name = SentryAsynchronousOperation.h; path = include/SentryAsynchronousOperation.h; sourceTree = "<group>"; };
		635B3F371EBC6E2500A6176D /* SentryAsynchronousOperation.m */ = {isa = PBXFileReference; fileEncoding = 4; lastKnownFileType = sourcecode.c.objc; path = SentryAsynchronousOperation.m; sourceTree = "<group>"; };
		638DC99E1EBC6B6400A66E41 /* SentryRequestOperation.h */ = {isa = PBXFileReference; fileEncoding = 4; lastKnownFileType = sourcecode.c.h; name = SentryRequestOperation.h; path = include/SentryRequestOperation.h; sourceTree = "<group>"; };
		638DC99F1EBC6B6400A66E41 /* SentryRequestOperation.m */ = {isa = PBXFileReference; fileEncoding = 4; lastKnownFileType = sourcecode.c.objc; path = SentryRequestOperation.m; sourceTree = "<group>"; };
		639FCF921EBC746F00778193 /* SentryDsnTests.m */ = {isa = PBXFileReference; fileEncoding = 4; lastKnownFileType = sourcecode.c.objc; path = SentryDsnTests.m; sourceTree = "<group>"; };
		639FCF941EBC749B00778193 /* SentryRequestTests.m */ = {isa = PBXFileReference; fileEncoding = 4; lastKnownFileType = sourcecode.c.objc; path = SentryRequestTests.m; sourceTree = "<group>"; };
		639FCF961EBC7B9700778193 /* SentryEvent.h */ = {isa = PBXFileReference; fileEncoding = 4; lastKnownFileType = sourcecode.c.h; name = SentryEvent.h; path = include/SentryEvent.h; sourceTree = "<group>"; };
		639FCF971EBC7B9700778193 /* SentryEvent.m */ = {isa = PBXFileReference; fileEncoding = 4; lastKnownFileType = sourcecode.c.objc; path = SentryEvent.m; sourceTree = "<group>"; };
		639FCF9A1EBC7F9500778193 /* SentryThread.h */ = {isa = PBXFileReference; fileEncoding = 4; lastKnownFileType = sourcecode.c.h; name = SentryThread.h; path = include/SentryThread.h; sourceTree = "<group>"; };
		639FCF9B1EBC7F9500778193 /* SentryThread.m */ = {isa = PBXFileReference; fileEncoding = 4; lastKnownFileType = sourcecode.c.objc; path = SentryThread.m; sourceTree = "<group>"; };
		639FCF9E1EBC804600778193 /* SentryException.h */ = {isa = PBXFileReference; fileEncoding = 4; lastKnownFileType = sourcecode.c.h; name = SentryException.h; path = include/SentryException.h; sourceTree = "<group>"; };
		639FCF9F1EBC804600778193 /* SentryException.m */ = {isa = PBXFileReference; fileEncoding = 4; lastKnownFileType = sourcecode.c.objc; path = SentryException.m; sourceTree = "<group>"; };
		639FCFA21EBC809A00778193 /* SentryStacktrace.h */ = {isa = PBXFileReference; fileEncoding = 4; lastKnownFileType = sourcecode.c.h; name = SentryStacktrace.h; path = include/SentryStacktrace.h; sourceTree = "<group>"; };
		639FCFA31EBC809A00778193 /* SentryStacktrace.m */ = {isa = PBXFileReference; fileEncoding = 4; lastKnownFileType = sourcecode.c.objc; path = SentryStacktrace.m; sourceTree = "<group>"; };
		639FCFA61EBC80CC00778193 /* SentryFrame.h */ = {isa = PBXFileReference; fileEncoding = 4; lastKnownFileType = sourcecode.c.h; name = SentryFrame.h; path = include/SentryFrame.h; sourceTree = "<group>"; };
		639FCFA71EBC80CC00778193 /* SentryFrame.m */ = {isa = PBXFileReference; fileEncoding = 4; lastKnownFileType = sourcecode.c.objc; path = SentryFrame.m; sourceTree = "<group>"; };
		639FCFAA1EBC811400778193 /* SentryUser.h */ = {isa = PBXFileReference; fileEncoding = 4; lastKnownFileType = sourcecode.c.h; name = SentryUser.h; path = include/SentryUser.h; sourceTree = "<group>"; };
		639FCFAB1EBC811400778193 /* SentryUser.m */ = {isa = PBXFileReference; fileEncoding = 4; lastKnownFileType = sourcecode.c.objc; path = SentryUser.m; sourceTree = "<group>"; };
		63AA75941EB8AEDB00D153DE /* Info.plist */ = {isa = PBXFileReference; lastKnownFileType = text.plist.xml; path = Info.plist; sourceTree = "<group>"; };
		63AA75951EB8AEDB00D153DE /* SentryTests.m */ = {isa = PBXFileReference; lastKnownFileType = sourcecode.c.objc; path = SentryTests.m; sourceTree = "<group>"; };
		63AA759B1EB8AEF500D153DE /* Sentry.framework */ = {isa = PBXFileReference; explicitFileType = wrapper.framework; includeInIndex = 0; path = Sentry.framework; sourceTree = BUILT_PRODUCTS_DIR; };
		63AA75C51EB8B00100D153DE /* Sentry.xcconfig */ = {isa = PBXFileReference; lastKnownFileType = text.xcconfig; path = Sentry.xcconfig; sourceTree = "<group>"; };
		63AA75C71EB8B06100D153DE /* Info.plist */ = {isa = PBXFileReference; lastKnownFileType = text.plist.xml; path = Info.plist; sourceTree = "<group>"; };
		63AA75C91EB8B08D00D153DE /* SentrySwift.xcconfig */ = {isa = PBXFileReference; lastKnownFileType = text.xcconfig; path = SentrySwift.xcconfig; sourceTree = "<group>"; };
		63AA75ED1EB8B3C400D153DE /* SentryClient.m */ = {isa = PBXFileReference; fileEncoding = 4; lastKnownFileType = sourcecode.c.objc; path = SentryClient.m; sourceTree = "<group>"; };
		63AA76651EB8CB2F00D153DE /* SentryTests.xctest */ = {isa = PBXFileReference; explicitFileType = wrapper.cfbundle; includeInIndex = 0; path = SentryTests.xctest; sourceTree = BUILT_PRODUCTS_DIR; };
		63AA76781EB8D20500D153DE /* SentryLog.m */ = {isa = PBXFileReference; fileEncoding = 4; lastKnownFileType = sourcecode.c.objc; path = SentryLog.m; sourceTree = "<group>"; };
		63AA76931EB9C1C200D153DE /* Sentry.h */ = {isa = PBXFileReference; fileEncoding = 4; lastKnownFileType = sourcecode.c.h; name = Sentry.h; path = include/Sentry.h; sourceTree = "<group>"; };
		63AA76941EB9C1C200D153DE /* SentryClient.h */ = {isa = PBXFileReference; fileEncoding = 4; lastKnownFileType = sourcecode.c.h; name = SentryClient.h; path = include/SentryClient.h; sourceTree = "<group>"; };
		63AA76951EB9C1C200D153DE /* SentryDefines.h */ = {isa = PBXFileReference; fileEncoding = 4; lastKnownFileType = sourcecode.c.h; name = SentryDefines.h; path = include/SentryDefines.h; sourceTree = "<group>"; };
		63AA76961EB9C1C200D153DE /* SentryLog.h */ = {isa = PBXFileReference; fileEncoding = 4; lastKnownFileType = sourcecode.c.h; name = SentryLog.h; path = include/SentryLog.h; sourceTree = "<group>"; };
		63AA769B1EB9C57A00D153DE /* SentryError.h */ = {isa = PBXFileReference; fileEncoding = 4; lastKnownFileType = sourcecode.c.h; name = SentryError.h; path = include/SentryError.h; sourceTree = "<group>"; };
		63AA769C1EB9C57A00D153DE /* SentryError.m */ = {isa = PBXFileReference; fileEncoding = 4; lastKnownFileType = sourcecode.c.objc; path = SentryError.m; sourceTree = "<group>"; };
		63AA76A11EB9CBAA00D153DE /* SentryDsn.m */ = {isa = PBXFileReference; fileEncoding = 4; lastKnownFileType = sourcecode.c.objc; path = SentryDsn.m; sourceTree = "<group>"; };
		63AA76A41EB9CBC200D153DE /* SentryDsn.h */ = {isa = PBXFileReference; fileEncoding = 4; lastKnownFileType = sourcecode.c.h; name = SentryDsn.h; path = include/SentryDsn.h; sourceTree = "<group>"; };
		63AA76A91EB9D51C00D153DE /* Sentry.modulemap */ = {isa = PBXFileReference; lastKnownFileType = "sourcecode.module-map"; path = Sentry.modulemap; sourceTree = "<group>"; };
		63AA76AB1EB9D5CD00D153DE /* SentrySwiftTests.xcconfig */ = {isa = PBXFileReference; lastKnownFileType = text.xcconfig; path = SentrySwiftTests.xcconfig; sourceTree = "<group>"; };
		63AA76AE1EB9D5CD00D153DE /* SentryTests.xcconfig */ = {isa = PBXFileReference; lastKnownFileType = text.xcconfig; path = SentryTests.xcconfig; sourceTree = "<group>"; };
		63AA76B61EB9ED8E00D153DE /* SentrySwift.framework */ = {isa = PBXFileReference; explicitFileType = wrapper.framework; includeInIndex = 0; path = SentrySwift.framework; sourceTree = BUILT_PRODUCTS_DIR; };
		63AA76BE1EB9ED8E00D153DE /* SentrySwiftTests.xctest */ = {isa = PBXFileReference; explicitFileType = wrapper.cfbundle; includeInIndex = 0; path = SentrySwiftTests.xctest; sourceTree = BUILT_PRODUCTS_DIR; };
		63AA76C31EB9ED8E00D153DE /* SentrySwiftTests.swift */ = {isa = PBXFileReference; lastKnownFileType = sourcecode.swift; path = SentrySwiftTests.swift; sourceTree = "<group>"; };
		63AA76C51EB9ED8E00D153DE /* Info.plist */ = {isa = PBXFileReference; lastKnownFileType = text.plist.xml; path = Info.plist; sourceTree = "<group>"; };
		63AA76CD1EB9EE6900D153DE /* Info.plist */ = {isa = PBXFileReference; lastKnownFileType = text.plist.xml; path = Info.plist; sourceTree = "<group>"; };
		63AA76CE1EB9F18A00D153DE /* Client.swift */ = {isa = PBXFileReference; fileEncoding = 4; lastKnownFileType = sourcecode.swift; path = Client.swift; sourceTree = "<group>"; };
/* End PBXFileReference section */

/* Begin PBXFrameworksBuildPhase section */
		63AA75971EB8AEF500D153DE /* Frameworks */ = {
			isa = PBXFrameworksBuildPhase;
			buildActionMask = 2147483647;
			files = (
			);
			runOnlyForDeploymentPostprocessing = 0;
		};
		63AA76621EB8CB2F00D153DE /* Frameworks */ = {
			isa = PBXFrameworksBuildPhase;
			buildActionMask = 2147483647;
			files = (
				63AA766A1EB8CB2F00D153DE /* Sentry.framework in Frameworks */,
			);
			runOnlyForDeploymentPostprocessing = 0;
		};
		63AA76B21EB9ED8E00D153DE /* Frameworks */ = {
			isa = PBXFrameworksBuildPhase;
			buildActionMask = 2147483647;
			files = (
				63AA76D11EB9F30C00D153DE /* Sentry.framework in Frameworks */,
			);
			runOnlyForDeploymentPostprocessing = 0;
		};
		63AA76BB1EB9ED8E00D153DE /* Frameworks */ = {
			isa = PBXFrameworksBuildPhase;
			buildActionMask = 2147483647;
			files = (
				63AA76BF1EB9ED8E00D153DE /* SentrySwift.framework in Frameworks */,
			);
			runOnlyForDeploymentPostprocessing = 0;
		};
/* End PBXFrameworksBuildPhase section */

/* Begin PBXGroup section */
		630436001EBCB87500C4D3FA /* Networking */ = {
			isa = PBXGroup;
			children = (
				635B3F361EBC6E2500A6176D /* SentryAsynchronousOperation.h */,
				635B3F371EBC6E2500A6176D /* SentryAsynchronousOperation.m */,
				63AA76A41EB9CBC200D153DE /* SentryDsn.h */,
				63AA76A11EB9CBAA00D153DE /* SentryDsn.m */,
				630435FC1EBCA9D900C4D3FA /* SentryNSURLRequest.h */,
				630435FD1EBCA9D900C4D3FA /* SentryNSURLRequest.m */,
				631E6D311EBC679C00712345 /* SentryQueueableRequestManager.h */,
				631E6D321EBC679C00712345 /* SentryQueueableRequestManager.m */,
				638DC99E1EBC6B6400A66E41 /* SentryRequestOperation.h */,
				638DC99F1EBC6B6400A66E41 /* SentryRequestOperation.m */,
			);
			name = Networking;
			sourceTree = "<group>";
		};
		630436011EBCB8CA00C4D3FA /* Interfaces */ = {
			isa = PBXGroup;
			children = (
				639FCF961EBC7B9700778193 /* SentryEvent.h */,
				639FCF971EBC7B9700778193 /* SentryEvent.m */,
				639FCF9E1EBC804600778193 /* SentryException.h */,
				639FCF9F1EBC804600778193 /* SentryException.m */,
				639FCFA61EBC80CC00778193 /* SentryFrame.h */,
				639FCFA71EBC80CC00778193 /* SentryFrame.m */,
				639FCFA21EBC809A00778193 /* SentryStacktrace.h */,
				639FCFA31EBC809A00778193 /* SentryStacktrace.m */,
				639FCF9A1EBC7F9500778193 /* SentryThread.h */,
				639FCF9B1EBC7F9500778193 /* SentryThread.m */,
				639FCFAA1EBC811400778193 /* SentryUser.h */,
				639FCFAB1EBC811400778193 /* SentryUser.m */,
			);
			name = Interfaces;
			sourceTree = "<group>";
		};
		630436021EBCB9AE00C4D3FA /* Supporting Files */ = {
			isa = PBXGroup;
			children = (
				63AA76CD1EB9EE6900D153DE /* Info.plist */,
			);
			name = "Supporting Files";
			sourceTree = "<group>";
		};
		6327C5C91EB8A783004E799B = {
			isa = PBXGroup;
			children = (
				63AA756E1EB8AEDB00D153DE /* Sources */,
				63AA75921EB8AEDB00D153DE /* Tests */,
				6327C5D41EB8A783004E799B /* Products */,
			);
			sourceTree = "<group>";
		};
		6327C5D41EB8A783004E799B /* Products */ = {
			isa = PBXGroup;
			children = (
				63AA759B1EB8AEF500D153DE /* Sentry.framework */,
				63AA76651EB8CB2F00D153DE /* SentryTests.xctest */,
				63AA76B61EB9ED8E00D153DE /* SentrySwift.framework */,
				63AA76BE1EB9ED8E00D153DE /* SentrySwiftTests.xctest */,
			);
			name = Products;
			sourceTree = "<group>";
		};
		63AA756E1EB8AEDB00D153DE /* Sources */ = {
			isa = PBXGroup;
			children = (
				63AA75A31EB8AFDF00D153DE /* Configuration */,
				63AA75C61EB8B06100D153DE /* Sentry */,
				63AA76B71EB9ED8E00D153DE /* SentrySwift */,
			);
			path = Sources;
			sourceTree = "<group>";
		};
		63AA75921EB8AEDB00D153DE /* Tests */ = {
			isa = PBXGroup;
			children = (
				63AA76AA1EB9D5CD00D153DE /* Configuration */,
				63AA75931EB8AEDB00D153DE /* SentryTests */,
				63AA76C21EB9ED8E00D153DE /* SentrySwiftTests */,
			);
			path = Tests;
			sourceTree = "<group>";
		};
		63AA75931EB8AEDB00D153DE /* SentryTests */ = {
			isa = PBXGroup;
			children = (
				63AA75941EB8AEDB00D153DE /* Info.plist */,
				63AA75951EB8AEDB00D153DE /* SentryTests.m */,
				639FCF921EBC746F00778193 /* SentryDsnTests.m */,
				639FCF941EBC749B00778193 /* SentryRequestTests.m */,
			);
			path = SentryTests;
			sourceTree = "<group>";
		};
		63AA75A31EB8AFDF00D153DE /* Configuration */ = {
			isa = PBXGroup;
			children = (
				63AA75C51EB8B00100D153DE /* Sentry.xcconfig */,
				63AA75C91EB8B08D00D153DE /* SentrySwift.xcconfig */,
			);
			path = Configuration;
			sourceTree = "<group>";
		};
		63AA75C61EB8B06100D153DE /* Sentry */ = {
			isa = PBXGroup;
			children = (
				63AA769F1EB9C89800D153DE /* Supporting Files */,
				630436011EBCB8CA00C4D3FA /* Interfaces */,
				630436001EBCB87500C4D3FA /* Networking */,
				63AA76931EB9C1C200D153DE /* Sentry.h */,
				63AA76951EB9C1C200D153DE /* SentryDefines.h */,
				63AA75ED1EB8B3C400D153DE /* SentryClient.m */,
				63AA76941EB9C1C200D153DE /* SentryClient.h */,
				63AA769C1EB9C57A00D153DE /* SentryError.m */,
				63AA769B1EB9C57A00D153DE /* SentryError.h */,
				63AA76781EB8D20500D153DE /* SentryLog.m */,
				63AA76961EB9C1C200D153DE /* SentryLog.h */,
			);
			path = Sentry;
			sourceTree = "<group>";
		};
		63AA769F1EB9C89800D153DE /* Supporting Files */ = {
			isa = PBXGroup;
			children = (
				63AA75C71EB8B06100D153DE /* Info.plist */,
				63AA76A91EB9D51C00D153DE /* Sentry.modulemap */,
			);
			name = "Supporting Files";
			sourceTree = "<group>";
		};
		63AA76AA1EB9D5CD00D153DE /* Configuration */ = {
			isa = PBXGroup;
			children = (
				63AA76AB1EB9D5CD00D153DE /* SentrySwiftTests.xcconfig */,
				63AA76AE1EB9D5CD00D153DE /* SentryTests.xcconfig */,
			);
			path = Configuration;
			sourceTree = "<group>";
		};
		63AA76B71EB9ED8E00D153DE /* SentrySwift */ = {
			isa = PBXGroup;
			children = (
				630436021EBCB9AE00C4D3FA /* Supporting Files */,
				63AA76CE1EB9F18A00D153DE /* Client.swift */,
			);
			path = SentrySwift;
			sourceTree = "<group>";
		};
		63AA76C21EB9ED8E00D153DE /* SentrySwiftTests */ = {
			isa = PBXGroup;
			children = (
				63AA76C31EB9ED8E00D153DE /* SentrySwiftTests.swift */,
				63AA76C51EB9ED8E00D153DE /* Info.plist */,
			);
			path = SentrySwiftTests;
			sourceTree = "<group>";
		};
/* End PBXGroup section */

/* Begin PBXHeadersBuildPhase section */
		63AA75981EB8AEF500D153DE /* Headers */ = {
			isa = PBXHeadersBuildPhase;
			buildActionMask = 2147483647;
			files = (
				639FCFAC1EBC811400778193 /* SentryUser.h in Headers */,
				639FCFA41EBC809A00778193 /* SentryStacktrace.h in Headers */,
				639FCF981EBC7B9700778193 /* SentryEvent.h in Headers */,
				63AA769A1EB9C1C200D153DE /* SentryLog.h in Headers */,
				63AA76991EB9C1C200D153DE /* SentryDefines.h in Headers */,
				635B3F381EBC6E2500A6176D /* SentryAsynchronousOperation.h in Headers */,
				63AA76981EB9C1C200D153DE /* SentryClient.h in Headers */,
				63AA76971EB9C1C200D153DE /* Sentry.h in Headers */,
				631E6D331EBC679C00712345 /* SentryQueueableRequestManager.h in Headers */,
				639FCFA01EBC804600778193 /* SentryException.h in Headers */,
				639FCFA81EBC80CC00778193 /* SentryFrame.h in Headers */,
				638DC9A01EBC6B6400A66E41 /* SentryRequestOperation.h in Headers */,
				630435FE1EBCA9D900C4D3FA /* SentryNSURLRequest.h in Headers */,
				63AA769D1EB9C57A00D153DE /* SentryError.h in Headers */,
				639FCF9C1EBC7F9500778193 /* SentryThread.h in Headers */,
				63AA76A51EB9CBC200D153DE /* SentryDsn.h in Headers */,
			);
			runOnlyForDeploymentPostprocessing = 0;
		};
		63AA76B31EB9ED8E00D153DE /* Headers */ = {
			isa = PBXHeadersBuildPhase;
			buildActionMask = 2147483647;
			files = (
				6319A3041EB9F6F500B3B144 /* Sentry.h in Headers */,
			);
			runOnlyForDeploymentPostprocessing = 0;
		};
/* End PBXHeadersBuildPhase section */

/* Begin PBXNativeTarget section */
		63AA759A1EB8AEF500D153DE /* Sentry */ = {
			isa = PBXNativeTarget;
			buildConfigurationList = 63AA75A01EB8AEF500D153DE /* Build configuration list for PBXNativeTarget "Sentry" */;
			buildPhases = (
				63AA75961EB8AEF500D153DE /* Sources */,
				63AA75971EB8AEF500D153DE /* Frameworks */,
				63AA75981EB8AEF500D153DE /* Headers */,
				63AA75991EB8AEF500D153DE /* Resources */,
			);
			buildRules = (
			);
			dependencies = (
			);
			name = Sentry;
			productName = "Sentry-iOS";
			productReference = 63AA759B1EB8AEF500D153DE /* Sentry.framework */;
			productType = "com.apple.product-type.framework";
		};
		63AA76641EB8CB2F00D153DE /* SentryTests */ = {
			isa = PBXNativeTarget;
			buildConfigurationList = 63AA766F1EB8CB2F00D153DE /* Build configuration list for PBXNativeTarget "SentryTests" */;
			buildPhases = (
				63AA76611EB8CB2F00D153DE /* Sources */,
				63AA76621EB8CB2F00D153DE /* Frameworks */,
				63AA76631EB8CB2F00D153DE /* Resources */,
			);
			buildRules = (
			);
			dependencies = (
				63AA766C1EB8CB2F00D153DE /* PBXTargetDependency */,
			);
			name = SentryTests;
			productName = "Tests-iOS";
			productReference = 63AA76651EB8CB2F00D153DE /* SentryTests.xctest */;
			productType = "com.apple.product-type.bundle.unit-test";
		};
		63AA76B51EB9ED8E00D153DE /* SentrySwift */ = {
			isa = PBXNativeTarget;
			buildConfigurationList = 63AA76C71EB9ED8E00D153DE /* Build configuration list for PBXNativeTarget "SentrySwift" */;
			buildPhases = (
				63AA76B11EB9ED8E00D153DE /* Sources */,
				63AA76B21EB9ED8E00D153DE /* Frameworks */,
				63AA76B31EB9ED8E00D153DE /* Headers */,
				63AA76B41EB9ED8E00D153DE /* Resources */,
			);
			buildRules = (
			);
			dependencies = (
				63AA76D31EB9F31300D153DE /* PBXTargetDependency */,
			);
			name = SentrySwift;
			productName = SentrySwift;
			productReference = 63AA76B61EB9ED8E00D153DE /* SentrySwift.framework */;
			productType = "com.apple.product-type.framework";
		};
		63AA76BD1EB9ED8E00D153DE /* SentrySwiftTests */ = {
			isa = PBXNativeTarget;
			buildConfigurationList = 63AA76CA1EB9ED8E00D153DE /* Build configuration list for PBXNativeTarget "SentrySwiftTests" */;
			buildPhases = (
				63AA76BA1EB9ED8E00D153DE /* Sources */,
				63AA76BB1EB9ED8E00D153DE /* Frameworks */,
				63AA76BC1EB9ED8E00D153DE /* Resources */,
			);
			buildRules = (
			);
			dependencies = (
				63AA76C11EB9ED8E00D153DE /* PBXTargetDependency */,
			);
			name = SentrySwiftTests;
			productName = SentrySwiftTests;
			productReference = 63AA76BE1EB9ED8E00D153DE /* SentrySwiftTests.xctest */;
			productType = "com.apple.product-type.bundle.unit-test";
		};
/* End PBXNativeTarget section */

/* Begin PBXProject section */
		6327C5CA1EB8A783004E799B /* Project object */ = {
			isa = PBXProject;
			attributes = {
				LastSwiftUpdateCheck = 0830;
				LastUpgradeCheck = 0830;
				ORGANIZATIONNAME = Sentry;
				TargetAttributes = {
					631E6D2C1EBC5F3500712345 = {
						CreatedOnToolsVersion = 8.3.2;
						DevelopmentTeam = 97JCY7859U;
						ProvisioningStyle = Automatic;
					};
					63AA759A1EB8AEF500D153DE = {
						CreatedOnToolsVersion = 8.3.2;
						DevelopmentTeam = 97JCY7859U;
						ProvisioningStyle = Automatic;
					};
					63AA76641EB8CB2F00D153DE = {
						CreatedOnToolsVersion = 8.3.2;
						DevelopmentTeam = 97JCY7859U;
						LastSwiftMigration = 0830;
						ProvisioningStyle = Automatic;
					};
					63AA76B51EB9ED8E00D153DE = {
						CreatedOnToolsVersion = 8.3.2;
						DevelopmentTeam = 97JCY7859U;
						LastSwiftMigration = 0830;
						ProvisioningStyle = Automatic;
					};
					63AA76BD1EB9ED8E00D153DE = {
						CreatedOnToolsVersion = 8.3.2;
						DevelopmentTeam = 97JCY7859U;
						ProvisioningStyle = Automatic;
					};
				};
			};
			buildConfigurationList = 6327C5CD1EB8A783004E799B /* Build configuration list for PBXProject "Sentry" */;
			compatibilityVersion = "Xcode 3.2";
			developmentRegion = English;
			hasScannedForEncodings = 0;
			knownRegions = (
				en,
			);
			mainGroup = 6327C5C91EB8A783004E799B;
			productRefGroup = 6327C5D41EB8A783004E799B /* Products */;
			projectDirPath = "";
			projectRoot = "";
			targets = (
				63AA759A1EB8AEF500D153DE /* Sentry */,
				63AA76641EB8CB2F00D153DE /* SentryTests */,
				63AA76B51EB9ED8E00D153DE /* SentrySwift */,
				63AA76BD1EB9ED8E00D153DE /* SentrySwiftTests */,
				631E6D2C1EBC5F3500712345 /* OClint */,
			);
		};
/* End PBXProject section */

/* Begin PBXResourcesBuildPhase section */
		63AA75991EB8AEF500D153DE /* Resources */ = {
			isa = PBXResourcesBuildPhase;
			buildActionMask = 2147483647;
			files = (
			);
			runOnlyForDeploymentPostprocessing = 0;
		};
		63AA76631EB8CB2F00D153DE /* Resources */ = {
			isa = PBXResourcesBuildPhase;
			buildActionMask = 2147483647;
			files = (
			);
			runOnlyForDeploymentPostprocessing = 0;
		};
		63AA76B41EB9ED8E00D153DE /* Resources */ = {
			isa = PBXResourcesBuildPhase;
			buildActionMask = 2147483647;
			files = (
			);
			runOnlyForDeploymentPostprocessing = 0;
		};
		63AA76BC1EB9ED8E00D153DE /* Resources */ = {
			isa = PBXResourcesBuildPhase;
			buildActionMask = 2147483647;
			files = (
			);
			runOnlyForDeploymentPostprocessing = 0;
		};
/* End PBXResourcesBuildPhase section */

/* Begin PBXShellScriptBuildPhase section */
		631E6D301EBC5F3C00712345 /* ShellScript */ = {
			isa = PBXShellScriptBuildPhase;
			buildActionMask = 2147483647;
			files = (
			);
			inputPaths = (
			);
			outputPaths = (
			);
			runOnlyForDeploymentPostprocessing = 0;
			shellPath = /bin/sh;
			shellScript = "fastlane oc_lint\noclint-json-compilation-database -- -report-type xcode\n";
		};
/* End PBXShellScriptBuildPhase section */

/* Begin PBXSourcesBuildPhase section */
		63AA75961EB8AEF500D153DE /* Sources */ = {
			isa = PBXSourcesBuildPhase;
			buildActionMask = 2147483647;
			files = (
				631E6D341EBC679C00712345 /* SentryQueueableRequestManager.m in Sources */,
				63AA76A31EB9CBAA00D153DE /* SentryDsn.m in Sources */,
				63AA75EF1EB8B3C400D153DE /* SentryClient.m in Sources */,
				63AA769E1EB9C57A00D153DE /* SentryError.m in Sources */,
				639FCFA91EBC80CC00778193 /* SentryFrame.m in Sources */,
				630435FF1EBCA9D900C4D3FA /* SentryNSURLRequest.m in Sources */,
				639FCFA11EBC804600778193 /* SentryException.m in Sources */,
				638DC9A11EBC6B6400A66E41 /* SentryRequestOperation.m in Sources */,
				63AA767A1EB8D20500D153DE /* SentryLog.m in Sources */,
				639FCFA51EBC809A00778193 /* SentryStacktrace.m in Sources */,
				635B3F391EBC6E2500A6176D /* SentryAsynchronousOperation.m in Sources */,
				639FCF9D1EBC7F9500778193 /* SentryThread.m in Sources */,
				639FCFAD1EBC811400778193 /* SentryUser.m in Sources */,
				639FCF991EBC7B9700778193 /* SentryEvent.m in Sources */,
			);
			runOnlyForDeploymentPostprocessing = 0;
		};
		63AA76611EB8CB2F00D153DE /* Sources */ = {
			isa = PBXSourcesBuildPhase;
			buildActionMask = 2147483647;
			files = (
				639FCF951EBC749B00778193 /* SentryRequestTests.m in Sources */,
				639FCF931EBC746F00778193 /* SentryDsnTests.m in Sources */,
				63AA76701EB8CB4B00D153DE /* SentryTests.m in Sources */,
			);
			runOnlyForDeploymentPostprocessing = 0;
		};
		63AA76B11EB9ED8E00D153DE /* Sources */ = {
			isa = PBXSourcesBuildPhase;
			buildActionMask = 2147483647;
			files = (
				63AA76CF1EB9F18A00D153DE /* Client.swift in Sources */,
			);
			runOnlyForDeploymentPostprocessing = 0;
		};
		63AA76BA1EB9ED8E00D153DE /* Sources */ = {
			isa = PBXSourcesBuildPhase;
			buildActionMask = 2147483647;
			files = (
				63AA76C41EB9ED8E00D153DE /* SentrySwiftTests.swift in Sources */,
			);
			runOnlyForDeploymentPostprocessing = 0;
		};
/* End PBXSourcesBuildPhase section */

/* Begin PBXTargetDependency section */
		63AA766C1EB8CB2F00D153DE /* PBXTargetDependency */ = {
			isa = PBXTargetDependency;
			target = 63AA759A1EB8AEF500D153DE /* Sentry */;
			targetProxy = 63AA766B1EB8CB2F00D153DE /* PBXContainerItemProxy */;
		};
		63AA76C11EB9ED8E00D153DE /* PBXTargetDependency */ = {
			isa = PBXTargetDependency;
			target = 63AA76B51EB9ED8E00D153DE /* SentrySwift */;
			targetProxy = 63AA76C01EB9ED8E00D153DE /* PBXContainerItemProxy */;
		};
		63AA76D31EB9F31300D153DE /* PBXTargetDependency */ = {
			isa = PBXTargetDependency;
			target = 63AA759A1EB8AEF500D153DE /* Sentry */;
			targetProxy = 63AA76D21EB9F31300D153DE /* PBXContainerItemProxy */;
		};
/* End PBXTargetDependency section */

/* Begin XCBuildConfiguration section */
		631E6D2E1EBC5F3500712345 /* Debug */ = {
			isa = XCBuildConfiguration;
			buildSettings = {
				DEVELOPMENT_TEAM = 97JCY7859U;
				PRODUCT_NAME = "$(TARGET_NAME)";
			};
			name = Debug;
		};
		631E6D2F1EBC5F3500712345 /* Release */ = {
			isa = XCBuildConfiguration;
			buildSettings = {
				DEVELOPMENT_TEAM = 97JCY7859U;
				PRODUCT_NAME = "$(TARGET_NAME)";
			};
			name = Release;
		};
		6327C5E51EB8A783004E799B /* Debug */ = {
			isa = XCBuildConfiguration;
			buildSettings = {
				ALWAYS_SEARCH_USER_PATHS = NO;
				CLANG_ANALYZER_NONNULL = YES;
				CLANG_ANALYZER_NUMBER_OBJECT_CONVERSION = YES;
				CLANG_CXX_LANGUAGE_STANDARD = "gnu++0x";
				CLANG_CXX_LIBRARY = "libc++";
				CLANG_ENABLE_MODULES = YES;
				CLANG_ENABLE_OBJC_ARC = YES;
				CLANG_WARN_BOOL_CONVERSION = "$(CLANG_WARN_SUSPICIOUS_IMPLICIT_CONVERSION)";
				CLANG_WARN_CONSTANT_CONVERSION = "$(CLANG_WARN_SUSPICIOUS_IMPLICIT_CONVERSION)";
				CLANG_WARN_DIRECT_OBJC_ISA_USAGE = YES_ERROR;
				CLANG_WARN_DOCUMENTATION_COMMENTS = YES;
				CLANG_WARN_EMPTY_BODY = YES;
				CLANG_WARN_ENUM_CONVERSION = "$(CLANG_WARN_SUSPICIOUS_IMPLICIT_CONVERSION)";
				CLANG_WARN_INFINITE_RECURSION = YES;
				CLANG_WARN_INT_CONVERSION = "$(CLANG_WARN_SUSPICIOUS_IMPLICIT_CONVERSION)";
				CLANG_WARN_OBJC_ROOT_CLASS = YES_ERROR;
				CLANG_WARN_SUSPICIOUS_MOVE = YES;
				CLANG_WARN_UNREACHABLE_CODE = YES;
				CLANG_WARN__DUPLICATE_METHOD_MATCH = YES;
				"CODE_SIGN_IDENTITY[sdk=iphoneos*]" = "iPhone Developer";
				COPY_PHASE_STRIP = NO;
				CURRENT_PROJECT_VERSION = "";
				DEBUG_INFORMATION_FORMAT = dwarf;
				ENABLE_STRICT_OBJC_MSGSEND = YES;
				ENABLE_TESTABILITY = YES;
				GCC_C_LANGUAGE_STANDARD = gnu99;
				GCC_DYNAMIC_NO_PIC = NO;
				GCC_NO_COMMON_BLOCKS = YES;
				GCC_OPTIMIZATION_LEVEL = 0;
				GCC_PREPROCESSOR_DEFINITIONS = (
					"DEBUG=1",
					"$(inherited)",
				);
				GCC_WARN_64_TO_32_BIT_CONVERSION = NO;
				GCC_WARN_ABOUT_RETURN_TYPE = YES_ERROR;
				GCC_WARN_UNDECLARED_SELECTOR = YES;
				GCC_WARN_UNINITIALIZED_AUTOS = YES_AGGRESSIVE;
				GCC_WARN_UNUSED_FUNCTION = YES;
				GCC_WARN_UNUSED_VARIABLE = YES;
				IPHONEOS_DEPLOYMENT_TARGET = 8.0;
				MTL_ENABLE_DEBUG_INFO = YES;
				ONLY_ACTIVE_ARCH = YES;
				SDKROOT = iphoneos;
				TARGETED_DEVICE_FAMILY = "1,2";
				VERSIONING_SYSTEM = "";
				VERSION_INFO_PREFIX = "";
			};
			name = Debug;
		};
		6327C5E61EB8A783004E799B /* Release */ = {
			isa = XCBuildConfiguration;
			buildSettings = {
				ALWAYS_SEARCH_USER_PATHS = NO;
				CLANG_ANALYZER_NONNULL = YES;
				CLANG_ANALYZER_NUMBER_OBJECT_CONVERSION = YES;
				CLANG_CXX_LANGUAGE_STANDARD = "gnu++0x";
				CLANG_CXX_LIBRARY = "libc++";
				CLANG_ENABLE_MODULES = YES;
				CLANG_ENABLE_OBJC_ARC = YES;
				CLANG_WARN_BOOL_CONVERSION = "$(CLANG_WARN_SUSPICIOUS_IMPLICIT_CONVERSION)";
				CLANG_WARN_CONSTANT_CONVERSION = "$(CLANG_WARN_SUSPICIOUS_IMPLICIT_CONVERSION)";
				CLANG_WARN_DIRECT_OBJC_ISA_USAGE = YES_ERROR;
				CLANG_WARN_DOCUMENTATION_COMMENTS = YES;
				CLANG_WARN_EMPTY_BODY = YES;
				CLANG_WARN_ENUM_CONVERSION = "$(CLANG_WARN_SUSPICIOUS_IMPLICIT_CONVERSION)";
				CLANG_WARN_INFINITE_RECURSION = YES;
				CLANG_WARN_INT_CONVERSION = "$(CLANG_WARN_SUSPICIOUS_IMPLICIT_CONVERSION)";
				CLANG_WARN_OBJC_ROOT_CLASS = YES_ERROR;
				CLANG_WARN_SUSPICIOUS_MOVE = YES;
				CLANG_WARN_UNREACHABLE_CODE = YES;
				CLANG_WARN__DUPLICATE_METHOD_MATCH = YES;
				"CODE_SIGN_IDENTITY[sdk=iphoneos*]" = "iPhone Developer";
				COPY_PHASE_STRIP = NO;
				CURRENT_PROJECT_VERSION = "";
				DEBUG_INFORMATION_FORMAT = "dwarf-with-dsym";
				ENABLE_NS_ASSERTIONS = NO;
				ENABLE_STRICT_OBJC_MSGSEND = YES;
				GCC_C_LANGUAGE_STANDARD = gnu99;
				GCC_NO_COMMON_BLOCKS = YES;
				GCC_WARN_64_TO_32_BIT_CONVERSION = NO;
				GCC_WARN_ABOUT_RETURN_TYPE = YES_ERROR;
				GCC_WARN_UNDECLARED_SELECTOR = YES;
				GCC_WARN_UNINITIALIZED_AUTOS = YES_AGGRESSIVE;
				GCC_WARN_UNUSED_FUNCTION = YES;
				GCC_WARN_UNUSED_VARIABLE = YES;
				IPHONEOS_DEPLOYMENT_TARGET = 8.0;
				MTL_ENABLE_DEBUG_INFO = NO;
				SDKROOT = iphoneos;
				TARGETED_DEVICE_FAMILY = "1,2";
				VALIDATE_PRODUCT = YES;
				VERSIONING_SYSTEM = "";
				VERSION_INFO_PREFIX = "";
			};
			name = Release;
		};
		63AA75A11EB8AEF500D153DE /* Debug */ = {
			isa = XCBuildConfiguration;
			baseConfigurationReference = 63AA75C51EB8B00100D153DE /* Sentry.xcconfig */;
			buildSettings = {
				CLANG_CXX_LANGUAGE_STANDARD = "compiler-default";
				CLANG_CXX_LIBRARY = "compiler-default";
				CODE_SIGN_IDENTITY = "";
				COPY_PHASE_STRIP = YES;
				DEFINES_MODULE = YES;
				DEVELOPMENT_TEAM = "";
				DYLIB_COMPATIBILITY_VERSION = "";
				DYLIB_CURRENT_VERSION = "";
				DYLIB_INSTALL_NAME_BASE = "$(INSTALL_PATH)";
				ENABLE_NS_ASSERTIONS = YES;
				ENABLE_STRICT_OBJC_MSGSEND = NO;
				GCC_C_LANGUAGE_STANDARD = "compiler-default";
				GCC_OPTIMIZATION_LEVEL = 0;
				HEADER_SEARCH_PATHS = "";
				INFOPLIST_FILE = Sources/Sentry/Info.plist;
				INSTALL_PATH = "$(LOCAL_LIBRARY_DIR)/Frameworks";
				LD_DYLIB_INSTALL_NAME = "$(DYLIB_INSTALL_NAME_BASE:standardizepath)/$(EXECUTABLE_PATH)";
				LD_RUNPATH_SEARCH_PATHS = "";
				ONLY_ACTIVE_ARCH = YES;
				PRODUCT_BUNDLE_IDENTIFIER = io.sentry.Sentry;
				PRODUCT_NAME = Sentry;
				SDKROOT = "";
				SKIP_INSTALL = NO;
				USE_HEADERMAP = YES;
			};
			name = Debug;
		};
		63AA75A21EB8AEF500D153DE /* Release */ = {
			isa = XCBuildConfiguration;
			baseConfigurationReference = 63AA75C51EB8B00100D153DE /* Sentry.xcconfig */;
			buildSettings = {
				CLANG_CXX_LANGUAGE_STANDARD = "compiler-default";
				CLANG_CXX_LIBRARY = "compiler-default";
				CODE_SIGN_IDENTITY = "";
				COPY_PHASE_STRIP = YES;
				DEFINES_MODULE = YES;
				DEVELOPMENT_TEAM = "";
				DYLIB_COMPATIBILITY_VERSION = "";
				DYLIB_CURRENT_VERSION = "";
				DYLIB_INSTALL_NAME_BASE = "$(INSTALL_PATH)";
				ENABLE_NS_ASSERTIONS = YES;
				ENABLE_STRICT_OBJC_MSGSEND = NO;
				GCC_C_LANGUAGE_STANDARD = "compiler-default";
				GCC_OPTIMIZATION_LEVEL = s;
				HEADER_SEARCH_PATHS = "";
				INFOPLIST_FILE = Sources/Sentry/Info.plist;
				INSTALL_PATH = "$(LOCAL_LIBRARY_DIR)/Frameworks";
				LD_DYLIB_INSTALL_NAME = "$(DYLIB_INSTALL_NAME_BASE:standardizepath)/$(EXECUTABLE_PATH)";
				LD_RUNPATH_SEARCH_PATHS = "";
				ONLY_ACTIVE_ARCH = NO;
				PRODUCT_BUNDLE_IDENTIFIER = io.sentry.Sentry;
				PRODUCT_NAME = Sentry;
				SDKROOT = "";
				SKIP_INSTALL = NO;
				USE_HEADERMAP = YES;
			};
			name = Release;
		};
		63AA766D1EB8CB2F00D153DE /* Debug */ = {
			isa = XCBuildConfiguration;
			baseConfigurationReference = 63AA76AE1EB9D5CD00D153DE /* SentryTests.xcconfig */;
			buildSettings = {
				CLANG_ANALYZER_NUMBER_OBJECT_CONVERSION = YES_AGGRESSIVE;
				CLANG_ENABLE_MODULES = YES;
				CLANG_WARN_BOOL_CONVERSION = YES;
				CLANG_WARN_CONSTANT_CONVERSION = YES;
				CLANG_WARN_ENUM_CONVERSION = YES;
				CLANG_WARN_INT_CONVERSION = YES;
				DEVELOPMENT_TEAM = 97JCY7859U;
				GCC_WARN_64_TO_32_BIT_CONVERSION = YES;
				INFOPLIST_FILE = Tests/SentryTests/Info.plist;
				IPHONEOS_DEPLOYMENT_TARGET = 10.3;
				LD_RUNPATH_SEARCH_PATHS = "$(inherited) @executable_path/Frameworks @loader_path/Frameworks";
				PRODUCT_BUNDLE_IDENTIFIER = io.sentry.Sentry.tests;
				PRODUCT_NAME = "$(TARGET_NAME)";
				SWIFT_OBJC_BRIDGING_HEADER = "";
				SWIFT_OPTIMIZATION_LEVEL = "-Onone";
				SWIFT_VERSION = 3.0;
			};
			name = Debug;
		};
		63AA766E1EB8CB2F00D153DE /* Release */ = {
			isa = XCBuildConfiguration;
			baseConfigurationReference = 63AA76AE1EB9D5CD00D153DE /* SentryTests.xcconfig */;
			buildSettings = {
				CLANG_ANALYZER_NUMBER_OBJECT_CONVERSION = YES_AGGRESSIVE;
				CLANG_ENABLE_MODULES = YES;
				CLANG_WARN_BOOL_CONVERSION = YES;
				CLANG_WARN_CONSTANT_CONVERSION = YES;
				CLANG_WARN_ENUM_CONVERSION = YES;
				CLANG_WARN_INT_CONVERSION = YES;
				DEVELOPMENT_TEAM = 97JCY7859U;
				GCC_WARN_64_TO_32_BIT_CONVERSION = YES;
				INFOPLIST_FILE = Tests/SentryTests/Info.plist;
				IPHONEOS_DEPLOYMENT_TARGET = 10.3;
				LD_RUNPATH_SEARCH_PATHS = "$(inherited) @executable_path/Frameworks @loader_path/Frameworks";
				PRODUCT_BUNDLE_IDENTIFIER = io.sentry.Sentry.tests;
				PRODUCT_NAME = "$(TARGET_NAME)";
				SWIFT_OBJC_BRIDGING_HEADER = "";
				SWIFT_VERSION = 3.0;
			};
			name = Release;
		};
		63AA76C81EB9ED8E00D153DE /* Debug */ = {
			isa = XCBuildConfiguration;
			baseConfigurationReference = 63AA75C91EB8B08D00D153DE /* SentrySwift.xcconfig */;
			buildSettings = {
				CLANG_ANALYZER_NUMBER_OBJECT_CONVERSION = YES_AGGRESSIVE;
				CLANG_ENABLE_MODULES = YES;
				CLANG_WARN_BOOL_CONVERSION = YES;
				CLANG_WARN_CONSTANT_CONVERSION = YES;
				CLANG_WARN_ENUM_CONVERSION = YES;
				CLANG_WARN_INT_CONVERSION = YES;
				CODE_SIGN_IDENTITY = "";
				CURRENT_PROJECT_VERSION = 1;
				DEFINES_MODULE = YES;
				DEVELOPMENT_TEAM = 97JCY7859U;
				DYLIB_COMPATIBILITY_VERSION = 1;
				DYLIB_CURRENT_VERSION = 1;
				DYLIB_INSTALL_NAME_BASE = "@rpath";
				GCC_WARN_64_TO_32_BIT_CONVERSION = YES;
				INFOPLIST_FILE = Sources/SentrySwift/Info.plist;
				INSTALL_PATH = "$(LOCAL_LIBRARY_DIR)/Frameworks";
				IPHONEOS_DEPLOYMENT_TARGET = 10.3;
				LD_RUNPATH_SEARCH_PATHS = "$(inherited) @executable_path/Frameworks @loader_path/Frameworks";
				PRODUCT_BUNDLE_IDENTIFIER = io.sentry.SentrySwift;
				PRODUCT_NAME = "$(TARGET_NAME)";
				SDKROOT = "";
				SKIP_INSTALL = YES;
				SWIFT_ACTIVE_COMPILATION_CONDITIONS = DEBUG;
				SWIFT_OPTIMIZATION_LEVEL = "-Onone";
				SWIFT_VERSION = 3.0;
				VERSIONING_SYSTEM = "apple-generic";
			};
			name = Debug;
		};
		63AA76C91EB9ED8E00D153DE /* Release */ = {
			isa = XCBuildConfiguration;
			baseConfigurationReference = 63AA75C91EB8B08D00D153DE /* SentrySwift.xcconfig */;
			buildSettings = {
				CLANG_ANALYZER_NUMBER_OBJECT_CONVERSION = YES_AGGRESSIVE;
				CLANG_ENABLE_MODULES = YES;
				CLANG_WARN_BOOL_CONVERSION = YES;
				CLANG_WARN_CONSTANT_CONVERSION = YES;
				CLANG_WARN_ENUM_CONVERSION = YES;
				CLANG_WARN_INT_CONVERSION = YES;
				CODE_SIGN_IDENTITY = "";
				CURRENT_PROJECT_VERSION = 1;
				DEFINES_MODULE = YES;
				DEVELOPMENT_TEAM = 97JCY7859U;
				DYLIB_COMPATIBILITY_VERSION = 1;
				DYLIB_CURRENT_VERSION = 1;
				DYLIB_INSTALL_NAME_BASE = "@rpath";
				GCC_WARN_64_TO_32_BIT_CONVERSION = YES;
				INFOPLIST_FILE = Sources/SentrySwift/Info.plist;
				INSTALL_PATH = "$(LOCAL_LIBRARY_DIR)/Frameworks";
				IPHONEOS_DEPLOYMENT_TARGET = 10.3;
				LD_RUNPATH_SEARCH_PATHS = "$(inherited) @executable_path/Frameworks @loader_path/Frameworks";
				PRODUCT_BUNDLE_IDENTIFIER = io.sentry.SentrySwift;
				PRODUCT_NAME = "$(TARGET_NAME)";
				SDKROOT = "";
				SKIP_INSTALL = YES;
				SWIFT_OPTIMIZATION_LEVEL = "-Owholemodule";
				SWIFT_VERSION = 3.0;
				VERSIONING_SYSTEM = "apple-generic";
			};
			name = Release;
		};
		63AA76CB1EB9ED8E00D153DE /* Debug */ = {
			isa = XCBuildConfiguration;
			baseConfigurationReference = 63AA76AB1EB9D5CD00D153DE /* SentrySwiftTests.xcconfig */;
			buildSettings = {
				ALWAYS_EMBED_SWIFT_STANDARD_LIBRARIES = YES;
				CLANG_ANALYZER_NUMBER_OBJECT_CONVERSION = YES_AGGRESSIVE;
				CLANG_WARN_BOOL_CONVERSION = YES;
				CLANG_WARN_CONSTANT_CONVERSION = YES;
				CLANG_WARN_ENUM_CONVERSION = YES;
				CLANG_WARN_INT_CONVERSION = YES;
				DEVELOPMENT_TEAM = 97JCY7859U;
				GCC_WARN_64_TO_32_BIT_CONVERSION = YES;
				INFOPLIST_FILE = Tests/SentrySwiftTests/Info.plist;
				IPHONEOS_DEPLOYMENT_TARGET = 10.3;
				LD_RUNPATH_SEARCH_PATHS = "$(inherited) @executable_path/Frameworks @loader_path/Frameworks";
				PRODUCT_BUNDLE_IDENTIFIER = io.sentry.SentrySwiftTests;
				PRODUCT_NAME = "$(TARGET_NAME)";
				SWIFT_ACTIVE_COMPILATION_CONDITIONS = DEBUG;
				SWIFT_OPTIMIZATION_LEVEL = "-Onone";
				SWIFT_VERSION = 3.0;
			};
			name = Debug;
		};
		63AA76CC1EB9ED8E00D153DE /* Release */ = {
			isa = XCBuildConfiguration;
			baseConfigurationReference = 63AA76AB1EB9D5CD00D153DE /* SentrySwiftTests.xcconfig */;
			buildSettings = {
				ALWAYS_EMBED_SWIFT_STANDARD_LIBRARIES = YES;
				CLANG_ANALYZER_NUMBER_OBJECT_CONVERSION = YES_AGGRESSIVE;
				CLANG_WARN_BOOL_CONVERSION = YES;
				CLANG_WARN_CONSTANT_CONVERSION = YES;
				CLANG_WARN_ENUM_CONVERSION = YES;
				CLANG_WARN_INT_CONVERSION = YES;
				DEVELOPMENT_TEAM = 97JCY7859U;
				GCC_WARN_64_TO_32_BIT_CONVERSION = YES;
				INFOPLIST_FILE = Tests/SentrySwiftTests/Info.plist;
				IPHONEOS_DEPLOYMENT_TARGET = 10.3;
				LD_RUNPATH_SEARCH_PATHS = "$(inherited) @executable_path/Frameworks @loader_path/Frameworks";
				PRODUCT_BUNDLE_IDENTIFIER = io.sentry.SentrySwiftTests;
				PRODUCT_NAME = "$(TARGET_NAME)";
				SWIFT_OPTIMIZATION_LEVEL = "-Owholemodule";
				SWIFT_VERSION = 3.0;
			};
			name = Release;
		};
/* End XCBuildConfiguration section */

/* Begin XCConfigurationList section */
		631E6D2D1EBC5F3500712345 /* Build configuration list for PBXAggregateTarget "OClint" */ = {
			isa = XCConfigurationList;
			buildConfigurations = (
				631E6D2E1EBC5F3500712345 /* Debug */,
				631E6D2F1EBC5F3500712345 /* Release */,
			);
			defaultConfigurationIsVisible = 0;
			defaultConfigurationName = Release;
		};
		6327C5CD1EB8A783004E799B /* Build configuration list for PBXProject "Sentry" */ = {
			isa = XCConfigurationList;
			buildConfigurations = (
				6327C5E51EB8A783004E799B /* Debug */,
				6327C5E61EB8A783004E799B /* Release */,
			);
			defaultConfigurationIsVisible = 0;
			defaultConfigurationName = Release;
		};
		63AA75A01EB8AEF500D153DE /* Build configuration list for PBXNativeTarget "Sentry" */ = {
			isa = XCConfigurationList;
			buildConfigurations = (
				63AA75A11EB8AEF500D153DE /* Debug */,
				63AA75A21EB8AEF500D153DE /* Release */,
			);
			defaultConfigurationIsVisible = 0;
			defaultConfigurationName = Release;
		};
		63AA766F1EB8CB2F00D153DE /* Build configuration list for PBXNativeTarget "SentryTests" */ = {
			isa = XCConfigurationList;
			buildConfigurations = (
				63AA766D1EB8CB2F00D153DE /* Debug */,
				63AA766E1EB8CB2F00D153DE /* Release */,
			);
			defaultConfigurationIsVisible = 0;
			defaultConfigurationName = Release;
		};
		63AA76C71EB9ED8E00D153DE /* Build configuration list for PBXNativeTarget "SentrySwift" */ = {
			isa = XCConfigurationList;
			buildConfigurations = (
				63AA76C81EB9ED8E00D153DE /* Debug */,
				63AA76C91EB9ED8E00D153DE /* Release */,
			);
			defaultConfigurationIsVisible = 0;
			defaultConfigurationName = Release;
		};
		63AA76CA1EB9ED8E00D153DE /* Build configuration list for PBXNativeTarget "SentrySwiftTests" */ = {
			isa = XCConfigurationList;
			buildConfigurations = (
				63AA76CB1EB9ED8E00D153DE /* Debug */,
				63AA76CC1EB9ED8E00D153DE /* Release */,
			);
			defaultConfigurationIsVisible = 0;
			defaultConfigurationName = Release;
		};
/* End XCConfigurationList section */
	};
	rootObject = 6327C5CA1EB8A783004E799B /* Project object */;
}
